
Microsoft Visual Studio Solution File, Format Version 12.00
# Visual Studio 14
VisualStudioVersion = 14.0.23107.0
MinimumVisualStudioVersion = 10.0.40219.1
Project("{2150E333-8FDC-42A3-9474-1A3956D46DE8}") = "src", "src", "{B57641CE-55FF-4C0C-8D02-8C5B9E003DBC}"
EndProject
Project("{2150E333-8FDC-42A3-9474-1A3956D46DE8}") = "Solution Items", "Solution Items", "{C352132C-24CD-424E-B13F-144C04611D85}"
	ProjectSection(SolutionItems) = preProject
		global.json = global.json
		NuGet.Config = NuGet.Config
	EndProjectSection
EndProject
Project("{8BB2217D-0F2D-49D1-97BC-3654ED321F3B}") = "Ethereum.RPC", "src\Ethereum.RPC\Ethereum.RPC.xproj", "{D127B70B-FDD2-4057-AAFE-989CDA1B8E51}"
EndProject
Project("{8BB2217D-0F2D-49D1-97BC-3654ED321F3B}") = "RPCRequestResponseHandlers", "src\RPCRequestResponseHandlers\RPCRequestResponseHandlers.xproj", "{84A6BAA7-32B3-4D99-9280-87023BFF0A5B}"
EndProject
Project("{8BB2217D-0F2D-49D1-97BC-3654ED321F3B}") = "Ethereum.RPC.Sample", "src\Ethereum.RPC.Sample\Ethereum.RPC.Sample.xproj", "{A4400086-32C9-4726-89D5-23EA3A450262}"
EndProject
Project("{FAE04EC0-301F-11D3-BF4B-00C04F79EFBC}") = "Ethereum.RPC.Sample.Net45", "Ethereum.RPC.Sample.Net45\Ethereum.RPC.Sample.Net45.csproj", "{4CA992D2-9A82-46B1-AE7E-F4E47156A71C}"
EndProject
Global
	GlobalSection(SolutionConfigurationPlatforms) = preSolution
		Debug|Any CPU = Debug|Any CPU
		Release|Any CPU = Release|Any CPU
	EndGlobalSection
	GlobalSection(ProjectConfigurationPlatforms) = postSolution
		{D127B70B-FDD2-4057-AAFE-989CDA1B8E51}.Debug|Any CPU.ActiveCfg = Debug|Any CPU
		{D127B70B-FDD2-4057-AAFE-989CDA1B8E51}.Debug|Any CPU.Build.0 = Debug|Any CPU
		{D127B70B-FDD2-4057-AAFE-989CDA1B8E51}.Release|Any CPU.ActiveCfg = Release|Any CPU
		{D127B70B-FDD2-4057-AAFE-989CDA1B8E51}.Release|Any CPU.Build.0 = Release|Any CPU
		{84A6BAA7-32B3-4D99-9280-87023BFF0A5B}.Debug|Any CPU.ActiveCfg = Debug|Any CPU
		{84A6BAA7-32B3-4D99-9280-87023BFF0A5B}.Debug|Any CPU.Build.0 = Debug|Any CPU
		{84A6BAA7-32B3-4D99-9280-87023BFF0A5B}.Release|Any CPU.ActiveCfg = Release|Any CPU
		{84A6BAA7-32B3-4D99-9280-87023BFF0A5B}.Release|Any CPU.Build.0 = Release|Any CPU
		{A4400086-32C9-4726-89D5-23EA3A450262}.Debug|Any CPU.ActiveCfg = Debug|Any CPU
		{A4400086-32C9-4726-89D5-23EA3A450262}.Debug|Any CPU.Build.0 = Debug|Any CPU
		{A4400086-32C9-4726-89D5-23EA3A450262}.Release|Any CPU.ActiveCfg = Release|Any CPU
		{A4400086-32C9-4726-89D5-23EA3A450262}.Release|Any CPU.Build.0 = Release|Any CPU
		{4CA992D2-9A82-46B1-AE7E-F4E47156A71C}.Debug|Any CPU.ActiveCfg = Debug|Any CPU
		{4CA992D2-9A82-46B1-AE7E-F4E47156A71C}.Debug|Any CPU.Build.0 = Debug|Any CPU
		{4CA992D2-9A82-46B1-AE7E-F4E47156A71C}.Release|Any CPU.ActiveCfg = Release|Any CPU
		{4CA992D2-9A82-46B1-AE7E-F4E47156A71C}.Release|Any CPU.Build.0 = Release|Any CPU
	EndGlobalSection
	GlobalSection(SolutionProperties) = preSolution
		HideSolutionNode = FALSE
	EndGlobalSection
	GlobalSection(NestedProjects) = preSolution
		{D127B70B-FDD2-4057-AAFE-989CDA1B8E51} = {B57641CE-55FF-4C0C-8D02-8C5B9E003DBC}
		{84A6BAA7-32B3-4D99-9280-87023BFF0A5B} = {B57641CE-55FF-4C0C-8D02-8C5B9E003DBC}
		{A4400086-32C9-4726-89D5-23EA3A450262} = {B57641CE-55FF-4C0C-8D02-8C5B9E003DBC}
		{4CA992D2-9A82-46B1-AE7E-F4E47156A71C} = {B57641CE-55FF-4C0C-8D02-8C5B9E003DBC}
	EndGlobalSection
EndGlobal
