
Microsoft Visual Studio Solution File, Format Version 12.00
# Visual Studio Version 16
VisualStudioVersion = 16.0.28711.60
MinimumVisualStudioVersion = 10.0.40219.1
Project("{2150E333-8FDC-42A3-9474-1A3956D46DE8}") = "src", "src", "{962EC435-6130-4B75-BAC1-12323B067443}"
EndProject
Project("{9A19103F-16F7-4668-BE54-9A1E7A4F7556}") = "Nethereum.Generator.Console", "src\Nethereum.Generator.Console\Nethereum.Generator.Console.csproj", "{5A9F1DA7-7931-4869-8E3A-B2F26DBFC303}"
EndProject
Project("{9A19103F-16F7-4668-BE54-9A1E7A4F7556}") = "Nethereum.Generators.UnitTests", "src\Nethereum.Generators.UnitTests\Nethereum.Generators.UnitTests.csproj", "{FEE250FE-8115-4D48-8517-7FA556E0B554}"
EndProject
Project("{9A19103F-16F7-4668-BE54-9A1E7A4F7556}") = "Nethereum.Generators", "src\Nethereum.Generators\Nethereum.Generators.csproj", "{C289A9F5-C810-4EB9-A04F-7CB5429A7A3B}"
EndProject
Project("{FAE04EC0-301F-11D3-BF4B-00C04F79EFBC}") = "Nethereum.Generators.DuoCode", "src\Nethereum.Generators.DuoCode\Nethereum.Generators.DuoCode.csproj", "{EB8AD30C-1914-42C9-9E10-A810B2CA296B}"
EndProject
Project("{FAE04EC0-301F-11D3-BF4B-00C04F79EFBC}") = "Nethereum.Generators.BuildDuoProjectFile", "src\Nethereum.Generators.BuildDuoProjectFile\Nethereum.Generators.BuildDuoProjectFile.csproj", "{A1EF670F-8721-4D11-A65B-1741B60E29C1}"
EndProject
Project("{9A19103F-16F7-4668-BE54-9A1E7A4F7556}") = "Nethereum.Generators.Net", "src\Nethereum.Generators.Net\Nethereum.Generators.Net.csproj", "{1A5F9C48-B80F-499F-BC85-7594F7C7A4E4}"
EndProject
Project("{9A19103F-16F7-4668-BE54-9A1E7A4F7556}") = "Nethereum.Generators.Desktop", "src\Nethereum.Generators.Desktop\Nethereum.Generators.Desktop\Nethereum.Generators.Desktop.csproj", "{0874565B-E01E-44F8-B930-78E51842D7E4}"
EndProject
Project("{9A19103F-16F7-4668-BE54-9A1E7A4F7556}") = "Nethereum.Generators.Desktop.UI", "src\Nethereum.Generators.Desktop\Nethereum.Generators.Desktop.Desktop\Nethereum.Generators.Desktop.UI.csproj", "{8661B52B-036C-46D2-BE63-382E48F0AFFF}"
EndProject
Project("{FAE04EC0-301F-11D3-BF4B-00C04F79EFBC}") = "Nethereum.Generators.Desktop.XamMac", "src\Nethereum.Generators.Desktop\Nethereum.Generators.Desktop.XamMac\Nethereum.Generators.Desktop.XamMac.csproj", "{F3EBAE07-D97F-4BA8-8179-2E0C78DF4CC9}"
EndProject
Project("{9092AA53-FB77-4645-B42D-1CCCA6BD08BD}") = "nethereum-codegen", "src\Nethereum.Generators.JavaScript\nethereum-codegen.njsproj", "{03DBBE19-48CF-4164-B972-E2646BFA9E9B}"
EndProject
Project("{9A19103F-16F7-4668-BE54-9A1E7A4F7556}") = "Nethereum.Generators.Desktop.Core", "src\Nethereum.Generators.Desktop.Core\Nethereum.Generators.Desktop.Core.csproj", "{028702B8-D508-4FDE-BA94-72F89DEDB763}"
EndProject
Project("{9A19103F-16F7-4668-BE54-9A1E7A4F7556}") = "Nethereum.Generators.Plugin.UnitTestLib", "src\Nethereum.Generators.Plugin.UnitTestLib\Nethereum.Generators.Plugin.UnitTestLib.csproj", "{7954A487-9386-4826-82A5-6812DC99F605}"
EndProject
Project("{9A19103F-16F7-4668-BE54-9A1E7A4F7556}") = "Nethereum.Generator.Console.UnitTests", "src\Nethereum.Generator.Console.UnitTests\Nethereum.Generator.Console.UnitTests.csproj", "{8C826F21-786D-4D52-B645-613D2F804452}"
EndProject
Project("{9A19103F-16F7-4668-BE54-9A1E7A4F7556}") = "Nethereum.Generators.IntegrationTests", "src\Nethereum.Generators.IntegrationTests\Nethereum.Generators.IntegrationTests.csproj", "{F4CD9527-23C9-4314-9A39-09DD20FC16F8}"
EndProject
Project("{9A19103F-16F7-4668-BE54-9A1E7A4F7556}") = "Nethereum.Generators.Tests.Common", "src\Nethereum.Generators.Tests.Common\Nethereum.Generators.Tests.Common.csproj", "{8C9533E5-3F57-4E29-9D6F-F772D821871B}"
EndProject
Project("{9A19103F-16F7-4668-BE54-9A1E7A4F7556}") = "Nethereum.Generators.ProtocolBuffers", "src\Nethereum.Generators.ProtocolBuffers\Nethereum.Generators.ProtocolBuffers.csproj", "{656B0C1A-552B-4F5E-9E77-E1F5354AC432}"
EndProject
Project("{9A19103F-16F7-4668-BE54-9A1E7A4F7556}") = "Nethereum.Generators.ProtocolBuffers.Net", "src\Nethereum.Generators.ProtocolBuffers.Net\Nethereum.Generators.ProtocolBuffers.Net.csproj", "{24820AE7-D553-4802-A673-789BE7BFC4E7}"
EndProject
Project("{9A19103F-16F7-4668-BE54-9A1E7A4F7556}") = "Nethereum.Generators.ProtocolBuffers.UnitTests", "src\Nethereum.Generators.ProtocolBuffers.UnitTests\Nethereum.Generators.ProtocolBuffers.UnitTests.csproj", "{B3264F2D-6F87-48C1-9A7F-00A24315EC0E}"
EndProject
Project("{9A19103F-16F7-4668-BE54-9A1E7A4F7556}") = "Nethereum.Autogen.ContractApi", "src\Nethereum.Autogen.ContractApi\Nethereum.Autogen.ContractApi.csproj", "{286EE65A-B485-4D49-B55D-6517A7758362}"
EndProject
Global
	GlobalSection(SolutionConfigurationPlatforms) = preSolution
		Debug|Any CPU = Debug|Any CPU
		Debug|ARM = Debug|ARM
		Debug|x64 = Debug|x64
		Debug|x86 = Debug|x86
		Release|Any CPU = Release|Any CPU
		Release|ARM = Release|ARM
		Release|x64 = Release|x64
		Release|x86 = Release|x86
	EndGlobalSection
	GlobalSection(ProjectConfigurationPlatforms) = postSolution
		{5A9F1DA7-7931-4869-8E3A-B2F26DBFC303}.Debug|Any CPU.ActiveCfg = Debug|Any CPU
		{5A9F1DA7-7931-4869-8E3A-B2F26DBFC303}.Debug|Any CPU.Build.0 = Debug|Any CPU
		{5A9F1DA7-7931-4869-8E3A-B2F26DBFC303}.Debug|ARM.ActiveCfg = Debug|Any CPU
		{5A9F1DA7-7931-4869-8E3A-B2F26DBFC303}.Debug|ARM.Build.0 = Debug|Any CPU
		{5A9F1DA7-7931-4869-8E3A-B2F26DBFC303}.Debug|x64.ActiveCfg = Debug|Any CPU
		{5A9F1DA7-7931-4869-8E3A-B2F26DBFC303}.Debug|x64.Build.0 = Debug|Any CPU
		{5A9F1DA7-7931-4869-8E3A-B2F26DBFC303}.Debug|x86.ActiveCfg = Debug|Any CPU
		{5A9F1DA7-7931-4869-8E3A-B2F26DBFC303}.Debug|x86.Build.0 = Debug|Any CPU
		{5A9F1DA7-7931-4869-8E3A-B2F26DBFC303}.Release|Any CPU.ActiveCfg = Release|Any CPU
		{5A9F1DA7-7931-4869-8E3A-B2F26DBFC303}.Release|Any CPU.Build.0 = Release|Any CPU
		{5A9F1DA7-7931-4869-8E3A-B2F26DBFC303}.Release|ARM.ActiveCfg = Release|Any CPU
		{5A9F1DA7-7931-4869-8E3A-B2F26DBFC303}.Release|ARM.Build.0 = Release|Any CPU
		{5A9F1DA7-7931-4869-8E3A-B2F26DBFC303}.Release|x64.ActiveCfg = Release|Any CPU
		{5A9F1DA7-7931-4869-8E3A-B2F26DBFC303}.Release|x64.Build.0 = Release|Any CPU
		{5A9F1DA7-7931-4869-8E3A-B2F26DBFC303}.Release|x86.ActiveCfg = Release|Any CPU
		{5A9F1DA7-7931-4869-8E3A-B2F26DBFC303}.Release|x86.Build.0 = Release|Any CPU
		{FEE250FE-8115-4D48-8517-7FA556E0B554}.Debug|Any CPU.ActiveCfg = Debug|Any CPU
		{FEE250FE-8115-4D48-8517-7FA556E0B554}.Debug|Any CPU.Build.0 = Debug|Any CPU
		{FEE250FE-8115-4D48-8517-7FA556E0B554}.Debug|ARM.ActiveCfg = Debug|Any CPU
		{FEE250FE-8115-4D48-8517-7FA556E0B554}.Debug|ARM.Build.0 = Debug|Any CPU
		{FEE250FE-8115-4D48-8517-7FA556E0B554}.Debug|x64.ActiveCfg = Debug|Any CPU
		{FEE250FE-8115-4D48-8517-7FA556E0B554}.Debug|x64.Build.0 = Debug|Any CPU
		{FEE250FE-8115-4D48-8517-7FA556E0B554}.Debug|x86.ActiveCfg = Debug|Any CPU
		{FEE250FE-8115-4D48-8517-7FA556E0B554}.Debug|x86.Build.0 = Debug|Any CPU
		{FEE250FE-8115-4D48-8517-7FA556E0B554}.Release|Any CPU.ActiveCfg = Release|Any CPU
		{FEE250FE-8115-4D48-8517-7FA556E0B554}.Release|Any CPU.Build.0 = Release|Any CPU
		{FEE250FE-8115-4D48-8517-7FA556E0B554}.Release|ARM.ActiveCfg = Release|Any CPU
		{FEE250FE-8115-4D48-8517-7FA556E0B554}.Release|ARM.Build.0 = Release|Any CPU
		{FEE250FE-8115-4D48-8517-7FA556E0B554}.Release|x64.ActiveCfg = Release|Any CPU
		{FEE250FE-8115-4D48-8517-7FA556E0B554}.Release|x64.Build.0 = Release|Any CPU
		{FEE250FE-8115-4D48-8517-7FA556E0B554}.Release|x86.ActiveCfg = Release|Any CPU
		{FEE250FE-8115-4D48-8517-7FA556E0B554}.Release|x86.Build.0 = Release|Any CPU
		{C289A9F5-C810-4EB9-A04F-7CB5429A7A3B}.Debug|Any CPU.ActiveCfg = Debug|Any CPU
		{C289A9F5-C810-4EB9-A04F-7CB5429A7A3B}.Debug|Any CPU.Build.0 = Debug|Any CPU
		{C289A9F5-C810-4EB9-A04F-7CB5429A7A3B}.Debug|ARM.ActiveCfg = Debug|Any CPU
		{C289A9F5-C810-4EB9-A04F-7CB5429A7A3B}.Debug|ARM.Build.0 = Debug|Any CPU
		{C289A9F5-C810-4EB9-A04F-7CB5429A7A3B}.Debug|x64.ActiveCfg = Debug|Any CPU
		{C289A9F5-C810-4EB9-A04F-7CB5429A7A3B}.Debug|x64.Build.0 = Debug|Any CPU
		{C289A9F5-C810-4EB9-A04F-7CB5429A7A3B}.Debug|x86.ActiveCfg = Debug|Any CPU
		{C289A9F5-C810-4EB9-A04F-7CB5429A7A3B}.Debug|x86.Build.0 = Debug|Any CPU
		{C289A9F5-C810-4EB9-A04F-7CB5429A7A3B}.Release|Any CPU.ActiveCfg = Release|Any CPU
		{C289A9F5-C810-4EB9-A04F-7CB5429A7A3B}.Release|Any CPU.Build.0 = Release|Any CPU
		{C289A9F5-C810-4EB9-A04F-7CB5429A7A3B}.Release|ARM.ActiveCfg = Release|Any CPU
		{C289A9F5-C810-4EB9-A04F-7CB5429A7A3B}.Release|ARM.Build.0 = Release|Any CPU
		{C289A9F5-C810-4EB9-A04F-7CB5429A7A3B}.Release|x64.ActiveCfg = Release|Any CPU
		{C289A9F5-C810-4EB9-A04F-7CB5429A7A3B}.Release|x64.Build.0 = Release|Any CPU
		{C289A9F5-C810-4EB9-A04F-7CB5429A7A3B}.Release|x86.ActiveCfg = Release|Any CPU
		{C289A9F5-C810-4EB9-A04F-7CB5429A7A3B}.Release|x86.Build.0 = Release|Any CPU
		{EB8AD30C-1914-42C9-9E10-A810B2CA296B}.Debug|Any CPU.ActiveCfg = Debug|Any CPU
		{EB8AD30C-1914-42C9-9E10-A810B2CA296B}.Debug|Any CPU.Build.0 = Debug|Any CPU
		{EB8AD30C-1914-42C9-9E10-A810B2CA296B}.Debug|ARM.ActiveCfg = Debug|Any CPU
		{EB8AD30C-1914-42C9-9E10-A810B2CA296B}.Debug|ARM.Build.0 = Debug|Any CPU
		{EB8AD30C-1914-42C9-9E10-A810B2CA296B}.Debug|x64.ActiveCfg = Debug|Any CPU
		{EB8AD30C-1914-42C9-9E10-A810B2CA296B}.Debug|x64.Build.0 = Debug|Any CPU
		{EB8AD30C-1914-42C9-9E10-A810B2CA296B}.Debug|x86.ActiveCfg = Debug|Any CPU
		{EB8AD30C-1914-42C9-9E10-A810B2CA296B}.Debug|x86.Build.0 = Debug|Any CPU
		{EB8AD30C-1914-42C9-9E10-A810B2CA296B}.Release|Any CPU.ActiveCfg = Release|Any CPU
		{EB8AD30C-1914-42C9-9E10-A810B2CA296B}.Release|Any CPU.Build.0 = Release|Any CPU
		{EB8AD30C-1914-42C9-9E10-A810B2CA296B}.Release|ARM.ActiveCfg = Release|Any CPU
		{EB8AD30C-1914-42C9-9E10-A810B2CA296B}.Release|ARM.Build.0 = Release|Any CPU
		{EB8AD30C-1914-42C9-9E10-A810B2CA296B}.Release|x64.ActiveCfg = Release|Any CPU
		{EB8AD30C-1914-42C9-9E10-A810B2CA296B}.Release|x64.Build.0 = Release|Any CPU
		{EB8AD30C-1914-42C9-9E10-A810B2CA296B}.Release|x86.ActiveCfg = Release|Any CPU
		{EB8AD30C-1914-42C9-9E10-A810B2CA296B}.Release|x86.Build.0 = Release|Any CPU
		{A1EF670F-8721-4D11-A65B-1741B60E29C1}.Debug|Any CPU.ActiveCfg = Debug|Any CPU
		{A1EF670F-8721-4D11-A65B-1741B60E29C1}.Debug|Any CPU.Build.0 = Debug|Any CPU
		{A1EF670F-8721-4D11-A65B-1741B60E29C1}.Debug|ARM.ActiveCfg = Debug|Any CPU
		{A1EF670F-8721-4D11-A65B-1741B60E29C1}.Debug|ARM.Build.0 = Debug|Any CPU
		{A1EF670F-8721-4D11-A65B-1741B60E29C1}.Debug|x64.ActiveCfg = Debug|Any CPU
		{A1EF670F-8721-4D11-A65B-1741B60E29C1}.Debug|x64.Build.0 = Debug|Any CPU
		{A1EF670F-8721-4D11-A65B-1741B60E29C1}.Debug|x86.ActiveCfg = Debug|Any CPU
		{A1EF670F-8721-4D11-A65B-1741B60E29C1}.Debug|x86.Build.0 = Debug|Any CPU
		{A1EF670F-8721-4D11-A65B-1741B60E29C1}.Release|Any CPU.ActiveCfg = Release|Any CPU
		{A1EF670F-8721-4D11-A65B-1741B60E29C1}.Release|Any CPU.Build.0 = Release|Any CPU
		{A1EF670F-8721-4D11-A65B-1741B60E29C1}.Release|ARM.ActiveCfg = Release|Any CPU
		{A1EF670F-8721-4D11-A65B-1741B60E29C1}.Release|ARM.Build.0 = Release|Any CPU
		{A1EF670F-8721-4D11-A65B-1741B60E29C1}.Release|x64.ActiveCfg = Release|Any CPU
		{A1EF670F-8721-4D11-A65B-1741B60E29C1}.Release|x64.Build.0 = Release|Any CPU
		{A1EF670F-8721-4D11-A65B-1741B60E29C1}.Release|x86.ActiveCfg = Release|Any CPU
		{A1EF670F-8721-4D11-A65B-1741B60E29C1}.Release|x86.Build.0 = Release|Any CPU
		{1A5F9C48-B80F-499F-BC85-7594F7C7A4E4}.Debug|Any CPU.ActiveCfg = Debug|Any CPU
		{1A5F9C48-B80F-499F-BC85-7594F7C7A4E4}.Debug|Any CPU.Build.0 = Debug|Any CPU
		{1A5F9C48-B80F-499F-BC85-7594F7C7A4E4}.Debug|ARM.ActiveCfg = Debug|Any CPU
		{1A5F9C48-B80F-499F-BC85-7594F7C7A4E4}.Debug|ARM.Build.0 = Debug|Any CPU
		{1A5F9C48-B80F-499F-BC85-7594F7C7A4E4}.Debug|x64.ActiveCfg = Debug|Any CPU
		{1A5F9C48-B80F-499F-BC85-7594F7C7A4E4}.Debug|x64.Build.0 = Debug|Any CPU
		{1A5F9C48-B80F-499F-BC85-7594F7C7A4E4}.Debug|x86.ActiveCfg = Debug|Any CPU
		{1A5F9C48-B80F-499F-BC85-7594F7C7A4E4}.Debug|x86.Build.0 = Debug|Any CPU
		{1A5F9C48-B80F-499F-BC85-7594F7C7A4E4}.Release|Any CPU.ActiveCfg = Release|Any CPU
		{1A5F9C48-B80F-499F-BC85-7594F7C7A4E4}.Release|Any CPU.Build.0 = Release|Any CPU
		{1A5F9C48-B80F-499F-BC85-7594F7C7A4E4}.Release|ARM.ActiveCfg = Release|Any CPU
		{1A5F9C48-B80F-499F-BC85-7594F7C7A4E4}.Release|ARM.Build.0 = Release|Any CPU
		{1A5F9C48-B80F-499F-BC85-7594F7C7A4E4}.Release|x64.ActiveCfg = Release|Any CPU
		{1A5F9C48-B80F-499F-BC85-7594F7C7A4E4}.Release|x64.Build.0 = Release|Any CPU
		{1A5F9C48-B80F-499F-BC85-7594F7C7A4E4}.Release|x86.ActiveCfg = Release|Any CPU
		{1A5F9C48-B80F-499F-BC85-7594F7C7A4E4}.Release|x86.Build.0 = Release|Any CPU
		{0874565B-E01E-44F8-B930-78E51842D7E4}.Debug|Any CPU.ActiveCfg = Debug|Any CPU
		{0874565B-E01E-44F8-B930-78E51842D7E4}.Debug|Any CPU.Build.0 = Debug|Any CPU
		{0874565B-E01E-44F8-B930-78E51842D7E4}.Debug|ARM.ActiveCfg = Debug|Any CPU
		{0874565B-E01E-44F8-B930-78E51842D7E4}.Debug|ARM.Build.0 = Debug|Any CPU
		{0874565B-E01E-44F8-B930-78E51842D7E4}.Debug|x64.ActiveCfg = Debug|Any CPU
		{0874565B-E01E-44F8-B930-78E51842D7E4}.Debug|x64.Build.0 = Debug|Any CPU
		{0874565B-E01E-44F8-B930-78E51842D7E4}.Debug|x86.ActiveCfg = Debug|Any CPU
		{0874565B-E01E-44F8-B930-78E51842D7E4}.Debug|x86.Build.0 = Debug|Any CPU
		{0874565B-E01E-44F8-B930-78E51842D7E4}.Release|Any CPU.ActiveCfg = Release|Any CPU
		{0874565B-E01E-44F8-B930-78E51842D7E4}.Release|Any CPU.Build.0 = Release|Any CPU
		{0874565B-E01E-44F8-B930-78E51842D7E4}.Release|ARM.ActiveCfg = Release|Any CPU
		{0874565B-E01E-44F8-B930-78E51842D7E4}.Release|ARM.Build.0 = Release|Any CPU
		{0874565B-E01E-44F8-B930-78E51842D7E4}.Release|x64.ActiveCfg = Release|Any CPU
		{0874565B-E01E-44F8-B930-78E51842D7E4}.Release|x64.Build.0 = Release|Any CPU
		{0874565B-E01E-44F8-B930-78E51842D7E4}.Release|x86.ActiveCfg = Release|Any CPU
		{0874565B-E01E-44F8-B930-78E51842D7E4}.Release|x86.Build.0 = Release|Any CPU
		{8661B52B-036C-46D2-BE63-382E48F0AFFF}.Debug|Any CPU.ActiveCfg = Debug|Any CPU
		{8661B52B-036C-46D2-BE63-382E48F0AFFF}.Debug|Any CPU.Build.0 = Debug|Any CPU
		{8661B52B-036C-46D2-BE63-382E48F0AFFF}.Debug|ARM.ActiveCfg = Debug|Any CPU
		{8661B52B-036C-46D2-BE63-382E48F0AFFF}.Debug|ARM.Build.0 = Debug|Any CPU
		{8661B52B-036C-46D2-BE63-382E48F0AFFF}.Debug|x64.ActiveCfg = Debug|Any CPU
		{8661B52B-036C-46D2-BE63-382E48F0AFFF}.Debug|x64.Build.0 = Debug|Any CPU
		{8661B52B-036C-46D2-BE63-382E48F0AFFF}.Debug|x86.ActiveCfg = Debug|Any CPU
		{8661B52B-036C-46D2-BE63-382E48F0AFFF}.Debug|x86.Build.0 = Debug|Any CPU
		{8661B52B-036C-46D2-BE63-382E48F0AFFF}.Release|Any CPU.ActiveCfg = Release|Any CPU
		{8661B52B-036C-46D2-BE63-382E48F0AFFF}.Release|Any CPU.Build.0 = Release|Any CPU
		{8661B52B-036C-46D2-BE63-382E48F0AFFF}.Release|ARM.ActiveCfg = Release|Any CPU
		{8661B52B-036C-46D2-BE63-382E48F0AFFF}.Release|ARM.Build.0 = Release|Any CPU
		{8661B52B-036C-46D2-BE63-382E48F0AFFF}.Release|x64.ActiveCfg = Release|Any CPU
		{8661B52B-036C-46D2-BE63-382E48F0AFFF}.Release|x64.Build.0 = Release|Any CPU
		{8661B52B-036C-46D2-BE63-382E48F0AFFF}.Release|x86.ActiveCfg = Release|Any CPU
		{8661B52B-036C-46D2-BE63-382E48F0AFFF}.Release|x86.Build.0 = Release|Any CPU
		{F3EBAE07-D97F-4BA8-8179-2E0C78DF4CC9}.Debug|Any CPU.ActiveCfg = Debug|Any CPU
		{F3EBAE07-D97F-4BA8-8179-2E0C78DF4CC9}.Debug|Any CPU.Build.0 = Debug|Any CPU
		{F3EBAE07-D97F-4BA8-8179-2E0C78DF4CC9}.Debug|ARM.ActiveCfg = Debug|Any CPU
		{F3EBAE07-D97F-4BA8-8179-2E0C78DF4CC9}.Debug|ARM.Build.0 = Debug|Any CPU
		{F3EBAE07-D97F-4BA8-8179-2E0C78DF4CC9}.Debug|x64.ActiveCfg = Debug|Any CPU
		{F3EBAE07-D97F-4BA8-8179-2E0C78DF4CC9}.Debug|x64.Build.0 = Debug|Any CPU
		{F3EBAE07-D97F-4BA8-8179-2E0C78DF4CC9}.Debug|x86.ActiveCfg = Debug|Any CPU
		{F3EBAE07-D97F-4BA8-8179-2E0C78DF4CC9}.Debug|x86.Build.0 = Debug|Any CPU
		{F3EBAE07-D97F-4BA8-8179-2E0C78DF4CC9}.Release|Any CPU.ActiveCfg = Release|Any CPU
		{F3EBAE07-D97F-4BA8-8179-2E0C78DF4CC9}.Release|Any CPU.Build.0 = Release|Any CPU
		{F3EBAE07-D97F-4BA8-8179-2E0C78DF4CC9}.Release|ARM.ActiveCfg = Release|Any CPU
		{F3EBAE07-D97F-4BA8-8179-2E0C78DF4CC9}.Release|ARM.Build.0 = Release|Any CPU
		{F3EBAE07-D97F-4BA8-8179-2E0C78DF4CC9}.Release|x64.ActiveCfg = Release|Any CPU
		{F3EBAE07-D97F-4BA8-8179-2E0C78DF4CC9}.Release|x64.Build.0 = Release|Any CPU
		{F3EBAE07-D97F-4BA8-8179-2E0C78DF4CC9}.Release|x86.ActiveCfg = Release|Any CPU
		{F3EBAE07-D97F-4BA8-8179-2E0C78DF4CC9}.Release|x86.Build.0 = Release|Any CPU
		{03DBBE19-48CF-4164-B972-E2646BFA9E9B}.Debug|Any CPU.ActiveCfg = Debug|Any CPU
		{03DBBE19-48CF-4164-B972-E2646BFA9E9B}.Debug|Any CPU.Build.0 = Debug|Any CPU
		{03DBBE19-48CF-4164-B972-E2646BFA9E9B}.Debug|ARM.ActiveCfg = Debug|Any CPU
		{03DBBE19-48CF-4164-B972-E2646BFA9E9B}.Debug|ARM.Build.0 = Debug|Any CPU
		{03DBBE19-48CF-4164-B972-E2646BFA9E9B}.Debug|x64.ActiveCfg = Debug|Any CPU
		{03DBBE19-48CF-4164-B972-E2646BFA9E9B}.Debug|x64.Build.0 = Debug|Any CPU
		{03DBBE19-48CF-4164-B972-E2646BFA9E9B}.Debug|x86.ActiveCfg = Debug|Any CPU
		{03DBBE19-48CF-4164-B972-E2646BFA9E9B}.Debug|x86.Build.0 = Debug|Any CPU
		{03DBBE19-48CF-4164-B972-E2646BFA9E9B}.Release|Any CPU.ActiveCfg = Release|Any CPU
		{03DBBE19-48CF-4164-B972-E2646BFA9E9B}.Release|Any CPU.Build.0 = Release|Any CPU
		{03DBBE19-48CF-4164-B972-E2646BFA9E9B}.Release|ARM.ActiveCfg = Release|Any CPU
		{03DBBE19-48CF-4164-B972-E2646BFA9E9B}.Release|ARM.Build.0 = Release|Any CPU
		{03DBBE19-48CF-4164-B972-E2646BFA9E9B}.Release|x64.ActiveCfg = Release|Any CPU
		{03DBBE19-48CF-4164-B972-E2646BFA9E9B}.Release|x64.Build.0 = Release|Any CPU
		{03DBBE19-48CF-4164-B972-E2646BFA9E9B}.Release|x86.ActiveCfg = Release|Any CPU
		{03DBBE19-48CF-4164-B972-E2646BFA9E9B}.Release|x86.Build.0 = Release|Any CPU
		{028702B8-D508-4FDE-BA94-72F89DEDB763}.Debug|Any CPU.ActiveCfg = Debug|Any CPU
		{028702B8-D508-4FDE-BA94-72F89DEDB763}.Debug|Any CPU.Build.0 = Debug|Any CPU
		{028702B8-D508-4FDE-BA94-72F89DEDB763}.Debug|ARM.ActiveCfg = Debug|Any CPU
		{028702B8-D508-4FDE-BA94-72F89DEDB763}.Debug|ARM.Build.0 = Debug|Any CPU
		{028702B8-D508-4FDE-BA94-72F89DEDB763}.Debug|x64.ActiveCfg = Debug|Any CPU
		{028702B8-D508-4FDE-BA94-72F89DEDB763}.Debug|x64.Build.0 = Debug|Any CPU
		{028702B8-D508-4FDE-BA94-72F89DEDB763}.Debug|x86.ActiveCfg = Debug|Any CPU
		{028702B8-D508-4FDE-BA94-72F89DEDB763}.Debug|x86.Build.0 = Debug|Any CPU
		{028702B8-D508-4FDE-BA94-72F89DEDB763}.Release|Any CPU.ActiveCfg = Release|Any CPU
		{028702B8-D508-4FDE-BA94-72F89DEDB763}.Release|Any CPU.Build.0 = Release|Any CPU
		{028702B8-D508-4FDE-BA94-72F89DEDB763}.Release|ARM.ActiveCfg = Release|Any CPU
		{028702B8-D508-4FDE-BA94-72F89DEDB763}.Release|ARM.Build.0 = Release|Any CPU
		{028702B8-D508-4FDE-BA94-72F89DEDB763}.Release|x64.ActiveCfg = Release|Any CPU
		{028702B8-D508-4FDE-BA94-72F89DEDB763}.Release|x64.Build.0 = Release|Any CPU
		{028702B8-D508-4FDE-BA94-72F89DEDB763}.Release|x86.ActiveCfg = Release|Any CPU
		{028702B8-D508-4FDE-BA94-72F89DEDB763}.Release|x86.Build.0 = Release|Any CPU
		{7954A487-9386-4826-82A5-6812DC99F605}.Debug|Any CPU.ActiveCfg = Debug|Any CPU
		{7954A487-9386-4826-82A5-6812DC99F605}.Debug|Any CPU.Build.0 = Debug|Any CPU
		{7954A487-9386-4826-82A5-6812DC99F605}.Debug|ARM.ActiveCfg = Debug|Any CPU
		{7954A487-9386-4826-82A5-6812DC99F605}.Debug|ARM.Build.0 = Debug|Any CPU
		{7954A487-9386-4826-82A5-6812DC99F605}.Debug|x64.ActiveCfg = Debug|Any CPU
		{7954A487-9386-4826-82A5-6812DC99F605}.Debug|x64.Build.0 = Debug|Any CPU
		{7954A487-9386-4826-82A5-6812DC99F605}.Debug|x86.ActiveCfg = Debug|Any CPU
		{7954A487-9386-4826-82A5-6812DC99F605}.Debug|x86.Build.0 = Debug|Any CPU
		{7954A487-9386-4826-82A5-6812DC99F605}.Release|Any CPU.ActiveCfg = Release|Any CPU
		{7954A487-9386-4826-82A5-6812DC99F605}.Release|Any CPU.Build.0 = Release|Any CPU
		{7954A487-9386-4826-82A5-6812DC99F605}.Release|ARM.ActiveCfg = Release|Any CPU
		{7954A487-9386-4826-82A5-6812DC99F605}.Release|ARM.Build.0 = Release|Any CPU
		{7954A487-9386-4826-82A5-6812DC99F605}.Release|x64.ActiveCfg = Release|Any CPU
		{7954A487-9386-4826-82A5-6812DC99F605}.Release|x64.Build.0 = Release|Any CPU
		{7954A487-9386-4826-82A5-6812DC99F605}.Release|x86.ActiveCfg = Release|Any CPU
		{7954A487-9386-4826-82A5-6812DC99F605}.Release|x86.Build.0 = Release|Any CPU
		{8C826F21-786D-4D52-B645-613D2F804452}.Debug|Any CPU.ActiveCfg = Debug|Any CPU
		{8C826F21-786D-4D52-B645-613D2F804452}.Debug|Any CPU.Build.0 = Debug|Any CPU
		{8C826F21-786D-4D52-B645-613D2F804452}.Debug|ARM.ActiveCfg = Debug|Any CPU
		{8C826F21-786D-4D52-B645-613D2F804452}.Debug|ARM.Build.0 = Debug|Any CPU
		{8C826F21-786D-4D52-B645-613D2F804452}.Debug|x64.ActiveCfg = Debug|Any CPU
		{8C826F21-786D-4D52-B645-613D2F804452}.Debug|x64.Build.0 = Debug|Any CPU
		{8C826F21-786D-4D52-B645-613D2F804452}.Debug|x86.ActiveCfg = Debug|Any CPU
		{8C826F21-786D-4D52-B645-613D2F804452}.Debug|x86.Build.0 = Debug|Any CPU
		{8C826F21-786D-4D52-B645-613D2F804452}.Release|Any CPU.ActiveCfg = Release|Any CPU
		{8C826F21-786D-4D52-B645-613D2F804452}.Release|Any CPU.Build.0 = Release|Any CPU
		{8C826F21-786D-4D52-B645-613D2F804452}.Release|ARM.ActiveCfg = Release|Any CPU
		{8C826F21-786D-4D52-B645-613D2F804452}.Release|ARM.Build.0 = Release|Any CPU
		{8C826F21-786D-4D52-B645-613D2F804452}.Release|x64.ActiveCfg = Release|Any CPU
		{8C826F21-786D-4D52-B645-613D2F804452}.Release|x64.Build.0 = Release|Any CPU
		{8C826F21-786D-4D52-B645-613D2F804452}.Release|x86.ActiveCfg = Release|Any CPU
		{8C826F21-786D-4D52-B645-613D2F804452}.Release|x86.Build.0 = Release|Any CPU
		{F4CD9527-23C9-4314-9A39-09DD20FC16F8}.Debug|Any CPU.ActiveCfg = Debug|Any CPU
		{F4CD9527-23C9-4314-9A39-09DD20FC16F8}.Debug|Any CPU.Build.0 = Debug|Any CPU
		{F4CD9527-23C9-4314-9A39-09DD20FC16F8}.Debug|ARM.ActiveCfg = Debug|Any CPU
		{F4CD9527-23C9-4314-9A39-09DD20FC16F8}.Debug|ARM.Build.0 = Debug|Any CPU
		{F4CD9527-23C9-4314-9A39-09DD20FC16F8}.Debug|x64.ActiveCfg = Debug|Any CPU
		{F4CD9527-23C9-4314-9A39-09DD20FC16F8}.Debug|x64.Build.0 = Debug|Any CPU
		{F4CD9527-23C9-4314-9A39-09DD20FC16F8}.Debug|x86.ActiveCfg = Debug|Any CPU
		{F4CD9527-23C9-4314-9A39-09DD20FC16F8}.Debug|x86.Build.0 = Debug|Any CPU
		{F4CD9527-23C9-4314-9A39-09DD20FC16F8}.Release|Any CPU.ActiveCfg = Release|Any CPU
		{F4CD9527-23C9-4314-9A39-09DD20FC16F8}.Release|Any CPU.Build.0 = Release|Any CPU
		{F4CD9527-23C9-4314-9A39-09DD20FC16F8}.Release|ARM.ActiveCfg = Release|Any CPU
		{F4CD9527-23C9-4314-9A39-09DD20FC16F8}.Release|ARM.Build.0 = Release|Any CPU
		{F4CD9527-23C9-4314-9A39-09DD20FC16F8}.Release|x64.ActiveCfg = Release|Any CPU
		{F4CD9527-23C9-4314-9A39-09DD20FC16F8}.Release|x64.Build.0 = Release|Any CPU
		{F4CD9527-23C9-4314-9A39-09DD20FC16F8}.Release|x86.ActiveCfg = Release|Any CPU
		{F4CD9527-23C9-4314-9A39-09DD20FC16F8}.Release|x86.Build.0 = Release|Any CPU
		{8C9533E5-3F57-4E29-9D6F-F772D821871B}.Debug|Any CPU.ActiveCfg = Debug|Any CPU
		{8C9533E5-3F57-4E29-9D6F-F772D821871B}.Debug|Any CPU.Build.0 = Debug|Any CPU
		{8C9533E5-3F57-4E29-9D6F-F772D821871B}.Debug|ARM.ActiveCfg = Debug|Any CPU
		{8C9533E5-3F57-4E29-9D6F-F772D821871B}.Debug|ARM.Build.0 = Debug|Any CPU
		{8C9533E5-3F57-4E29-9D6F-F772D821871B}.Debug|x64.ActiveCfg = Debug|Any CPU
		{8C9533E5-3F57-4E29-9D6F-F772D821871B}.Debug|x64.Build.0 = Debug|Any CPU
		{8C9533E5-3F57-4E29-9D6F-F772D821871B}.Debug|x86.ActiveCfg = Debug|Any CPU
		{8C9533E5-3F57-4E29-9D6F-F772D821871B}.Debug|x86.Build.0 = Debug|Any CPU
		{8C9533E5-3F57-4E29-9D6F-F772D821871B}.Release|Any CPU.ActiveCfg = Release|Any CPU
		{8C9533E5-3F57-4E29-9D6F-F772D821871B}.Release|Any CPU.Build.0 = Release|Any CPU
		{8C9533E5-3F57-4E29-9D6F-F772D821871B}.Release|ARM.ActiveCfg = Release|Any CPU
		{8C9533E5-3F57-4E29-9D6F-F772D821871B}.Release|ARM.Build.0 = Release|Any CPU
		{8C9533E5-3F57-4E29-9D6F-F772D821871B}.Release|x64.ActiveCfg = Release|Any CPU
		{8C9533E5-3F57-4E29-9D6F-F772D821871B}.Release|x64.Build.0 = Release|Any CPU
		{8C9533E5-3F57-4E29-9D6F-F772D821871B}.Release|x86.ActiveCfg = Release|Any CPU
		{8C9533E5-3F57-4E29-9D6F-F772D821871B}.Release|x86.Build.0 = Release|Any CPU
		{656B0C1A-552B-4F5E-9E77-E1F5354AC432}.Debug|Any CPU.ActiveCfg = Debug|Any CPU
		{656B0C1A-552B-4F5E-9E77-E1F5354AC432}.Debug|Any CPU.Build.0 = Debug|Any CPU
		{656B0C1A-552B-4F5E-9E77-E1F5354AC432}.Debug|ARM.ActiveCfg = Debug|Any CPU
		{656B0C1A-552B-4F5E-9E77-E1F5354AC432}.Debug|ARM.Build.0 = Debug|Any CPU
		{656B0C1A-552B-4F5E-9E77-E1F5354AC432}.Debug|x64.ActiveCfg = Debug|Any CPU
		{656B0C1A-552B-4F5E-9E77-E1F5354AC432}.Debug|x64.Build.0 = Debug|Any CPU
		{656B0C1A-552B-4F5E-9E77-E1F5354AC432}.Debug|x86.ActiveCfg = Debug|Any CPU
		{656B0C1A-552B-4F5E-9E77-E1F5354AC432}.Debug|x86.Build.0 = Debug|Any CPU
		{656B0C1A-552B-4F5E-9E77-E1F5354AC432}.Release|Any CPU.ActiveCfg = Release|Any CPU
		{656B0C1A-552B-4F5E-9E77-E1F5354AC432}.Release|Any CPU.Build.0 = Release|Any CPU
		{656B0C1A-552B-4F5E-9E77-E1F5354AC432}.Release|ARM.ActiveCfg = Release|Any CPU
		{656B0C1A-552B-4F5E-9E77-E1F5354AC432}.Release|ARM.Build.0 = Release|Any CPU
		{656B0C1A-552B-4F5E-9E77-E1F5354AC432}.Release|x64.ActiveCfg = Release|Any CPU
		{656B0C1A-552B-4F5E-9E77-E1F5354AC432}.Release|x64.Build.0 = Release|Any CPU
		{656B0C1A-552B-4F5E-9E77-E1F5354AC432}.Release|x86.ActiveCfg = Release|Any CPU
		{656B0C1A-552B-4F5E-9E77-E1F5354AC432}.Release|x86.Build.0 = Release|Any CPU
		{24820AE7-D553-4802-A673-789BE7BFC4E7}.Debug|Any CPU.ActiveCfg = Debug|Any CPU
		{24820AE7-D553-4802-A673-789BE7BFC4E7}.Debug|Any CPU.Build.0 = Debug|Any CPU
		{24820AE7-D553-4802-A673-789BE7BFC4E7}.Debug|ARM.ActiveCfg = Debug|Any CPU
		{24820AE7-D553-4802-A673-789BE7BFC4E7}.Debug|ARM.Build.0 = Debug|Any CPU
		{24820AE7-D553-4802-A673-789BE7BFC4E7}.Debug|x64.ActiveCfg = Debug|Any CPU
		{24820AE7-D553-4802-A673-789BE7BFC4E7}.Debug|x64.Build.0 = Debug|Any CPU
		{24820AE7-D553-4802-A673-789BE7BFC4E7}.Debug|x86.ActiveCfg = Debug|Any CPU
		{24820AE7-D553-4802-A673-789BE7BFC4E7}.Debug|x86.Build.0 = Debug|Any CPU
		{24820AE7-D553-4802-A673-789BE7BFC4E7}.Release|Any CPU.ActiveCfg = Release|Any CPU
		{24820AE7-D553-4802-A673-789BE7BFC4E7}.Release|Any CPU.Build.0 = Release|Any CPU
		{24820AE7-D553-4802-A673-789BE7BFC4E7}.Release|ARM.ActiveCfg = Release|Any CPU
		{24820AE7-D553-4802-A673-789BE7BFC4E7}.Release|ARM.Build.0 = Release|Any CPU
		{24820AE7-D553-4802-A673-789BE7BFC4E7}.Release|x64.ActiveCfg = Release|Any CPU
		{24820AE7-D553-4802-A673-789BE7BFC4E7}.Release|x64.Build.0 = Release|Any CPU
		{24820AE7-D553-4802-A673-789BE7BFC4E7}.Release|x86.ActiveCfg = Release|Any CPU
		{24820AE7-D553-4802-A673-789BE7BFC4E7}.Release|x86.Build.0 = Release|Any CPU
		{B3264F2D-6F87-48C1-9A7F-00A24315EC0E}.Debug|Any CPU.ActiveCfg = Debug|Any CPU
		{B3264F2D-6F87-48C1-9A7F-00A24315EC0E}.Debug|Any CPU.Build.0 = Debug|Any CPU
		{B3264F2D-6F87-48C1-9A7F-00A24315EC0E}.Debug|ARM.ActiveCfg = Debug|Any CPU
		{B3264F2D-6F87-48C1-9A7F-00A24315EC0E}.Debug|ARM.Build.0 = Debug|Any CPU
		{B3264F2D-6F87-48C1-9A7F-00A24315EC0E}.Debug|x64.ActiveCfg = Debug|Any CPU
		{B3264F2D-6F87-48C1-9A7F-00A24315EC0E}.Debug|x64.Build.0 = Debug|Any CPU
		{B3264F2D-6F87-48C1-9A7F-00A24315EC0E}.Debug|x86.ActiveCfg = Debug|Any CPU
		{B3264F2D-6F87-48C1-9A7F-00A24315EC0E}.Debug|x86.Build.0 = Debug|Any CPU
		{B3264F2D-6F87-48C1-9A7F-00A24315EC0E}.Release|Any CPU.ActiveCfg = Release|Any CPU
		{B3264F2D-6F87-48C1-9A7F-00A24315EC0E}.Release|Any CPU.Build.0 = Release|Any CPU
		{B3264F2D-6F87-48C1-9A7F-00A24315EC0E}.Release|ARM.ActiveCfg = Release|Any CPU
		{B3264F2D-6F87-48C1-9A7F-00A24315EC0E}.Release|ARM.Build.0 = Release|Any CPU
		{B3264F2D-6F87-48C1-9A7F-00A24315EC0E}.Release|x64.ActiveCfg = Release|Any CPU
		{B3264F2D-6F87-48C1-9A7F-00A24315EC0E}.Release|x64.Build.0 = Release|Any CPU
		{B3264F2D-6F87-48C1-9A7F-00A24315EC0E}.Release|x86.ActiveCfg = Release|Any CPU
		{B3264F2D-6F87-48C1-9A7F-00A24315EC0E}.Release|x86.Build.0 = Release|Any CPU
		{286EE65A-B485-4D49-B55D-6517A7758362}.Debug|Any CPU.ActiveCfg = Debug|Any CPU
		{286EE65A-B485-4D49-B55D-6517A7758362}.Debug|Any CPU.Build.0 = Debug|Any CPU
		{286EE65A-B485-4D49-B55D-6517A7758362}.Debug|ARM.ActiveCfg = Debug|Any CPU
		{286EE65A-B485-4D49-B55D-6517A7758362}.Debug|ARM.Build.0 = Debug|Any CPU
		{286EE65A-B485-4D49-B55D-6517A7758362}.Debug|x64.ActiveCfg = Debug|Any CPU
		{286EE65A-B485-4D49-B55D-6517A7758362}.Debug|x64.Build.0 = Debug|Any CPU
		{286EE65A-B485-4D49-B55D-6517A7758362}.Debug|x86.ActiveCfg = Debug|Any CPU
		{286EE65A-B485-4D49-B55D-6517A7758362}.Debug|x86.Build.0 = Debug|Any CPU
		{286EE65A-B485-4D49-B55D-6517A7758362}.Release|Any CPU.ActiveCfg = Release|Any CPU
		{286EE65A-B485-4D49-B55D-6517A7758362}.Release|Any CPU.Build.0 = Release|Any CPU
		{286EE65A-B485-4D49-B55D-6517A7758362}.Release|ARM.ActiveCfg = Release|Any CPU
		{286EE65A-B485-4D49-B55D-6517A7758362}.Release|ARM.Build.0 = Release|Any CPU
		{286EE65A-B485-4D49-B55D-6517A7758362}.Release|x64.ActiveCfg = Release|Any CPU
		{286EE65A-B485-4D49-B55D-6517A7758362}.Release|x64.Build.0 = Release|Any CPU
		{286EE65A-B485-4D49-B55D-6517A7758362}.Release|x86.ActiveCfg = Release|Any CPU
		{286EE65A-B485-4D49-B55D-6517A7758362}.Release|x86.Build.0 = Release|Any CPU
	EndGlobalSection
	GlobalSection(SolutionProperties) = preSolution
		HideSolutionNode = FALSE
	EndGlobalSection
	GlobalSection(NestedProjects) = preSolution
		{5A9F1DA7-7931-4869-8E3A-B2F26DBFC303} = {962EC435-6130-4B75-BAC1-12323B067443}
		{FEE250FE-8115-4D48-8517-7FA556E0B554} = {962EC435-6130-4B75-BAC1-12323B067443}
		{C289A9F5-C810-4EB9-A04F-7CB5429A7A3B} = {962EC435-6130-4B75-BAC1-12323B067443}
		{EB8AD30C-1914-42C9-9E10-A810B2CA296B} = {962EC435-6130-4B75-BAC1-12323B067443}
		{A1EF670F-8721-4D11-A65B-1741B60E29C1} = {962EC435-6130-4B75-BAC1-12323B067443}
		{1A5F9C48-B80F-499F-BC85-7594F7C7A4E4} = {962EC435-6130-4B75-BAC1-12323B067443}
		{0874565B-E01E-44F8-B930-78E51842D7E4} = {962EC435-6130-4B75-BAC1-12323B067443}
		{8661B52B-036C-46D2-BE63-382E48F0AFFF} = {962EC435-6130-4B75-BAC1-12323B067443}
		{F3EBAE07-D97F-4BA8-8179-2E0C78DF4CC9} = {962EC435-6130-4B75-BAC1-12323B067443}
		{03DBBE19-48CF-4164-B972-E2646BFA9E9B} = {962EC435-6130-4B75-BAC1-12323B067443}
		{028702B8-D508-4FDE-BA94-72F89DEDB763} = {962EC435-6130-4B75-BAC1-12323B067443}
		{7954A487-9386-4826-82A5-6812DC99F605} = {962EC435-6130-4B75-BAC1-12323B067443}
		{8C826F21-786D-4D52-B645-613D2F804452} = {962EC435-6130-4B75-BAC1-12323B067443}
		{F4CD9527-23C9-4314-9A39-09DD20FC16F8} = {962EC435-6130-4B75-BAC1-12323B067443}
		{8C9533E5-3F57-4E29-9D6F-F772D821871B} = {962EC435-6130-4B75-BAC1-12323B067443}
		{656B0C1A-552B-4F5E-9E77-E1F5354AC432} = {962EC435-6130-4B75-BAC1-12323B067443}
		{24820AE7-D553-4802-A673-789BE7BFC4E7} = {962EC435-6130-4B75-BAC1-12323B067443}
		{B3264F2D-6F87-48C1-9A7F-00A24315EC0E} = {962EC435-6130-4B75-BAC1-12323B067443}
		{286EE65A-B485-4D49-B55D-6517A7758362} = {962EC435-6130-4B75-BAC1-12323B067443}
	EndGlobalSection
	GlobalSection(ExtensibilityGlobals) = postSolution
		SolutionGuid = {07A44726-8749-4A9A-8079-FA3C3213BDC1}
	EndGlobalSection
EndGlobal
