
Microsoft Visual Studio Solution File, Format Version 12.00
# Visual Studio Version 16
VisualStudioVersion = 16.0.30114.105
MinimumVisualStudioVersion = 10.0.40219.1
Project("{9A19103F-16F7-4668-BE54-9A1E7A4F7556}") = "Nethereum.LiteFx", "src\Nethereum.LiteFx.csproj", "{2BC13ADC-AB5A-4DD2-9483-D4111DB5CEE4}"
EndProject
Project("{9A19103F-16F7-4668-BE54-9A1E7A4F7556}") = "Nethereum.LiteFx.Tests", "tests\Nethereum.LiteFx.Tests.csproj", "{DC7E1012-91A3-408C-95E7-10D697DC3A1F}"
EndProject
Global
	GlobalSection(SolutionConfigurationPlatforms) = preSolution
		Debug|Any CPU = Debug|Any CPU
		Debug|x64 = Debug|x64
		Debug|x86 = Debug|x86
		Release|Any CPU = Release|Any CPU
		Release|x64 = Release|x64
		Release|x86 = Release|x86
	EndGlobalSection
	GlobalSection(ProjectConfigurationPlatforms) = postSolution
		{2BC13ADC-AB5A-4DD2-9483-D4111DB5CEE4}.Debug|Any CPU.ActiveCfg = Debug|Any CPU
		{2BC13ADC-AB5A-4DD2-9483-D4111DB5CEE4}.Debug|Any CPU.Build.0 = Debug|Any CPU
		{2BC13ADC-AB5A-4DD2-9483-D4111DB5CEE4}.Debug|x64.ActiveCfg = Debug|Any CPU
		{2BC13ADC-AB5A-4DD2-9483-D4111DB5CEE4}.Debug|x64.Build.0 = Debug|Any CPU
		{2BC13ADC-AB5A-4DD2-9483-D4111DB5CEE4}.Debug|x86.ActiveCfg = Debug|Any CPU
		{2BC13ADC-AB5A-4DD2-9483-D4111DB5CEE4}.Debug|x86.Build.0 = Debug|Any CPU
		{2BC13ADC-AB5A-4DD2-9483-D4111DB5CEE4}.Release|Any CPU.ActiveCfg = Release|Any CPU
		{2BC13ADC-AB5A-4DD2-9483-D4111DB5CEE4}.Release|Any CPU.Build.0 = Release|Any CPU
		{2BC13ADC-AB5A-4DD2-9483-D4111DB5CEE4}.Release|x64.ActiveCfg = Release|Any CPU
		{2BC13ADC-AB5A-4DD2-9483-D4111DB5CEE4}.Release|x64.Build.0 = Release|Any CPU
		{2BC13ADC-AB5A-4DD2-9483-D4111DB5CEE4}.Release|x86.ActiveCfg = Release|Any CPU
		{2BC13ADC-AB5A-4DD2-9483-D4111DB5CEE4}.Release|x86.Build.0 = Release|Any CPU
		{DC7E1012-91A3-408C-95E7-10D697DC3A1F}.Debug|Any CPU.ActiveCfg = Debug|Any CPU
		{DC7E1012-91A3-408C-95E7-10D697DC3A1F}.Debug|Any CPU.Build.0 = Debug|Any CPU
		{DC7E1012-91A3-408C-95E7-10D697DC3A1F}.Debug|x64.ActiveCfg = Debug|Any CPU
		{DC7E1012-91A3-408C-95E7-10D697DC3A1F}.Debug|x64.Build.0 = Debug|Any CPU
		{DC7E1012-91A3-408C-95E7-10D697DC3A1F}.Debug|x86.ActiveCfg = Debug|Any CPU
		{DC7E1012-91A3-408C-95E7-10D697DC3A1F}.Debug|x86.Build.0 = Debug|Any CPU
		{DC7E1012-91A3-408C-95E7-10D697DC3A1F}.Release|Any CPU.ActiveCfg = Release|Any CPU
		{DC7E1012-91A3-408C-95E7-10D697DC3A1F}.Release|Any CPU.Build.0 = Release|Any CPU
		{DC7E1012-91A3-408C-95E7-10D697DC3A1F}.Release|x64.ActiveCfg = Release|Any CPU
		{DC7E1012-91A3-408C-95E7-10D697DC3A1F}.Release|x64.Build.0 = Release|Any CPU
		{DC7E1012-91A3-408C-95E7-10D697DC3A1F}.Release|x86.ActiveCfg = Release|Any CPU
		{DC7E1012-91A3-408C-95E7-10D697DC3A1F}.Release|x86.Build.0 = Release|Any CPU
	EndGlobalSection
	GlobalSection(SolutionProperties) = preSolution
		HideSolutionNode = FALSE
	EndGlobalSection
	GlobalSection(ExtensibilityGlobals) = postSolution
		SolutionGuid = {CB9B370C-0ADA-49E3-B501-217657FDD882}
	EndGlobalSection
EndGlobal
