
Microsoft Visual Studio Solution File, Format Version 12.00
# Visual Studio Version 16
VisualStudioVersion = 16.0.31320.298
MinimumVisualStudioVersion = 10.0.40219.1
Project("{2150E333-8FDC-42A3-9474-1A3956D46DE8}") = "projects", "projects", "{6EE5CBBB-5BC9-47BB-9CE5-9099B0A91BAB}"
EndProject
Project("{FAE04EC0-301F-11D3-BF4B-00C04F79EFBC}") = "BuildProjectFile", "projects\BuildProjectFile\BuildProjectFile.csproj", "{AF8EB2BF-3026-4897-984E-DCAFFAC0644E}"
EndProject
Project("{FAE04EC0-301F-11D3-BF4B-00C04F79EFBC}") = "Nethereum.Portable", "projects\Nethereum.Portable\Nethereum.Portable.csproj", "{0F8DA38C-5C65-4545-BFF0-C40EC0CE40B4}"
EndProject
Project("{FAE04EC0-301F-11D3-BF4B-00C04F79EFBC}") = "GenerateCsprojCompileLinks", "projects\GenerateCsprojCompileLinks\GenerateCsprojCompileLinks.csproj", "{CAFAAACD-438A-4DEC-95BF-6D36F636589B}"
EndProject
Project("{FAE04EC0-301F-11D3-BF4B-00C04F79EFBC}") = "Nethereum.LiteFxBrowser", "projects\Nethereum.LiteFxBrowser\Nethereum.LiteFxBrowser.csproj", "{1F9EC59A-5646-4F28-ABEE-CF8DE432BED1}"
EndProject
Project("{9A19103F-16F7-4668-BE54-9A1E7A4F7556}") = "Nethereum.LiteFx", "projects\Nethereum.LiteFx\Nethereum.LiteFx.csproj", "{73093A98-AF6F-464A-AE21-2C0CB8E49EA3}"
EndProject
Project("{FAE04EC0-301F-11D3-BF4B-00C04F79EFBC}") = "Nethereum.LiteFx.Tests", "projects\Nethereum.LiteFx.Tests\Nethereum.LiteFx.Tests.csproj", "{3378CD41-622B-4A4C-AC16-CAF7BCE7D0FF}"
EndProject
Global
	GlobalSection(SolutionConfigurationPlatforms) = preSolution
		Debug|Any CPU = Debug|Any CPU
		Debug|ARM = Debug|ARM
		Debug|x64 = Debug|x64
		Debug|x86 = Debug|x86
		Release|Any CPU = Release|Any CPU
		Release|ARM = Release|ARM
		Release|x64 = Release|x64
		Release|x86 = Release|x86
	EndGlobalSection
	GlobalSection(ProjectConfigurationPlatforms) = postSolution
		{AF8EB2BF-3026-4897-984E-DCAFFAC0644E}.Debug|Any CPU.ActiveCfg = Debug|Any CPU
		{AF8EB2BF-3026-4897-984E-DCAFFAC0644E}.Debug|Any CPU.Build.0 = Debug|Any CPU
		{AF8EB2BF-3026-4897-984E-DCAFFAC0644E}.Debug|ARM.ActiveCfg = Debug|Any CPU
		{AF8EB2BF-3026-4897-984E-DCAFFAC0644E}.Debug|ARM.Build.0 = Debug|Any CPU
		{AF8EB2BF-3026-4897-984E-DCAFFAC0644E}.Debug|x64.ActiveCfg = Debug|Any CPU
		{AF8EB2BF-3026-4897-984E-DCAFFAC0644E}.Debug|x64.Build.0 = Debug|Any CPU
		{AF8EB2BF-3026-4897-984E-DCAFFAC0644E}.Debug|x86.ActiveCfg = Debug|Any CPU
		{AF8EB2BF-3026-4897-984E-DCAFFAC0644E}.Debug|x86.Build.0 = Debug|Any CPU
		{AF8EB2BF-3026-4897-984E-DCAFFAC0644E}.Release|Any CPU.ActiveCfg = Release|Any CPU
		{AF8EB2BF-3026-4897-984E-DCAFFAC0644E}.Release|Any CPU.Build.0 = Release|Any CPU
		{AF8EB2BF-3026-4897-984E-DCAFFAC0644E}.Release|ARM.ActiveCfg = Release|Any CPU
		{AF8EB2BF-3026-4897-984E-DCAFFAC0644E}.Release|ARM.Build.0 = Release|Any CPU
		{AF8EB2BF-3026-4897-984E-DCAFFAC0644E}.Release|x64.ActiveCfg = Release|Any CPU
		{AF8EB2BF-3026-4897-984E-DCAFFAC0644E}.Release|x64.Build.0 = Release|Any CPU
		{AF8EB2BF-3026-4897-984E-DCAFFAC0644E}.Release|x86.ActiveCfg = Release|Any CPU
		{AF8EB2BF-3026-4897-984E-DCAFFAC0644E}.Release|x86.Build.0 = Release|Any CPU
		{0F8DA38C-5C65-4545-BFF0-C40EC0CE40B4}.Debug|Any CPU.ActiveCfg = Debug|Any CPU
		{0F8DA38C-5C65-4545-BFF0-C40EC0CE40B4}.Debug|Any CPU.Build.0 = Debug|Any CPU
		{0F8DA38C-5C65-4545-BFF0-C40EC0CE40B4}.Debug|ARM.ActiveCfg = Debug|Any CPU
		{0F8DA38C-5C65-4545-BFF0-C40EC0CE40B4}.Debug|ARM.Build.0 = Debug|Any CPU
		{0F8DA38C-5C65-4545-BFF0-C40EC0CE40B4}.Debug|x64.ActiveCfg = Debug|Any CPU
		{0F8DA38C-5C65-4545-BFF0-C40EC0CE40B4}.Debug|x64.Build.0 = Debug|Any CPU
		{0F8DA38C-5C65-4545-BFF0-C40EC0CE40B4}.Debug|x86.ActiveCfg = Debug|Any CPU
		{0F8DA38C-5C65-4545-BFF0-C40EC0CE40B4}.Debug|x86.Build.0 = Debug|Any CPU
		{0F8DA38C-5C65-4545-BFF0-C40EC0CE40B4}.Release|Any CPU.ActiveCfg = Release|Any CPU
		{0F8DA38C-5C65-4545-BFF0-C40EC0CE40B4}.Release|Any CPU.Build.0 = Release|Any CPU
		{0F8DA38C-5C65-4545-BFF0-C40EC0CE40B4}.Release|ARM.ActiveCfg = Release|Any CPU
		{0F8DA38C-5C65-4545-BFF0-C40EC0CE40B4}.Release|ARM.Build.0 = Release|Any CPU
		{0F8DA38C-5C65-4545-BFF0-C40EC0CE40B4}.Release|x64.ActiveCfg = Release|Any CPU
		{0F8DA38C-5C65-4545-BFF0-C40EC0CE40B4}.Release|x64.Build.0 = Release|Any CPU
		{0F8DA38C-5C65-4545-BFF0-C40EC0CE40B4}.Release|x86.ActiveCfg = Release|Any CPU
		{0F8DA38C-5C65-4545-BFF0-C40EC0CE40B4}.Release|x86.Build.0 = Release|Any CPU
		{CAFAAACD-438A-4DEC-95BF-6D36F636589B}.Debug|Any CPU.ActiveCfg = Debug|Any CPU
		{CAFAAACD-438A-4DEC-95BF-6D36F636589B}.Debug|Any CPU.Build.0 = Debug|Any CPU
		{CAFAAACD-438A-4DEC-95BF-6D36F636589B}.Debug|ARM.ActiveCfg = Debug|Any CPU
		{CAFAAACD-438A-4DEC-95BF-6D36F636589B}.Debug|ARM.Build.0 = Debug|Any CPU
		{CAFAAACD-438A-4DEC-95BF-6D36F636589B}.Debug|x64.ActiveCfg = Debug|Any CPU
		{CAFAAACD-438A-4DEC-95BF-6D36F636589B}.Debug|x64.Build.0 = Debug|Any CPU
		{CAFAAACD-438A-4DEC-95BF-6D36F636589B}.Debug|x86.ActiveCfg = Debug|Any CPU
		{CAFAAACD-438A-4DEC-95BF-6D36F636589B}.Debug|x86.Build.0 = Debug|Any CPU
		{CAFAAACD-438A-4DEC-95BF-6D36F636589B}.Release|Any CPU.ActiveCfg = Release|Any CPU
		{CAFAAACD-438A-4DEC-95BF-6D36F636589B}.Release|Any CPU.Build.0 = Release|Any CPU
		{CAFAAACD-438A-4DEC-95BF-6D36F636589B}.Release|ARM.ActiveCfg = Release|Any CPU
		{CAFAAACD-438A-4DEC-95BF-6D36F636589B}.Release|ARM.Build.0 = Release|Any CPU
		{CAFAAACD-438A-4DEC-95BF-6D36F636589B}.Release|x64.ActiveCfg = Release|Any CPU
		{CAFAAACD-438A-4DEC-95BF-6D36F636589B}.Release|x64.Build.0 = Release|Any CPU
		{CAFAAACD-438A-4DEC-95BF-6D36F636589B}.Release|x86.ActiveCfg = Release|Any CPU
		{CAFAAACD-438A-4DEC-95BF-6D36F636589B}.Release|x86.Build.0 = Release|Any CPU
		{1F9EC59A-5646-4F28-ABEE-CF8DE432BED1}.Debug|Any CPU.ActiveCfg = Debug|Any CPU
		{1F9EC59A-5646-4F28-ABEE-CF8DE432BED1}.Debug|Any CPU.Build.0 = Debug|Any CPU
		{1F9EC59A-5646-4F28-ABEE-CF8DE432BED1}.Debug|ARM.ActiveCfg = Debug|Any CPU
		{1F9EC59A-5646-4F28-ABEE-CF8DE432BED1}.Debug|ARM.Build.0 = Debug|Any CPU
		{1F9EC59A-5646-4F28-ABEE-CF8DE432BED1}.Debug|x64.ActiveCfg = Debug|Any CPU
		{1F9EC59A-5646-4F28-ABEE-CF8DE432BED1}.Debug|x64.Build.0 = Debug|Any CPU
		{1F9EC59A-5646-4F28-ABEE-CF8DE432BED1}.Debug|x86.ActiveCfg = Debug|Any CPU
		{1F9EC59A-5646-4F28-ABEE-CF8DE432BED1}.Debug|x86.Build.0 = Debug|Any CPU
		{1F9EC59A-5646-4F28-ABEE-CF8DE432BED1}.Release|Any CPU.ActiveCfg = Release|Any CPU
		{1F9EC59A-5646-4F28-ABEE-CF8DE432BED1}.Release|Any CPU.Build.0 = Release|Any CPU
		{1F9EC59A-5646-4F28-ABEE-CF8DE432BED1}.Release|ARM.ActiveCfg = Release|Any CPU
		{1F9EC59A-5646-4F28-ABEE-CF8DE432BED1}.Release|ARM.Build.0 = Release|Any CPU
		{1F9EC59A-5646-4F28-ABEE-CF8DE432BED1}.Release|x64.ActiveCfg = Release|Any CPU
		{1F9EC59A-5646-4F28-ABEE-CF8DE432BED1}.Release|x64.Build.0 = Release|Any CPU
		{1F9EC59A-5646-4F28-ABEE-CF8DE432BED1}.Release|x86.ActiveCfg = Release|Any CPU
		{1F9EC59A-5646-4F28-ABEE-CF8DE432BED1}.Release|x86.Build.0 = Release|Any CPU
		{73093A98-AF6F-464A-AE21-2C0CB8E49EA3}.Debug|Any CPU.ActiveCfg = Debug|Any CPU
		{73093A98-AF6F-464A-AE21-2C0CB8E49EA3}.Debug|Any CPU.Build.0 = Debug|Any CPU
		{73093A98-AF6F-464A-AE21-2C0CB8E49EA3}.Debug|ARM.ActiveCfg = Debug|Any CPU
		{73093A98-AF6F-464A-AE21-2C0CB8E49EA3}.Debug|ARM.Build.0 = Debug|Any CPU
		{73093A98-AF6F-464A-AE21-2C0CB8E49EA3}.Debug|x64.ActiveCfg = Debug|Any CPU
		{73093A98-AF6F-464A-AE21-2C0CB8E49EA3}.Debug|x64.Build.0 = Debug|Any CPU
		{73093A98-AF6F-464A-AE21-2C0CB8E49EA3}.Debug|x86.ActiveCfg = Debug|Any CPU
		{73093A98-AF6F-464A-AE21-2C0CB8E49EA3}.Debug|x86.Build.0 = Debug|Any CPU
		{73093A98-AF6F-464A-AE21-2C0CB8E49EA3}.Release|Any CPU.ActiveCfg = Release|Any CPU
		{73093A98-AF6F-464A-AE21-2C0CB8E49EA3}.Release|Any CPU.Build.0 = Release|Any CPU
		{73093A98-AF6F-464A-AE21-2C0CB8E49EA3}.Release|ARM.ActiveCfg = Release|Any CPU
		{73093A98-AF6F-464A-AE21-2C0CB8E49EA3}.Release|ARM.Build.0 = Release|Any CPU
		{73093A98-AF6F-464A-AE21-2C0CB8E49EA3}.Release|x64.ActiveCfg = Release|Any CPU
		{73093A98-AF6F-464A-AE21-2C0CB8E49EA3}.Release|x64.Build.0 = Release|Any CPU
		{73093A98-AF6F-464A-AE21-2C0CB8E49EA3}.Release|x86.ActiveCfg = Release|Any CPU
		{73093A98-AF6F-464A-AE21-2C0CB8E49EA3}.Release|x86.Build.0 = Release|Any CPU
		{3378CD41-622B-4A4C-AC16-CAF7BCE7D0FF}.Debug|Any CPU.ActiveCfg = Debug|Any CPU
		{3378CD41-622B-4A4C-AC16-CAF7BCE7D0FF}.Debug|Any CPU.Build.0 = Debug|Any CPU
		{3378CD41-622B-4A4C-AC16-CAF7BCE7D0FF}.Debug|ARM.ActiveCfg = Debug|Any CPU
		{3378CD41-622B-4A4C-AC16-CAF7BCE7D0FF}.Debug|ARM.Build.0 = Debug|Any CPU
		{3378CD41-622B-4A4C-AC16-CAF7BCE7D0FF}.Debug|x64.ActiveCfg = Debug|Any CPU
		{3378CD41-622B-4A4C-AC16-CAF7BCE7D0FF}.Debug|x64.Build.0 = Debug|Any CPU
		{3378CD41-622B-4A4C-AC16-CAF7BCE7D0FF}.Debug|x86.ActiveCfg = Debug|Any CPU
		{3378CD41-622B-4A4C-AC16-CAF7BCE7D0FF}.Debug|x86.Build.0 = Debug|Any CPU
		{3378CD41-622B-4A4C-AC16-CAF7BCE7D0FF}.Release|Any CPU.ActiveCfg = Release|Any CPU
		{3378CD41-622B-4A4C-AC16-CAF7BCE7D0FF}.Release|Any CPU.Build.0 = Release|Any CPU
		{3378CD41-622B-4A4C-AC16-CAF7BCE7D0FF}.Release|ARM.ActiveCfg = Release|Any CPU
		{3378CD41-622B-4A4C-AC16-CAF7BCE7D0FF}.Release|ARM.Build.0 = Release|Any CPU
		{3378CD41-622B-4A4C-AC16-CAF7BCE7D0FF}.Release|x64.ActiveCfg = Release|Any CPU
		{3378CD41-622B-4A4C-AC16-CAF7BCE7D0FF}.Release|x64.Build.0 = Release|Any CPU
		{3378CD41-622B-4A4C-AC16-CAF7BCE7D0FF}.Release|x86.ActiveCfg = Release|Any CPU
		{3378CD41-622B-4A4C-AC16-CAF7BCE7D0FF}.Release|x86.Build.0 = Release|Any CPU
	EndGlobalSection
	GlobalSection(SolutionProperties) = preSolution
		HideSolutionNode = FALSE
	EndGlobalSection
	GlobalSection(NestedProjects) = preSolution
		{AF8EB2BF-3026-4897-984E-DCAFFAC0644E} = {6EE5CBBB-5BC9-47BB-9CE5-9099B0A91BAB}
		{0F8DA38C-5C65-4545-BFF0-C40EC0CE40B4} = {6EE5CBBB-5BC9-47BB-9CE5-9099B0A91BAB}
		{CAFAAACD-438A-4DEC-95BF-6D36F636589B} = {6EE5CBBB-5BC9-47BB-9CE5-9099B0A91BAB}
		{1F9EC59A-5646-4F28-ABEE-CF8DE432BED1} = {6EE5CBBB-5BC9-47BB-9CE5-9099B0A91BAB}
		{73093A98-AF6F-464A-AE21-2C0CB8E49EA3} = {6EE5CBBB-5BC9-47BB-9CE5-9099B0A91BAB}
		{3378CD41-622B-4A4C-AC16-CAF7BCE7D0FF} = {6EE5CBBB-5BC9-47BB-9CE5-9099B0A91BAB}
	EndGlobalSection
	GlobalSection(ExtensibilityGlobals) = postSolution
		SolutionGuid = {07A44726-8749-4A9A-8079-FA3C3213BDC1}
	EndGlobalSection
EndGlobal
