
Microsoft Visual Studio Solution File, Format Version 12.00
# Visual Studio Version 17
VisualStudioVersion = 17.0.31903.59
MinimumVisualStudioVersion = 10.0.40219.1
Project("{FAE04EC0-301F-11D3-BF4B-00C04F79EFBC}") = "Nethereum.MainnetChain.AppHost", "Nethereum.MainnetChain.AppHost\Nethereum.MainnetChain.AppHost.csproj", "{EDA9BECF-F390-4D6F-B7B4-0A964FD91878}"
EndProject
Project("{FAE04EC0-301F-11D3-BF4B-00C04F79EFBC}") = "Nethereum.MainnetChain.Server", "..\..\src\Nethereum.MainnetChain.Server\Nethereum.MainnetChain.Server.csproj", "{E7CAF878-9156-4CE5-A3C0-936C554F5538}"
EndProject
Project("{FAE04EC0-301F-11D3-BF4B-00C04F79EFBC}") = "Nethereum.MainnetChain", "..\..\src\Nethereum.MainnetChain\Nethereum.MainnetChain.csproj", "{9C98918D-AF81-462B-9294-FBB49BE4AF64}"
EndProject
Project("{FAE04EC0-301F-11D3-BF4B-00C04F79EFBC}") = "Nethereum.CoreChain", "..\..\src\Nethereum.CoreChain\Nethereum.CoreChain.csproj", "{A6F31482-664D-4E29-AE48-4BEA38E4EC74}"
EndProject
Project("{FAE04EC0-301F-11D3-BF4B-00C04F79EFBC}") = "Nethereum.Model", "..\..\src\Nethereum.Model\Nethereum.Model.csproj", "{45F27D77-F7EF-44F5-83BD-67918E6A7554}"
EndProject
Project("{FAE04EC0-301F-11D3-BF4B-00C04F79EFBC}") = "Nethereum.RLP", "..\..\src\Nethereum.RLP\Nethereum.RLP.csproj", "{25DC32DC-3813-4D8F-8AF5-84FEC11CCC8A}"
EndProject
Project("{FAE04EC0-301F-11D3-BF4B-00C04F79EFBC}") = "Nethereum.Hex", "..\..\src\Nethereum.Hex\Nethereum.Hex.csproj", "{551F5A8E-59CA-4C6A-AF13-B33765205229}"
EndProject
Project("{FAE04EC0-301F-11D3-BF4B-00C04F79EFBC}") = "Nethereum.Util", "..\..\src\Nethereum.Util\Nethereum.Util.csproj", "{4A0524E0-46F5-481B-9AB8-DFC1B36642F9}"
EndProject
Project("{FAE04EC0-301F-11D3-BF4B-00C04F79EFBC}") = "Nethereum.Merkle.Binary", "..\..\src\Nethereum.Merkle.Binary\Nethereum.Merkle.Binary.csproj", "{608E32D6-FABA-43A3-9137-6E752D68B8EF}"
EndProject
Project("{FAE04EC0-301F-11D3-BF4B-00C04F79EFBC}") = "Nethereum.Merkle.Patricia", "..\..\src\Nethereum.Merkle.Patricia\Nethereum.Merkle.Patricia.csproj", "{DF00139D-AEA6-4B0C-857D-DF54E342502E}"
EndProject
Project("{FAE04EC0-301F-11D3-BF4B-00C04F79EFBC}") = "Nethereum.EVM", "..\..\src\Nethereum.EVM\Nethereum.EVM.csproj", "{0E371BCB-0841-4009-8971-909ABF3F80EA}"
EndProject
Project("{FAE04EC0-301F-11D3-BF4B-00C04F79EFBC}") = "Nethereum.ABI", "..\..\src\Nethereum.ABI\Nethereum.ABI.csproj", "{EE0CB99A-56BB-4EA8-BD7B-B4393476C94B}"
EndProject
Project("{FAE04EC0-301F-11D3-BF4B-00C04F79EFBC}") = "Nethereum.Contracts", "..\..\src\Nethereum.Contracts\Nethereum.Contracts.csproj", "{49DE2555-C866-46F2-9F80-EE5C22C7635C}"
EndProject
Project("{FAE04EC0-301F-11D3-BF4B-00C04F79EFBC}") = "Nethereum.RPC", "..\..\src\Nethereum.RPC\Nethereum.RPC.csproj", "{13E9CA09-D836-48B4-ABD8-37F5CCBF0D97}"
EndProject
Project("{FAE04EC0-301F-11D3-BF4B-00C04F79EFBC}") = "Nethereum.JsonRpc.Client", "..\..\src\Nethereum.JsonRpc.Client\Nethereum.JsonRpc.Client.csproj", "{25EFE9CC-0D99-471E-915A-A63BADFED6C2}"
EndProject
Project("{FAE04EC0-301F-11D3-BF4B-00C04F79EFBC}") = "Nethereum.Util.Rest", "..\..\src\Nethereum.Util.Rest\Nethereum.Util.Rest.csproj", "{61789A7B-2142-4132-8FF8-C774BC5BA166}"
EndProject
Project("{FAE04EC0-301F-11D3-BF4B-00C04F79EFBC}") = "Nethereum.Signer", "..\..\src\Nethereum.Signer\Nethereum.Signer.csproj", "{54419BA1-1E2C-41DF-BAB6-AE3B81212E64}"
EndProject
Project("{FAE04EC0-301F-11D3-BF4B-00C04F79EFBC}") = "Nethereum.EVM.Precompiles.Kzg", "..\..\src\Nethereum.EVM.Precompiles.Kzg\Nethereum.EVM.Precompiles.Kzg.csproj", "{772FAF33-F659-4E13-B8BA-B01C9AF09543}"
EndProject
Project("{FAE04EC0-301F-11D3-BF4B-00C04F79EFBC}") = "Nethereum.EVM.Precompiles.Bls", "..\..\src\Nethereum.EVM.Precompiles.Bls\Nethereum.EVM.Precompiles.Bls.csproj", "{E937C06E-1C64-48C4-8852-5CCCC6220C32}"
EndProject
Project("{FAE04EC0-301F-11D3-BF4B-00C04F79EFBC}") = "Nethereum.Signer.Bls", "..\..\src\Nethereum.Signer.Bls\Nethereum.Signer.Bls.csproj", "{63268DB2-0CB5-4DC7-A14F-0472DB8A5D89}"
EndProject
Project("{FAE04EC0-301F-11D3-BF4B-00C04F79EFBC}") = "Nethereum.CoreChain.RocksDB", "..\..\src\Nethereum.CoreChain.RocksDB\Nethereum.CoreChain.RocksDB.csproj", "{35BD023D-A491-460B-8995-F0039BAA95D3}"
EndProject
Project("{FAE04EC0-301F-11D3-BF4B-00C04F79EFBC}") = "Nethereum.DevP2P.Sync", "..\..\src\Nethereum.DevP2P.Sync\Nethereum.DevP2P.Sync.csproj", "{E6B35F73-C33B-4EE4-A357-B52A4390B936}"
EndProject
Project("{FAE04EC0-301F-11D3-BF4B-00C04F79EFBC}") = "Nethereum.DevP2P", "..\..\src\Nethereum.DevP2P\Nethereum.DevP2P.csproj", "{2CE2A466-C57A-4D28-99D1-8B803ACA2A95}"
EndProject
Project("{FAE04EC0-301F-11D3-BF4B-00C04F79EFBC}") = "Nethereum.Documentation", "..\..\src\Nethereum.Documentation\Nethereum.Documentation.csproj", "{6E279099-6B6C-4C9B-9CCA-C47D0ED30253}"
EndProject
Project("{FAE04EC0-301F-11D3-BF4B-00C04F79EFBC}") = "Nethereum.Consensus.LightClient", "..\..\src\Nethereum.Consensus.LightClient\Nethereum.Consensus.LightClient.csproj", "{DB8ED66B-BB6B-414F-BF12-07FE33B8B1FA}"
EndProject
Project("{FAE04EC0-301F-11D3-BF4B-00C04F79EFBC}") = "Nethereum.Beaconchain", "..\..\src\Nethereum.Beaconchain\Nethereum.Beaconchain.csproj", "{FCD4791C-A4EB-498B-B18F-55A0B2CD0B23}"
EndProject
Project("{FAE04EC0-301F-11D3-BF4B-00C04F79EFBC}") = "Nethereum.Consensus.Ssz", "..\..\src\Nethereum.Consensus.Ssz\Nethereum.Consensus.Ssz.csproj", "{A794177E-C39C-4F52-90F0-A7F633FA6359}"
EndProject
Project("{FAE04EC0-301F-11D3-BF4B-00C04F79EFBC}") = "Nethereum.Ssz", "..\..\src\Nethereum.Ssz\Nethereum.Ssz.csproj", "{FD2F691F-3C75-4E3E-992D-B3E25B39DC78}"
EndProject
Project("{FAE04EC0-301F-11D3-BF4B-00C04F79EFBC}") = "Nethereum.Aspire.ServiceDefaults", "..\shared\Nethereum.Aspire.ServiceDefaults\Nethereum.Aspire.ServiceDefaults.csproj", "{B10176E0-A5DC-4E24-A980-E004DB1F78A6}"
EndProject
Global
	GlobalSection(SolutionConfigurationPlatforms) = preSolution
		Debug|Any CPU = Debug|Any CPU
		Debug|x64 = Debug|x64
		Debug|x86 = Debug|x86
		Release|Any CPU = Release|Any CPU
		Release|x64 = Release|x64
		Release|x86 = Release|x86
	EndGlobalSection
	GlobalSection(ProjectConfigurationPlatforms) = postSolution
		{EDA9BECF-F390-4D6F-B7B4-0A964FD91878}.Debug|Any CPU.ActiveCfg = Debug|Any CPU
		{EDA9BECF-F390-4D6F-B7B4-0A964FD91878}.Debug|Any CPU.Build.0 = Debug|Any CPU
		{EDA9BECF-F390-4D6F-B7B4-0A964FD91878}.Debug|x64.ActiveCfg = Debug|Any CPU
		{EDA9BECF-F390-4D6F-B7B4-0A964FD91878}.Debug|x64.Build.0 = Debug|Any CPU
		{EDA9BECF-F390-4D6F-B7B4-0A964FD91878}.Debug|x86.ActiveCfg = Debug|Any CPU
		{EDA9BECF-F390-4D6F-B7B4-0A964FD91878}.Debug|x86.Build.0 = Debug|Any CPU
		{EDA9BECF-F390-4D6F-B7B4-0A964FD91878}.Release|Any CPU.ActiveCfg = Release|Any CPU
		{EDA9BECF-F390-4D6F-B7B4-0A964FD91878}.Release|Any CPU.Build.0 = Release|Any CPU
		{EDA9BECF-F390-4D6F-B7B4-0A964FD91878}.Release|x64.ActiveCfg = Release|Any CPU
		{EDA9BECF-F390-4D6F-B7B4-0A964FD91878}.Release|x64.Build.0 = Release|Any CPU
		{EDA9BECF-F390-4D6F-B7B4-0A964FD91878}.Release|x86.ActiveCfg = Release|Any CPU
		{EDA9BECF-F390-4D6F-B7B4-0A964FD91878}.Release|x86.Build.0 = Release|Any CPU
		{E7CAF878-9156-4CE5-A3C0-936C554F5538}.Debug|Any CPU.ActiveCfg = Debug|Any CPU
		{E7CAF878-9156-4CE5-A3C0-936C554F5538}.Debug|Any CPU.Build.0 = Debug|Any CPU
		{E7CAF878-9156-4CE5-A3C0-936C554F5538}.Debug|x64.ActiveCfg = Debug|Any CPU
		{E7CAF878-9156-4CE5-A3C0-936C554F5538}.Debug|x64.Build.0 = Debug|Any CPU
		{E7CAF878-9156-4CE5-A3C0-936C554F5538}.Debug|x86.ActiveCfg = Debug|Any CPU
		{E7CAF878-9156-4CE5-A3C0-936C554F5538}.Debug|x86.Build.0 = Debug|Any CPU
		{E7CAF878-9156-4CE5-A3C0-936C554F5538}.Release|Any CPU.ActiveCfg = Release|Any CPU
		{E7CAF878-9156-4CE5-A3C0-936C554F5538}.Release|Any CPU.Build.0 = Release|Any CPU
		{E7CAF878-9156-4CE5-A3C0-936C554F5538}.Release|x64.ActiveCfg = Release|Any CPU
		{E7CAF878-9156-4CE5-A3C0-936C554F5538}.Release|x64.Build.0 = Release|Any CPU
		{E7CAF878-9156-4CE5-A3C0-936C554F5538}.Release|x86.ActiveCfg = Release|Any CPU
		{E7CAF878-9156-4CE5-A3C0-936C554F5538}.Release|x86.Build.0 = Release|Any CPU
		{9C98918D-AF81-462B-9294-FBB49BE4AF64}.Debug|Any CPU.ActiveCfg = Debug|Any CPU
		{9C98918D-AF81-462B-9294-FBB49BE4AF64}.Debug|Any CPU.Build.0 = Debug|Any CPU
		{9C98918D-AF81-462B-9294-FBB49BE4AF64}.Debug|x64.ActiveCfg = Debug|Any CPU
		{9C98918D-AF81-462B-9294-FBB49BE4AF64}.Debug|x64.Build.0 = Debug|Any CPU
		{9C98918D-AF81-462B-9294-FBB49BE4AF64}.Debug|x86.ActiveCfg = Debug|Any CPU
		{9C98918D-AF81-462B-9294-FBB49BE4AF64}.Debug|x86.Build.0 = Debug|Any CPU
		{9C98918D-AF81-462B-9294-FBB49BE4AF64}.Release|Any CPU.ActiveCfg = Release|Any CPU
		{9C98918D-AF81-462B-9294-FBB49BE4AF64}.Release|Any CPU.Build.0 = Release|Any CPU
		{9C98918D-AF81-462B-9294-FBB49BE4AF64}.Release|x64.ActiveCfg = Release|Any CPU
		{9C98918D-AF81-462B-9294-FBB49BE4AF64}.Release|x64.Build.0 = Release|Any CPU
		{9C98918D-AF81-462B-9294-FBB49BE4AF64}.Release|x86.ActiveCfg = Release|Any CPU
		{9C98918D-AF81-462B-9294-FBB49BE4AF64}.Release|x86.Build.0 = Release|Any CPU
		{A6F31482-664D-4E29-AE48-4BEA38E4EC74}.Debug|Any CPU.ActiveCfg = Debug|Any CPU
		{A6F31482-664D-4E29-AE48-4BEA38E4EC74}.Debug|Any CPU.Build.0 = Debug|Any CPU
		{A6F31482-664D-4E29-AE48-4BEA38E4EC74}.Debug|x64.ActiveCfg = Debug|Any CPU
		{A6F31482-664D-4E29-AE48-4BEA38E4EC74}.Debug|x64.Build.0 = Debug|Any CPU
		{A6F31482-664D-4E29-AE48-4BEA38E4EC74}.Debug|x86.ActiveCfg = Debug|Any CPU
		{A6F31482-664D-4E29-AE48-4BEA38E4EC74}.Debug|x86.Build.0 = Debug|Any CPU
		{A6F31482-664D-4E29-AE48-4BEA38E4EC74}.Release|Any CPU.ActiveCfg = Release|Any CPU
		{A6F31482-664D-4E29-AE48-4BEA38E4EC74}.Release|Any CPU.Build.0 = Release|Any CPU
		{A6F31482-664D-4E29-AE48-4BEA38E4EC74}.Release|x64.ActiveCfg = Release|Any CPU
		{A6F31482-664D-4E29-AE48-4BEA38E4EC74}.Release|x64.Build.0 = Release|Any CPU
		{A6F31482-664D-4E29-AE48-4BEA38E4EC74}.Release|x86.ActiveCfg = Release|Any CPU
		{A6F31482-664D-4E29-AE48-4BEA38E4EC74}.Release|x86.Build.0 = Release|Any CPU
		{45F27D77-F7EF-44F5-83BD-67918E6A7554}.Debug|Any CPU.ActiveCfg = Debug|Any CPU
		{45F27D77-F7EF-44F5-83BD-67918E6A7554}.Debug|Any CPU.Build.0 = Debug|Any CPU
		{45F27D77-F7EF-44F5-83BD-67918E6A7554}.Debug|x64.ActiveCfg = Debug|Any CPU
		{45F27D77-F7EF-44F5-83BD-67918E6A7554}.Debug|x64.Build.0 = Debug|Any CPU
		{45F27D77-F7EF-44F5-83BD-67918E6A7554}.Debug|x86.ActiveCfg = Debug|Any CPU
		{45F27D77-F7EF-44F5-83BD-67918E6A7554}.Debug|x86.Build.0 = Debug|Any CPU
		{45F27D77-F7EF-44F5-83BD-67918E6A7554}.Release|Any CPU.ActiveCfg = Release|Any CPU
		{45F27D77-F7EF-44F5-83BD-67918E6A7554}.Release|Any CPU.Build.0 = Release|Any CPU
		{45F27D77-F7EF-44F5-83BD-67918E6A7554}.Release|x64.ActiveCfg = Release|Any CPU
		{45F27D77-F7EF-44F5-83BD-67918E6A7554}.Release|x64.Build.0 = Release|Any CPU
		{45F27D77-F7EF-44F5-83BD-67918E6A7554}.Release|x86.ActiveCfg = Release|Any CPU
		{45F27D77-F7EF-44F5-83BD-67918E6A7554}.Release|x86.Build.0 = Release|Any CPU
		{25DC32DC-3813-4D8F-8AF5-84FEC11CCC8A}.Debug|Any CPU.ActiveCfg = Debug|Any CPU
		{25DC32DC-3813-4D8F-8AF5-84FEC11CCC8A}.Debug|Any CPU.Build.0 = Debug|Any CPU
		{25DC32DC-3813-4D8F-8AF5-84FEC11CCC8A}.Debug|x64.ActiveCfg = Debug|Any CPU
		{25DC32DC-3813-4D8F-8AF5-84FEC11CCC8A}.Debug|x64.Build.0 = Debug|Any CPU
		{25DC32DC-3813-4D8F-8AF5-84FEC11CCC8A}.Debug|x86.ActiveCfg = Debug|Any CPU
		{25DC32DC-3813-4D8F-8AF5-84FEC11CCC8A}.Debug|x86.Build.0 = Debug|Any CPU
		{25DC32DC-3813-4D8F-8AF5-84FEC11CCC8A}.Release|Any CPU.ActiveCfg = Release|Any CPU
		{25DC32DC-3813-4D8F-8AF5-84FEC11CCC8A}.Release|Any CPU.Build.0 = Release|Any CPU
		{25DC32DC-3813-4D8F-8AF5-84FEC11CCC8A}.Release|x64.ActiveCfg = Release|Any CPU
		{25DC32DC-3813-4D8F-8AF5-84FEC11CCC8A}.Release|x64.Build.0 = Release|Any CPU
		{25DC32DC-3813-4D8F-8AF5-84FEC11CCC8A}.Release|x86.ActiveCfg = Release|Any CPU
		{25DC32DC-3813-4D8F-8AF5-84FEC11CCC8A}.Release|x86.Build.0 = Release|Any CPU
		{551F5A8E-59CA-4C6A-AF13-B33765205229}.Debug|Any CPU.ActiveCfg = Debug|Any CPU
		{551F5A8E-59CA-4C6A-AF13-B33765205229}.Debug|Any CPU.Build.0 = Debug|Any CPU
		{551F5A8E-59CA-4C6A-AF13-B33765205229}.Debug|x64.ActiveCfg = Debug|Any CPU
		{551F5A8E-59CA-4C6A-AF13-B33765205229}.Debug|x64.Build.0 = Debug|Any CPU
		{551F5A8E-59CA-4C6A-AF13-B33765205229}.Debug|x86.ActiveCfg = Debug|Any CPU
		{551F5A8E-59CA-4C6A-AF13-B33765205229}.Debug|x86.Build.0 = Debug|Any CPU
		{551F5A8E-59CA-4C6A-AF13-B33765205229}.Release|Any CPU.ActiveCfg = Release|Any CPU
		{551F5A8E-59CA-4C6A-AF13-B33765205229}.Release|Any CPU.Build.0 = Release|Any CPU
		{551F5A8E-59CA-4C6A-AF13-B33765205229}.Release|x64.ActiveCfg = Release|Any CPU
		{551F5A8E-59CA-4C6A-AF13-B33765205229}.Release|x64.Build.0 = Release|Any CPU
		{551F5A8E-59CA-4C6A-AF13-B33765205229}.Release|x86.ActiveCfg = Release|Any CPU
		{551F5A8E-59CA-4C6A-AF13-B33765205229}.Release|x86.Build.0 = Release|Any CPU
		{4A0524E0-46F5-481B-9AB8-DFC1B36642F9}.Debug|Any CPU.ActiveCfg = Debug|Any CPU
		{4A0524E0-46F5-481B-9AB8-DFC1B36642F9}.Debug|Any CPU.Build.0 = Debug|Any CPU
		{4A0524E0-46F5-481B-9AB8-DFC1B36642F9}.Debug|x64.ActiveCfg = Debug|Any CPU
		{4A0524E0-46F5-481B-9AB8-DFC1B36642F9}.Debug|x64.Build.0 = Debug|Any CPU
		{4A0524E0-46F5-481B-9AB8-DFC1B36642F9}.Debug|x86.ActiveCfg = Debug|Any CPU
		{4A0524E0-46F5-481B-9AB8-DFC1B36642F9}.Debug|x86.Build.0 = Debug|Any CPU
		{4A0524E0-46F5-481B-9AB8-DFC1B36642F9}.Release|Any CPU.ActiveCfg = Release|Any CPU
		{4A0524E0-46F5-481B-9AB8-DFC1B36642F9}.Release|Any CPU.Build.0 = Release|Any CPU
		{4A0524E0-46F5-481B-9AB8-DFC1B36642F9}.Release|x64.ActiveCfg = Release|Any CPU
		{4A0524E0-46F5-481B-9AB8-DFC1B36642F9}.Release|x64.Build.0 = Release|Any CPU
		{4A0524E0-46F5-481B-9AB8-DFC1B36642F9}.Release|x86.ActiveCfg = Release|Any CPU
		{4A0524E0-46F5-481B-9AB8-DFC1B36642F9}.Release|x86.Build.0 = Release|Any CPU
		{608E32D6-FABA-43A3-9137-6E752D68B8EF}.Debug|Any CPU.ActiveCfg = Debug|Any CPU
		{608E32D6-FABA-43A3-9137-6E752D68B8EF}.Debug|Any CPU.Build.0 = Debug|Any CPU
		{608E32D6-FABA-43A3-9137-6E752D68B8EF}.Debug|x64.ActiveCfg = Debug|Any CPU
		{608E32D6-FABA-43A3-9137-6E752D68B8EF}.Debug|x64.Build.0 = Debug|Any CPU
		{608E32D6-FABA-43A3-9137-6E752D68B8EF}.Debug|x86.ActiveCfg = Debug|Any CPU
		{608E32D6-FABA-43A3-9137-6E752D68B8EF}.Debug|x86.Build.0 = Debug|Any CPU
		{608E32D6-FABA-43A3-9137-6E752D68B8EF}.Release|Any CPU.ActiveCfg = Release|Any CPU
		{608E32D6-FABA-43A3-9137-6E752D68B8EF}.Release|Any CPU.Build.0 = Release|Any CPU
		{608E32D6-FABA-43A3-9137-6E752D68B8EF}.Release|x64.ActiveCfg = Release|Any CPU
		{608E32D6-FABA-43A3-9137-6E752D68B8EF}.Release|x64.Build.0 = Release|Any CPU
		{608E32D6-FABA-43A3-9137-6E752D68B8EF}.Release|x86.ActiveCfg = Release|Any CPU
		{608E32D6-FABA-43A3-9137-6E752D68B8EF}.Release|x86.Build.0 = Release|Any CPU
		{DF00139D-AEA6-4B0C-857D-DF54E342502E}.Debug|Any CPU.ActiveCfg = Debug|Any CPU
		{DF00139D-AEA6-4B0C-857D-DF54E342502E}.Debug|Any CPU.Build.0 = Debug|Any CPU
		{DF00139D-AEA6-4B0C-857D-DF54E342502E}.Debug|x64.ActiveCfg = Debug|Any CPU
		{DF00139D-AEA6-4B0C-857D-DF54E342502E}.Debug|x64.Build.0 = Debug|Any CPU
		{DF00139D-AEA6-4B0C-857D-DF54E342502E}.Debug|x86.ActiveCfg = Debug|Any CPU
		{DF00139D-AEA6-4B0C-857D-DF54E342502E}.Debug|x86.Build.0 = Debug|Any CPU
		{DF00139D-AEA6-4B0C-857D-DF54E342502E}.Release|Any CPU.ActiveCfg = Release|Any CPU
		{DF00139D-AEA6-4B0C-857D-DF54E342502E}.Release|Any CPU.Build.0 = Release|Any CPU
		{DF00139D-AEA6-4B0C-857D-DF54E342502E}.Release|x64.ActiveCfg = Release|Any CPU
		{DF00139D-AEA6-4B0C-857D-DF54E342502E}.Release|x64.Build.0 = Release|Any CPU
		{DF00139D-AEA6-4B0C-857D-DF54E342502E}.Release|x86.ActiveCfg = Release|Any CPU
		{DF00139D-AEA6-4B0C-857D-DF54E342502E}.Release|x86.Build.0 = Release|Any CPU
		{0E371BCB-0841-4009-8971-909ABF3F80EA}.Debug|Any CPU.ActiveCfg = Debug|Any CPU
		{0E371BCB-0841-4009-8971-909ABF3F80EA}.Debug|Any CPU.Build.0 = Debug|Any CPU
		{0E371BCB-0841-4009-8971-909ABF3F80EA}.Debug|x64.ActiveCfg = Debug|Any CPU
		{0E371BCB-0841-4009-8971-909ABF3F80EA}.Debug|x64.Build.0 = Debug|Any CPU
		{0E371BCB-0841-4009-8971-909ABF3F80EA}.Debug|x86.ActiveCfg = Debug|Any CPU
		{0E371BCB-0841-4009-8971-909ABF3F80EA}.Debug|x86.Build.0 = Debug|Any CPU
		{0E371BCB-0841-4009-8971-909ABF3F80EA}.Release|Any CPU.ActiveCfg = Release|Any CPU
		{0E371BCB-0841-4009-8971-909ABF3F80EA}.Release|Any CPU.Build.0 = Release|Any CPU
		{0E371BCB-0841-4009-8971-909ABF3F80EA}.Release|x64.ActiveCfg = Release|Any CPU
		{0E371BCB-0841-4009-8971-909ABF3F80EA}.Release|x64.Build.0 = Release|Any CPU
		{0E371BCB-0841-4009-8971-909ABF3F80EA}.Release|x86.ActiveCfg = Release|Any CPU
		{0E371BCB-0841-4009-8971-909ABF3F80EA}.Release|x86.Build.0 = Release|Any CPU
		{EE0CB99A-56BB-4EA8-BD7B-B4393476C94B}.Debug|Any CPU.ActiveCfg = Debug|Any CPU
		{EE0CB99A-56BB-4EA8-BD7B-B4393476C94B}.Debug|Any CPU.Build.0 = Debug|Any CPU
		{EE0CB99A-56BB-4EA8-BD7B-B4393476C94B}.Debug|x64.ActiveCfg = Debug|Any CPU
		{EE0CB99A-56BB-4EA8-BD7B-B4393476C94B}.Debug|x64.Build.0 = Debug|Any CPU
		{EE0CB99A-56BB-4EA8-BD7B-B4393476C94B}.Debug|x86.ActiveCfg = Debug|Any CPU
		{EE0CB99A-56BB-4EA8-BD7B-B4393476C94B}.Debug|x86.Build.0 = Debug|Any CPU
		{EE0CB99A-56BB-4EA8-BD7B-B4393476C94B}.Release|Any CPU.ActiveCfg = Release|Any CPU
		{EE0CB99A-56BB-4EA8-BD7B-B4393476C94B}.Release|Any CPU.Build.0 = Release|Any CPU
		{EE0CB99A-56BB-4EA8-BD7B-B4393476C94B}.Release|x64.ActiveCfg = Release|Any CPU
		{EE0CB99A-56BB-4EA8-BD7B-B4393476C94B}.Release|x64.Build.0 = Release|Any CPU
		{EE0CB99A-56BB-4EA8-BD7B-B4393476C94B}.Release|x86.ActiveCfg = Release|Any CPU
		{EE0CB99A-56BB-4EA8-BD7B-B4393476C94B}.Release|x86.Build.0 = Release|Any CPU
		{49DE2555-C866-46F2-9F80-EE5C22C7635C}.Debug|Any CPU.ActiveCfg = Debug|Any CPU
		{49DE2555-C866-46F2-9F80-EE5C22C7635C}.Debug|Any CPU.Build.0 = Debug|Any CPU
		{49DE2555-C866-46F2-9F80-EE5C22C7635C}.Debug|x64.ActiveCfg = Debug|Any CPU
		{49DE2555-C866-46F2-9F80-EE5C22C7635C}.Debug|x64.Build.0 = Debug|Any CPU
		{49DE2555-C866-46F2-9F80-EE5C22C7635C}.Debug|x86.ActiveCfg = Debug|Any CPU
		{49DE2555-C866-46F2-9F80-EE5C22C7635C}.Debug|x86.Build.0 = Debug|Any CPU
		{49DE2555-C866-46F2-9F80-EE5C22C7635C}.Release|Any CPU.ActiveCfg = Release|Any CPU
		{49DE2555-C866-46F2-9F80-EE5C22C7635C}.Release|Any CPU.Build.0 = Release|Any CPU
		{49DE2555-C866-46F2-9F80-EE5C22C7635C}.Release|x64.ActiveCfg = Release|Any CPU
		{49DE2555-C866-46F2-9F80-EE5C22C7635C}.Release|x64.Build.0 = Release|Any CPU
		{49DE2555-C866-46F2-9F80-EE5C22C7635C}.Release|x86.ActiveCfg = Release|Any CPU
		{49DE2555-C866-46F2-9F80-EE5C22C7635C}.Release|x86.Build.0 = Release|Any CPU
		{13E9CA09-D836-48B4-ABD8-37F5CCBF0D97}.Debug|Any CPU.ActiveCfg = Debug|Any CPU
		{13E9CA09-D836-48B4-ABD8-37F5CCBF0D97}.Debug|Any CPU.Build.0 = Debug|Any CPU
		{13E9CA09-D836-48B4-ABD8-37F5CCBF0D97}.Debug|x64.ActiveCfg = Debug|Any CPU
		{13E9CA09-D836-48B4-ABD8-37F5CCBF0D97}.Debug|x64.Build.0 = Debug|Any CPU
		{13E9CA09-D836-48B4-ABD8-37F5CCBF0D97}.Debug|x86.ActiveCfg = Debug|Any CPU
		{13E9CA09-D836-48B4-ABD8-37F5CCBF0D97}.Debug|x86.Build.0 = Debug|Any CPU
		{13E9CA09-D836-48B4-ABD8-37F5CCBF0D97}.Release|Any CPU.ActiveCfg = Release|Any CPU
		{13E9CA09-D836-48B4-ABD8-37F5CCBF0D97}.Release|Any CPU.Build.0 = Release|Any CPU
		{13E9CA09-D836-48B4-ABD8-37F5CCBF0D97}.Release|x64.ActiveCfg = Release|Any CPU
		{13E9CA09-D836-48B4-ABD8-37F5CCBF0D97}.Release|x64.Build.0 = Release|Any CPU
		{13E9CA09-D836-48B4-ABD8-37F5CCBF0D97}.Release|x86.ActiveCfg = Release|Any CPU
		{13E9CA09-D836-48B4-ABD8-37F5CCBF0D97}.Release|x86.Build.0 = Release|Any CPU
		{25EFE9CC-0D99-471E-915A-A63BADFED6C2}.Debug|Any CPU.ActiveCfg = Debug|Any CPU
		{25EFE9CC-0D99-471E-915A-A63BADFED6C2}.Debug|Any CPU.Build.0 = Debug|Any CPU
		{25EFE9CC-0D99-471E-915A-A63BADFED6C2}.Debug|x64.ActiveCfg = Debug|Any CPU
		{25EFE9CC-0D99-471E-915A-A63BADFED6C2}.Debug|x64.Build.0 = Debug|Any CPU
		{25EFE9CC-0D99-471E-915A-A63BADFED6C2}.Debug|x86.ActiveCfg = Debug|Any CPU
		{25EFE9CC-0D99-471E-915A-A63BADFED6C2}.Debug|x86.Build.0 = Debug|Any CPU
		{25EFE9CC-0D99-471E-915A-A63BADFED6C2}.Release|Any CPU.ActiveCfg = Release|Any CPU
		{25EFE9CC-0D99-471E-915A-A63BADFED6C2}.Release|Any CPU.Build.0 = Release|Any CPU
		{25EFE9CC-0D99-471E-915A-A63BADFED6C2}.Release|x64.ActiveCfg = Release|Any CPU
		{25EFE9CC-0D99-471E-915A-A63BADFED6C2}.Release|x64.Build.0 = Release|Any CPU
		{25EFE9CC-0D99-471E-915A-A63BADFED6C2}.Release|x86.ActiveCfg = Release|Any CPU
		{25EFE9CC-0D99-471E-915A-A63BADFED6C2}.Release|x86.Build.0 = Release|Any CPU
		{61789A7B-2142-4132-8FF8-C774BC5BA166}.Debug|Any CPU.ActiveCfg = Debug|Any CPU
		{61789A7B-2142-4132-8FF8-C774BC5BA166}.Debug|Any CPU.Build.0 = Debug|Any CPU
		{61789A7B-2142-4132-8FF8-C774BC5BA166}.Debug|x64.ActiveCfg = Debug|Any CPU
		{61789A7B-2142-4132-8FF8-C774BC5BA166}.Debug|x64.Build.0 = Debug|Any CPU
		{61789A7B-2142-4132-8FF8-C774BC5BA166}.Debug|x86.ActiveCfg = Debug|Any CPU
		{61789A7B-2142-4132-8FF8-C774BC5BA166}.Debug|x86.Build.0 = Debug|Any CPU
		{61789A7B-2142-4132-8FF8-C774BC5BA166}.Release|Any CPU.ActiveCfg = Release|Any CPU
		{61789A7B-2142-4132-8FF8-C774BC5BA166}.Release|Any CPU.Build.0 = Release|Any CPU
		{61789A7B-2142-4132-8FF8-C774BC5BA166}.Release|x64.ActiveCfg = Release|Any CPU
		{61789A7B-2142-4132-8FF8-C774BC5BA166}.Release|x64.Build.0 = Release|Any CPU
		{61789A7B-2142-4132-8FF8-C774BC5BA166}.Release|x86.ActiveCfg = Release|Any CPU
		{61789A7B-2142-4132-8FF8-C774BC5BA166}.Release|x86.Build.0 = Release|Any CPU
		{54419BA1-1E2C-41DF-BAB6-AE3B81212E64}.Debug|Any CPU.ActiveCfg = Debug|Any CPU
		{54419BA1-1E2C-41DF-BAB6-AE3B81212E64}.Debug|Any CPU.Build.0 = Debug|Any CPU
		{54419BA1-1E2C-41DF-BAB6-AE3B81212E64}.Debug|x64.ActiveCfg = Debug|Any CPU
		{54419BA1-1E2C-41DF-BAB6-AE3B81212E64}.Debug|x64.Build.0 = Debug|Any CPU
		{54419BA1-1E2C-41DF-BAB6-AE3B81212E64}.Debug|x86.ActiveCfg = Debug|Any CPU
		{54419BA1-1E2C-41DF-BAB6-AE3B81212E64}.Debug|x86.Build.0 = Debug|Any CPU
		{54419BA1-1E2C-41DF-BAB6-AE3B81212E64}.Release|Any CPU.ActiveCfg = Release|Any CPU
		{54419BA1-1E2C-41DF-BAB6-AE3B81212E64}.Release|Any CPU.Build.0 = Release|Any CPU
		{54419BA1-1E2C-41DF-BAB6-AE3B81212E64}.Release|x64.ActiveCfg = Release|Any CPU
		{54419BA1-1E2C-41DF-BAB6-AE3B81212E64}.Release|x64.Build.0 = Release|Any CPU
		{54419BA1-1E2C-41DF-BAB6-AE3B81212E64}.Release|x86.ActiveCfg = Release|Any CPU
		{54419BA1-1E2C-41DF-BAB6-AE3B81212E64}.Release|x86.Build.0 = Release|Any CPU
		{772FAF33-F659-4E13-B8BA-B01C9AF09543}.Debug|Any CPU.ActiveCfg = Debug|Any CPU
		{772FAF33-F659-4E13-B8BA-B01C9AF09543}.Debug|Any CPU.Build.0 = Debug|Any CPU
		{772FAF33-F659-4E13-B8BA-B01C9AF09543}.Debug|x64.ActiveCfg = Debug|Any CPU
		{772FAF33-F659-4E13-B8BA-B01C9AF09543}.Debug|x64.Build.0 = Debug|Any CPU
		{772FAF33-F659-4E13-B8BA-B01C9AF09543}.Debug|x86.ActiveCfg = Debug|Any CPU
		{772FAF33-F659-4E13-B8BA-B01C9AF09543}.Debug|x86.Build.0 = Debug|Any CPU
		{772FAF33-F659-4E13-B8BA-B01C9AF09543}.Release|Any CPU.ActiveCfg = Release|Any CPU
		{772FAF33-F659-4E13-B8BA-B01C9AF09543}.Release|Any CPU.Build.0 = Release|Any CPU
		{772FAF33-F659-4E13-B8BA-B01C9AF09543}.Release|x64.ActiveCfg = Release|Any CPU
		{772FAF33-F659-4E13-B8BA-B01C9AF09543}.Release|x64.Build.0 = Release|Any CPU
		{772FAF33-F659-4E13-B8BA-B01C9AF09543}.Release|x86.ActiveCfg = Release|Any CPU
		{772FAF33-F659-4E13-B8BA-B01C9AF09543}.Release|x86.Build.0 = Release|Any CPU
		{E937C06E-1C64-48C4-8852-5CCCC6220C32}.Debug|Any CPU.ActiveCfg = Debug|Any CPU
		{E937C06E-1C64-48C4-8852-5CCCC6220C32}.Debug|Any CPU.Build.0 = Debug|Any CPU
		{E937C06E-1C64-48C4-8852-5CCCC6220C32}.Debug|x64.ActiveCfg = Debug|Any CPU
		{E937C06E-1C64-48C4-8852-5CCCC6220C32}.Debug|x64.Build.0 = Debug|Any CPU
		{E937C06E-1C64-48C4-8852-5CCCC6220C32}.Debug|x86.ActiveCfg = Debug|Any CPU
		{E937C06E-1C64-48C4-8852-5CCCC6220C32}.Debug|x86.Build.0 = Debug|Any CPU
		{E937C06E-1C64-48C4-8852-5CCCC6220C32}.Release|Any CPU.ActiveCfg = Release|Any CPU
		{E937C06E-1C64-48C4-8852-5CCCC6220C32}.Release|Any CPU.Build.0 = Release|Any CPU
		{E937C06E-1C64-48C4-8852-5CCCC6220C32}.Release|x64.ActiveCfg = Release|Any CPU
		{E937C06E-1C64-48C4-8852-5CCCC6220C32}.Release|x64.Build.0 = Release|Any CPU
		{E937C06E-1C64-48C4-8852-5CCCC6220C32}.Release|x86.ActiveCfg = Release|Any CPU
		{E937C06E-1C64-48C4-8852-5CCCC6220C32}.Release|x86.Build.0 = Release|Any CPU
		{63268DB2-0CB5-4DC7-A14F-0472DB8A5D89}.Debug|Any CPU.ActiveCfg = Debug|Any CPU
		{63268DB2-0CB5-4DC7-A14F-0472DB8A5D89}.Debug|Any CPU.Build.0 = Debug|Any CPU
		{63268DB2-0CB5-4DC7-A14F-0472DB8A5D89}.Debug|x64.ActiveCfg = Debug|Any CPU
		{63268DB2-0CB5-4DC7-A14F-0472DB8A5D89}.Debug|x64.Build.0 = Debug|Any CPU
		{63268DB2-0CB5-4DC7-A14F-0472DB8A5D89}.Debug|x86.ActiveCfg = Debug|Any CPU
		{63268DB2-0CB5-4DC7-A14F-0472DB8A5D89}.Debug|x86.Build.0 = Debug|Any CPU
		{63268DB2-0CB5-4DC7-A14F-0472DB8A5D89}.Release|Any CPU.ActiveCfg = Release|Any CPU
		{63268DB2-0CB5-4DC7-A14F-0472DB8A5D89}.Release|Any CPU.Build.0 = Release|Any CPU
		{63268DB2-0CB5-4DC7-A14F-0472DB8A5D89}.Release|x64.ActiveCfg = Release|Any CPU
		{63268DB2-0CB5-4DC7-A14F-0472DB8A5D89}.Release|x64.Build.0 = Release|Any CPU
		{63268DB2-0CB5-4DC7-A14F-0472DB8A5D89}.Release|x86.ActiveCfg = Release|Any CPU
		{63268DB2-0CB5-4DC7-A14F-0472DB8A5D89}.Release|x86.Build.0 = Release|Any CPU
		{35BD023D-A491-460B-8995-F0039BAA95D3}.Debug|Any CPU.ActiveCfg = Debug|Any CPU
		{35BD023D-A491-460B-8995-F0039BAA95D3}.Debug|Any CPU.Build.0 = Debug|Any CPU
		{35BD023D-A491-460B-8995-F0039BAA95D3}.Debug|x64.ActiveCfg = Debug|Any CPU
		{35BD023D-A491-460B-8995-F0039BAA95D3}.Debug|x64.Build.0 = Debug|Any CPU
		{35BD023D-A491-460B-8995-F0039BAA95D3}.Debug|x86.ActiveCfg = Debug|Any CPU
		{35BD023D-A491-460B-8995-F0039BAA95D3}.Debug|x86.Build.0 = Debug|Any CPU
		{35BD023D-A491-460B-8995-F0039BAA95D3}.Release|Any CPU.ActiveCfg = Release|Any CPU
		{35BD023D-A491-460B-8995-F0039BAA95D3}.Release|Any CPU.Build.0 = Release|Any CPU
		{35BD023D-A491-460B-8995-F0039BAA95D3}.Release|x64.ActiveCfg = Release|Any CPU
		{35BD023D-A491-460B-8995-F0039BAA95D3}.Release|x64.Build.0 = Release|Any CPU
		{35BD023D-A491-460B-8995-F0039BAA95D3}.Release|x86.ActiveCfg = Release|Any CPU
		{35BD023D-A491-460B-8995-F0039BAA95D3}.Release|x86.Build.0 = Release|Any CPU
		{E6B35F73-C33B-4EE4-A357-B52A4390B936}.Debug|Any CPU.ActiveCfg = Debug|Any CPU
		{E6B35F73-C33B-4EE4-A357-B52A4390B936}.Debug|Any CPU.Build.0 = Debug|Any CPU
		{E6B35F73-C33B-4EE4-A357-B52A4390B936}.Debug|x64.ActiveCfg = Debug|Any CPU
		{E6B35F73-C33B-4EE4-A357-B52A4390B936}.Debug|x64.Build.0 = Debug|Any CPU
		{E6B35F73-C33B-4EE4-A357-B52A4390B936}.Debug|x86.ActiveCfg = Debug|Any CPU
		{E6B35F73-C33B-4EE4-A357-B52A4390B936}.Debug|x86.Build.0 = Debug|Any CPU
		{E6B35F73-C33B-4EE4-A357-B52A4390B936}.Release|Any CPU.ActiveCfg = Release|Any CPU
		{E6B35F73-C33B-4EE4-A357-B52A4390B936}.Release|Any CPU.Build.0 = Release|Any CPU
		{E6B35F73-C33B-4EE4-A357-B52A4390B936}.Release|x64.ActiveCfg = Release|Any CPU
		{E6B35F73-C33B-4EE4-A357-B52A4390B936}.Release|x64.Build.0 = Release|Any CPU
		{E6B35F73-C33B-4EE4-A357-B52A4390B936}.Release|x86.ActiveCfg = Release|Any CPU
		{E6B35F73-C33B-4EE4-A357-B52A4390B936}.Release|x86.Build.0 = Release|Any CPU
		{2CE2A466-C57A-4D28-99D1-8B803ACA2A95}.Debug|Any CPU.ActiveCfg = Debug|Any CPU
		{2CE2A466-C57A-4D28-99D1-8B803ACA2A95}.Debug|Any CPU.Build.0 = Debug|Any CPU
		{2CE2A466-C57A-4D28-99D1-8B803ACA2A95}.Debug|x64.ActiveCfg = Debug|Any CPU
		{2CE2A466-C57A-4D28-99D1-8B803ACA2A95}.Debug|x64.Build.0 = Debug|Any CPU
		{2CE2A466-C57A-4D28-99D1-8B803ACA2A95}.Debug|x86.ActiveCfg = Debug|Any CPU
		{2CE2A466-C57A-4D28-99D1-8B803ACA2A95}.Debug|x86.Build.0 = Debug|Any CPU
		{2CE2A466-C57A-4D28-99D1-8B803ACA2A95}.Release|Any CPU.ActiveCfg = Release|Any CPU
		{2CE2A466-C57A-4D28-99D1-8B803ACA2A95}.Release|Any CPU.Build.0 = Release|Any CPU
		{2CE2A466-C57A-4D28-99D1-8B803ACA2A95}.Release|x64.ActiveCfg = Release|Any CPU
		{2CE2A466-C57A-4D28-99D1-8B803ACA2A95}.Release|x64.Build.0 = Release|Any CPU
		{2CE2A466-C57A-4D28-99D1-8B803ACA2A95}.Release|x86.ActiveCfg = Release|Any CPU
		{2CE2A466-C57A-4D28-99D1-8B803ACA2A95}.Release|x86.Build.0 = Release|Any CPU
		{6E279099-6B6C-4C9B-9CCA-C47D0ED30253}.Debug|Any CPU.ActiveCfg = Debug|Any CPU
		{6E279099-6B6C-4C9B-9CCA-C47D0ED30253}.Debug|Any CPU.Build.0 = Debug|Any CPU
		{6E279099-6B6C-4C9B-9CCA-C47D0ED30253}.Debug|x64.ActiveCfg = Debug|Any CPU
		{6E279099-6B6C-4C9B-9CCA-C47D0ED30253}.Debug|x64.Build.0 = Debug|Any CPU
		{6E279099-6B6C-4C9B-9CCA-C47D0ED30253}.Debug|x86.ActiveCfg = Debug|Any CPU
		{6E279099-6B6C-4C9B-9CCA-C47D0ED30253}.Debug|x86.Build.0 = Debug|Any CPU
		{6E279099-6B6C-4C9B-9CCA-C47D0ED30253}.Release|Any CPU.ActiveCfg = Release|Any CPU
		{6E279099-6B6C-4C9B-9CCA-C47D0ED30253}.Release|Any CPU.Build.0 = Release|Any CPU
		{6E279099-6B6C-4C9B-9CCA-C47D0ED30253}.Release|x64.ActiveCfg = Release|Any CPU
		{6E279099-6B6C-4C9B-9CCA-C47D0ED30253}.Release|x64.Build.0 = Release|Any CPU
		{6E279099-6B6C-4C9B-9CCA-C47D0ED30253}.Release|x86.ActiveCfg = Release|Any CPU
		{6E279099-6B6C-4C9B-9CCA-C47D0ED30253}.Release|x86.Build.0 = Release|Any CPU
		{DB8ED66B-BB6B-414F-BF12-07FE33B8B1FA}.Debug|Any CPU.ActiveCfg = Debug|Any CPU
		{DB8ED66B-BB6B-414F-BF12-07FE33B8B1FA}.Debug|Any CPU.Build.0 = Debug|Any CPU
		{DB8ED66B-BB6B-414F-BF12-07FE33B8B1FA}.Debug|x64.ActiveCfg = Debug|Any CPU
		{DB8ED66B-BB6B-414F-BF12-07FE33B8B1FA}.Debug|x64.Build.0 = Debug|Any CPU
		{DB8ED66B-BB6B-414F-BF12-07FE33B8B1FA}.Debug|x86.ActiveCfg = Debug|Any CPU
		{DB8ED66B-BB6B-414F-BF12-07FE33B8B1FA}.Debug|x86.Build.0 = Debug|Any CPU
		{DB8ED66B-BB6B-414F-BF12-07FE33B8B1FA}.Release|Any CPU.ActiveCfg = Release|Any CPU
		{DB8ED66B-BB6B-414F-BF12-07FE33B8B1FA}.Release|Any CPU.Build.0 = Release|Any CPU
		{DB8ED66B-BB6B-414F-BF12-07FE33B8B1FA}.Release|x64.ActiveCfg = Release|Any CPU
		{DB8ED66B-BB6B-414F-BF12-07FE33B8B1FA}.Release|x64.Build.0 = Release|Any CPU
		{DB8ED66B-BB6B-414F-BF12-07FE33B8B1FA}.Release|x86.ActiveCfg = Release|Any CPU
		{DB8ED66B-BB6B-414F-BF12-07FE33B8B1FA}.Release|x86.Build.0 = Release|Any CPU
		{FCD4791C-A4EB-498B-B18F-55A0B2CD0B23}.Debug|Any CPU.ActiveCfg = Debug|Any CPU
		{FCD4791C-A4EB-498B-B18F-55A0B2CD0B23}.Debug|Any CPU.Build.0 = Debug|Any CPU
		{FCD4791C-A4EB-498B-B18F-55A0B2CD0B23}.Debug|x64.ActiveCfg = Debug|Any CPU
		{FCD4791C-A4EB-498B-B18F-55A0B2CD0B23}.Debug|x64.Build.0 = Debug|Any CPU
		{FCD4791C-A4EB-498B-B18F-55A0B2CD0B23}.Debug|x86.ActiveCfg = Debug|Any CPU
		{FCD4791C-A4EB-498B-B18F-55A0B2CD0B23}.Debug|x86.Build.0 = Debug|Any CPU
		{FCD4791C-A4EB-498B-B18F-55A0B2CD0B23}.Release|Any CPU.ActiveCfg = Release|Any CPU
		{FCD4791C-A4EB-498B-B18F-55A0B2CD0B23}.Release|Any CPU.Build.0 = Release|Any CPU
		{FCD4791C-A4EB-498B-B18F-55A0B2CD0B23}.Release|x64.ActiveCfg = Release|Any CPU
		{FCD4791C-A4EB-498B-B18F-55A0B2CD0B23}.Release|x64.Build.0 = Release|Any CPU
		{FCD4791C-A4EB-498B-B18F-55A0B2CD0B23}.Release|x86.ActiveCfg = Release|Any CPU
		{FCD4791C-A4EB-498B-B18F-55A0B2CD0B23}.Release|x86.Build.0 = Release|Any CPU
		{A794177E-C39C-4F52-90F0-A7F633FA6359}.Debug|Any CPU.ActiveCfg = Debug|Any CPU
		{A794177E-C39C-4F52-90F0-A7F633FA6359}.Debug|Any CPU.Build.0 = Debug|Any CPU
		{A794177E-C39C-4F52-90F0-A7F633FA6359}.Debug|x64.ActiveCfg = Debug|Any CPU
		{A794177E-C39C-4F52-90F0-A7F633FA6359}.Debug|x64.Build.0 = Debug|Any CPU
		{A794177E-C39C-4F52-90F0-A7F633FA6359}.Debug|x86.ActiveCfg = Debug|Any CPU
		{A794177E-C39C-4F52-90F0-A7F633FA6359}.Debug|x86.Build.0 = Debug|Any CPU
		{A794177E-C39C-4F52-90F0-A7F633FA6359}.Release|Any CPU.ActiveCfg = Release|Any CPU
		{A794177E-C39C-4F52-90F0-A7F633FA6359}.Release|Any CPU.Build.0 = Release|Any CPU
		{A794177E-C39C-4F52-90F0-A7F633FA6359}.Release|x64.ActiveCfg = Release|Any CPU
		{A794177E-C39C-4F52-90F0-A7F633FA6359}.Release|x64.Build.0 = Release|Any CPU
		{A794177E-C39C-4F52-90F0-A7F633FA6359}.Release|x86.ActiveCfg = Release|Any CPU
		{A794177E-C39C-4F52-90F0-A7F633FA6359}.Release|x86.Build.0 = Release|Any CPU
		{FD2F691F-3C75-4E3E-992D-B3E25B39DC78}.Debug|Any CPU.ActiveCfg = Debug|Any CPU
		{FD2F691F-3C75-4E3E-992D-B3E25B39DC78}.Debug|Any CPU.Build.0 = Debug|Any CPU
		{FD2F691F-3C75-4E3E-992D-B3E25B39DC78}.Debug|x64.ActiveCfg = Debug|Any CPU
		{FD2F691F-3C75-4E3E-992D-B3E25B39DC78}.Debug|x64.Build.0 = Debug|Any CPU
		{FD2F691F-3C75-4E3E-992D-B3E25B39DC78}.Debug|x86.ActiveCfg = Debug|Any CPU
		{FD2F691F-3C75-4E3E-992D-B3E25B39DC78}.Debug|x86.Build.0 = Debug|Any CPU
		{FD2F691F-3C75-4E3E-992D-B3E25B39DC78}.Release|Any CPU.ActiveCfg = Release|Any CPU
		{FD2F691F-3C75-4E3E-992D-B3E25B39DC78}.Release|Any CPU.Build.0 = Release|Any CPU
		{FD2F691F-3C75-4E3E-992D-B3E25B39DC78}.Release|x64.ActiveCfg = Release|Any CPU
		{FD2F691F-3C75-4E3E-992D-B3E25B39DC78}.Release|x64.Build.0 = Release|Any CPU
		{FD2F691F-3C75-4E3E-992D-B3E25B39DC78}.Release|x86.ActiveCfg = Release|Any CPU
		{FD2F691F-3C75-4E3E-992D-B3E25B39DC78}.Release|x86.Build.0 = Release|Any CPU
		{B10176E0-A5DC-4E24-A980-E004DB1F78A6}.Debug|Any CPU.ActiveCfg = Debug|Any CPU
		{B10176E0-A5DC-4E24-A980-E004DB1F78A6}.Debug|Any CPU.Build.0 = Debug|Any CPU
		{B10176E0-A5DC-4E24-A980-E004DB1F78A6}.Debug|x64.ActiveCfg = Debug|Any CPU
		{B10176E0-A5DC-4E24-A980-E004DB1F78A6}.Debug|x64.Build.0 = Debug|Any CPU
		{B10176E0-A5DC-4E24-A980-E004DB1F78A6}.Debug|x86.ActiveCfg = Debug|Any CPU
		{B10176E0-A5DC-4E24-A980-E004DB1F78A6}.Debug|x86.Build.0 = Debug|Any CPU
		{B10176E0-A5DC-4E24-A980-E004DB1F78A6}.Release|Any CPU.ActiveCfg = Release|Any CPU
		{B10176E0-A5DC-4E24-A980-E004DB1F78A6}.Release|Any CPU.Build.0 = Release|Any CPU
		{B10176E0-A5DC-4E24-A980-E004DB1F78A6}.Release|x64.ActiveCfg = Release|Any CPU
		{B10176E0-A5DC-4E24-A980-E004DB1F78A6}.Release|x64.Build.0 = Release|Any CPU
		{B10176E0-A5DC-4E24-A980-E004DB1F78A6}.Release|x86.ActiveCfg = Release|Any CPU
		{B10176E0-A5DC-4E24-A980-E004DB1F78A6}.Release|x86.Build.0 = Release|Any CPU
	EndGlobalSection
	GlobalSection(SolutionProperties) = preSolution
		HideSolutionNode = FALSE
	EndGlobalSection
EndGlobal
