
Microsoft Visual Studio Solution File, Format Version 12.00
# Visual Studio Version 17
VisualStudioVersion = 17.0.31717.71
MinimumVisualStudioVersion = 10.0.40219.1
Project("{9A19103F-16F7-4668-BE54-9A1E7A4F7556}") = "NethereumWCBlazor", "NethereumWCBlazor.csproj", "{46C3A57A-1B8F-4FA0-963D-3E3E2EFD9A60}"
EndProject
Global
	GlobalSection(SolutionConfigurationPlatforms) = preSolution
		Debug|Any CPU = Debug|Any CPU
		Release|Any CPU = Release|Any CPU
	EndGlobalSection
	GlobalSection(ProjectConfigurationPlatforms) = postSolution
		{46C3A57A-1B8F-4FA0-963D-3E3E2EFD9A60}.Debug|Any CPU.ActiveCfg = Debug|Any CPU
		{46C3A57A-1B8F-4FA0-963D-3E3E2EFD9A60}.Debug|Any CPU.Build.0 = Debug|Any CPU
		{46C3A57A-1B8F-4FA0-963D-3E3E2EFD9A60}.Release|Any CPU.ActiveCfg = Release|Any CPU
		{46C3A57A-1B8F-4FA0-963D-3E3E2EFD9A60}.Release|Any CPU.Build.0 = Release|Any CPU
	EndGlobalSection
	GlobalSection(SolutionProperties) = preSolution
		HideSolutionNode = FALSE
	EndGlobalSection
	GlobalSection(ExtensibilityGlobals) = postSolution
		SolutionGuid = {7C13B1AE-CAD4-471B-8B1F-D1077B842234}
	EndGlobalSection
EndGlobal