
Microsoft Visual Studio Solution File, Format Version 12.00
# Visual Studio Version 17
VisualStudioVersion = 17.9.34321.82
MinimumVisualStudioVersion = 10.0.40219.1
Project("{9A19103F-16F7-4668-BE54-9A1E7A4F7556}") = "Nethereum.ABI.SourceGenerator.Console", "Nethereum.ABI.SourceGenerator.Console\Nethereum.ABI.SourceGenerator.Console.csproj", "{9E0C4F36-5425-44E8-A55F-8968B93F4CD2}"
EndProject
Project("{FAE04EC0-301F-11D3-BF4B-00C04F79EFBC}") = "Nethereum.ABI.SourceGenerator", "Nethereum.ABI.SourceGenerator\Nethereum.ABI.SourceGenerator.csproj", "{529D6FF4-1078-486D-AC4A-E844F2F243DD}"
EndProject
Global
	GlobalSection(SolutionConfigurationPlatforms) = preSolution
		Debug|Any CPU = Debug|Any CPU
		Release|Any CPU = Release|Any CPU
	EndGlobalSection
	GlobalSection(ProjectConfigurationPlatforms) = postSolution
		{9E0C4F36-5425-44E8-A55F-8968B93F4CD2}.Debug|Any CPU.ActiveCfg = Debug|Any CPU
		{9E0C4F36-5425-44E8-A55F-8968B93F4CD2}.Debug|Any CPU.Build.0 = Debug|Any CPU
		{9E0C4F36-5425-44E8-A55F-8968B93F4CD2}.Release|Any CPU.ActiveCfg = Release|Any CPU
		{9E0C4F36-5425-44E8-A55F-8968B93F4CD2}.Release|Any CPU.Build.0 = Release|Any CPU
		{529D6FF4-1078-486D-AC4A-E844F2F243DD}.Debug|Any CPU.ActiveCfg = Debug|Any CPU
		{529D6FF4-1078-486D-AC4A-E844F2F243DD}.Debug|Any CPU.Build.0 = Debug|Any CPU
		{529D6FF4-1078-486D-AC4A-E844F2F243DD}.Release|Any CPU.ActiveCfg = Release|Any CPU
		{529D6FF4-1078-486D-AC4A-E844F2F243DD}.Release|Any CPU.Build.0 = Release|Any CPU
	EndGlobalSection
	GlobalSection(SolutionProperties) = preSolution
		HideSolutionNode = FALSE
	EndGlobalSection
	GlobalSection(ExtensibilityGlobals) = postSolution
		SolutionGuid = {C26DCD7A-CC8F-4B9B-8552-FE0F3C02181E}
	EndGlobalSection
EndGlobal
