
Microsoft Visual Studio Solution File, Format Version 12.00
# Visual Studio Version 17
VisualStudioVersion = 17.0.31903.59
MinimumVisualStudioVersion = 10.0.40219.1
Project("{FAE04EC0-301F-11D3-BF4B-00C04F79EFBC}") = "Nethereum.AppChain.AppHost", "Nethereum.AppChain.AppHost\Nethereum.AppChain.AppHost.csproj", "{C30BAA6E-618A-445B-9276-45B1C783765D}"
EndProject
Project("{FAE04EC0-301F-11D3-BF4B-00C04F79EFBC}") = "Nethereum.Aspire.ServiceDefaults", "..\shared\Nethereum.Aspire.ServiceDefaults\Nethereum.Aspire.ServiceDefaults.csproj", "{5DD666B1-5279-40C2-B724-091CFA753108}"
EndProject
Project("{FAE04EC0-301F-11D3-BF4B-00C04F79EFBC}") = "Nethereum.DevChain", "..\..\src\Nethereum.DevChain\Nethereum.DevChain.csproj", "{1F5FFB6E-1598-474B-822E-E901B37903AA}"
EndProject
Project("{FAE04EC0-301F-11D3-BF4B-00C04F79EFBC}") = "Nethereum.CoreChain", "..\..\src\Nethereum.CoreChain\Nethereum.CoreChain.csproj", "{231E6D98-8E1A-45E6-B26C-DFE05ACC6055}"
EndProject
Project("{FAE04EC0-301F-11D3-BF4B-00C04F79EFBC}") = "Nethereum.Model", "..\..\src\Nethereum.Model\Nethereum.Model.csproj", "{5A0DCE1C-0BB7-423B-8912-297B7344F210}"
EndProject
Project("{FAE04EC0-301F-11D3-BF4B-00C04F79EFBC}") = "Nethereum.RLP", "..\..\src\Nethereum.RLP\Nethereum.RLP.csproj", "{52A63AC5-2520-4BA2-82D0-CCE734863E81}"
EndProject
Project("{FAE04EC0-301F-11D3-BF4B-00C04F79EFBC}") = "Nethereum.Hex", "..\..\src\Nethereum.Hex\Nethereum.Hex.csproj", "{FA5FC9C0-8079-4664-82AF-2EE17D9ADF4C}"
EndProject
Project("{FAE04EC0-301F-11D3-BF4B-00C04F79EFBC}") = "Nethereum.Util", "..\..\src\Nethereum.Util\Nethereum.Util.csproj", "{05CF2E7C-E362-488E-9270-C93E236B781E}"
EndProject
Project("{FAE04EC0-301F-11D3-BF4B-00C04F79EFBC}") = "Nethereum.Merkle.Binary", "..\..\src\Nethereum.Merkle.Binary\Nethereum.Merkle.Binary.csproj", "{2DBEC82B-D4B8-4DD1-AFD9-86E7ED8F58D9}"
EndProject
Project("{FAE04EC0-301F-11D3-BF4B-00C04F79EFBC}") = "Nethereum.Merkle.Patricia", "..\..\src\Nethereum.Merkle.Patricia\Nethereum.Merkle.Patricia.csproj", "{0F2361B1-0FB8-4EC5-B8E1-D91421E203C4}"
EndProject
Project("{FAE04EC0-301F-11D3-BF4B-00C04F79EFBC}") = "Nethereum.EVM", "..\..\src\Nethereum.EVM\Nethereum.EVM.csproj", "{9299917B-2A38-48C5-953F-FF9A9FCE3778}"
EndProject
Project("{FAE04EC0-301F-11D3-BF4B-00C04F79EFBC}") = "Nethereum.ABI", "..\..\src\Nethereum.ABI\Nethereum.ABI.csproj", "{E5119BD6-BC3A-49CD-92EF-B3606ADFC260}"
EndProject
Project("{FAE04EC0-301F-11D3-BF4B-00C04F79EFBC}") = "Nethereum.Contracts", "..\..\src\Nethereum.Contracts\Nethereum.Contracts.csproj", "{B69C7E9D-B5CF-4960-BF20-91E0F06B56AE}"
EndProject
Project("{FAE04EC0-301F-11D3-BF4B-00C04F79EFBC}") = "Nethereum.RPC", "..\..\src\Nethereum.RPC\Nethereum.RPC.csproj", "{85E45EE0-32AB-4B78-A634-540CCFFF8E72}"
EndProject
Project("{FAE04EC0-301F-11D3-BF4B-00C04F79EFBC}") = "Nethereum.JsonRpc.Client", "..\..\src\Nethereum.JsonRpc.Client\Nethereum.JsonRpc.Client.csproj", "{A9FB26EC-CB54-4817-AB0C-045605C0849A}"
EndProject
Project("{FAE04EC0-301F-11D3-BF4B-00C04F79EFBC}") = "Nethereum.Util.Rest", "..\..\src\Nethereum.Util.Rest\Nethereum.Util.Rest.csproj", "{E22282C0-0C45-4EE2-9F84-FFE6DAFE7546}"
EndProject
Project("{FAE04EC0-301F-11D3-BF4B-00C04F79EFBC}") = "Nethereum.Signer", "..\..\src\Nethereum.Signer\Nethereum.Signer.csproj", "{B8E3240E-775B-401E-8955-DCAFAA60E4A9}"
EndProject
Project("{FAE04EC0-301F-11D3-BF4B-00C04F79EFBC}") = "Nethereum.RPC.Extensions", "..\..\src\Nethereum.RPC.Extensions\Nethereum.RPC.Extensions.csproj", "{3769E431-CDF4-4450-B84E-F2515CE965C0}"
EndProject
Project("{FAE04EC0-301F-11D3-BF4B-00C04F79EFBC}") = "Nethereum.JsonRpc.RpcClient", "..\..\src\Nethereum.JsonRpc.RpcClient\Nethereum.JsonRpc.RpcClient.csproj", "{E5A4D1A3-2927-47A7-93A7-B6893D8A4514}"
EndProject
Project("{FAE04EC0-301F-11D3-BF4B-00C04F79EFBC}") = "Nethereum.Web3", "..\..\src\Nethereum.Web3\Nethereum.Web3.csproj", "{909AF34C-1691-487D-B0FB-E35F8A58E1CF}"
EndProject
Project("{FAE04EC0-301F-11D3-BF4B-00C04F79EFBC}") = "Nethereum.Accounts", "..\..\src\Nethereum.Accounts\Nethereum.Accounts.csproj", "{A63943B8-2871-484A-8146-E9314A603DB5}"
EndProject
Project("{FAE04EC0-301F-11D3-BF4B-00C04F79EFBC}") = "Nethereum.Signer.EIP712", "..\..\src\Nethereum.Signer.EIP712\Nethereum.Signer.EIP712.csproj", "{E5FAEB97-1BE7-4436-8BBA-30E5B0D8EF5A}"
EndProject
Project("{FAE04EC0-301F-11D3-BF4B-00C04F79EFBC}") = "Nethereum.KeyStore", "..\..\src\Nethereum.KeyStore\Nethereum.KeyStore.csproj", "{FAFC9F12-8F1C-4C69-8C7B-7877D4106AC9}"
EndProject
Project("{FAE04EC0-301F-11D3-BF4B-00C04F79EFBC}") = "Nethereum.BlockchainProcessing", "..\..\src\Nethereum.BlockchainProcessing\Nethereum.BlockchainProcessing.csproj", "{53BD1D01-5DF4-49B3-95C8-A05DB5B409CB}"
EndProject
Project("{FAE04EC0-301F-11D3-BF4B-00C04F79EFBC}") = "Nethereum.AppChain.Anchoring", "..\..\src\Nethereum.AppChain.Anchoring\Nethereum.AppChain.Anchoring.csproj", "{98A9E201-5A7D-470D-8869-D3BE8BD39A96}"
EndProject
Project("{FAE04EC0-301F-11D3-BF4B-00C04F79EFBC}") = "Nethereum.Merkle", "..\..\src\Nethereum.Merkle\Nethereum.Merkle.csproj", "{32FCEB7E-9CE7-4A05-B0D2-BC81F9E3E348}"
EndProject
Project("{FAE04EC0-301F-11D3-BF4B-00C04F79EFBC}") = "Nethereum.AppChain.Node", "Nethereum.AppChain.Node\Nethereum.AppChain.Node.csproj", "{2B4F5A48-03E5-4591-84DD-295B55C52DC2}"
EndProject
Project("{FAE04EC0-301F-11D3-BF4B-00C04F79EFBC}") = "Nethereum.AppChain.Prover", "Nethereum.AppChain.Prover\Nethereum.AppChain.Prover.csproj", "{2B87F7BA-F884-4864-9DAB-F0B85FA46BBC}"
EndProject
Project("{FAE04EC0-301F-11D3-BF4B-00C04F79EFBC}") = "Nethereum.BlockProver.Server", "..\..\src\Nethereum.BlockProver.Server\Nethereum.BlockProver.Server.csproj", "{EC61E73E-8727-41B5-A358-8A2D03D32476}"
EndProject
Project("{FAE04EC0-301F-11D3-BF4B-00C04F79EFBC}") = "Nethereum.AppChain.Indexer", "Nethereum.AppChain.Indexer\Nethereum.AppChain.Indexer.csproj", "{2AB66817-61D1-4426-A8C3-6E0F6C290D1C}"
EndProject
Project("{FAE04EC0-301F-11D3-BF4B-00C04F79EFBC}") = "Nethereum.BlockchainStorage.Processors.Postgres", "..\..\src\Nethereum.BlockchainStorage.Processors.Postgres\Nethereum.BlockchainStorage.Processors.Postgres.csproj", "{6C588B14-E818-4495-A7CC-0DC207B53C1D}"
EndProject
Project("{FAE04EC0-301F-11D3-BF4B-00C04F79EFBC}") = "Nethereum.BlockchainStorage.Processors", "..\..\src\Nethereum.BlockchainStorage.Processors\Nethereum.BlockchainStorage.Processors.csproj", "{3B6C1C0A-B4D7-4F5F-BA3B-2B8BADD670C5}"
EndProject
Project("{FAE04EC0-301F-11D3-BF4B-00C04F79EFBC}") = "Nethereum.BlockchainStore.EFCore", "..\..\src\Nethereum.BlockchainStore.EFCore\Nethereum.BlockchainStore.EFCore.csproj", "{FF3AFB3A-0833-4661-AC2E-0735A6758EB7}"
EndProject
Project("{FAE04EC0-301F-11D3-BF4B-00C04F79EFBC}") = "Nethereum.BlockchainStore.Postgres", "..\..\src\Nethereum.BlockchainStore.Postgres\Nethereum.BlockchainStore.Postgres.csproj", "{C5E0296A-11BD-445A-9578-C4B7315B6292}"
EndProject
Project("{FAE04EC0-301F-11D3-BF4B-00C04F79EFBC}") = "Nethereum.BlockchainStorage.Token.Postgres", "..\..\src\Nethereum.BlockchainStorage.Token.Postgres\Nethereum.BlockchainStorage.Token.Postgres.csproj", "{8700BD64-BC49-48BB-9A36-B83DC6AE496B}"
EndProject
Project("{FAE04EC0-301F-11D3-BF4B-00C04F79EFBC}") = "Nethereum.AppChain.Explorer", "Nethereum.AppChain.Explorer\Nethereum.AppChain.Explorer.csproj", "{3BFBF056-A619-4F13-9BD9-BC3D63F920E8}"
EndProject
Project("{FAE04EC0-301F-11D3-BF4B-00C04F79EFBC}") = "Nethereum.Explorer", "..\..\src\Nethereum.Explorer\Nethereum.Explorer.csproj", "{774DD9F1-6974-44B0-8022-BCB6FAB02C15}"
EndProject
Project("{FAE04EC0-301F-11D3-BF4B-00C04F79EFBC}") = "Nethereum.Mud.Repositories.EntityFramework", "..\..\src\Nethereum.Mud.Repositories.EntityFramework\Nethereum.Mud.Repositories.EntityFramework.csproj", "{88083BAF-6421-4679-AE91-A56DC85744EE}"
EndProject
Project("{FAE04EC0-301F-11D3-BF4B-00C04F79EFBC}") = "Nethereum.Mud.Contracts", "..\..\src\Nethereum.Mud.Contracts\Nethereum.Mud.Contracts.csproj", "{84DB2CB6-2AD5-4CF3-AE06-DA8C948CCAAA}"
EndProject
Project("{FAE04EC0-301F-11D3-BF4B-00C04F79EFBC}") = "Nethereum.Mud", "..\..\src\Nethereum.Mud\Nethereum.Mud.csproj", "{F8D3D9BE-27F7-4CB4-97DA-BB9949DCEDA7}"
EndProject
Project("{FAE04EC0-301F-11D3-BF4B-00C04F79EFBC}") = "Nethereum.Blazor", "..\..\src\Nethereum.Blazor\Nethereum.Blazor.csproj", "{5EB06AE2-390C-407D-A417-2BC20BAB1340}"
EndProject
Project("{FAE04EC0-301F-11D3-BF4B-00C04F79EFBC}") = "Nethereum.EIP6963WalletInterop", "..\..\src\Nethereum.EIP6963WalletInterop\Nethereum.EIP6963WalletInterop.csproj", "{84C328D9-6317-46FE-9FFB-B93228D5E092}"
EndProject
Project("{FAE04EC0-301F-11D3-BF4B-00C04F79EFBC}") = "Nethereum.UI", "..\..\src\Nethereum.UI\Nethereum.UI.csproj", "{368F44C2-F641-47E0-A1F3-3756CB01D30A}"
EndProject
Project("{FAE04EC0-301F-11D3-BF4B-00C04F79EFBC}") = "Nethereum.Siwe.Core", "..\..\src\Nethereum.Siwe.Core\Nethereum.Siwe.Core.csproj", "{31EB1046-1127-439B-BF2D-6FD5EBFF981D}"
EndProject
Project("{FAE04EC0-301F-11D3-BF4B-00C04F79EFBC}") = "Nethereum.Siwe", "..\..\src\Nethereum.Siwe\Nethereum.Siwe.csproj", "{8772C958-AE9B-4346-8FC6-0458637914AE}"
EndProject
Project("{FAE04EC0-301F-11D3-BF4B-00C04F79EFBC}") = "Nethereum.Metamask", "..\..\src\Nethereum.Metamask\Nethereum.Metamask.csproj", "{1EDF483C-0044-4036-BC03-EB345A4CC209}"
EndProject
Project("{FAE04EC0-301F-11D3-BF4B-00C04F79EFBC}") = "Nethereum.DataServices", "..\..\src\Nethereum.DataServices\Nethereum.DataServices.csproj", "{C344EAC7-6170-462E-AD87-F479010035C1}"
EndProject
Project("{FAE04EC0-301F-11D3-BF4B-00C04F79EFBC}") = "Nethereum.Blazor.Solidity", "..\..\src\Nethereum.Blazor.Solidity\Nethereum.Blazor.Solidity.csproj", "{4D8EA0EE-F5EC-426B-A0A6-A1263124F164}"
EndProject
Project("{FAE04EC0-301F-11D3-BF4B-00C04F79EFBC}") = "Nethereum.AppChain.MainChain", "Nethereum.AppChain.MainChain\Nethereum.AppChain.MainChain.csproj", "{D0748F93-C589-48A3-A2B6-E8D74F59979E}"
EndProject
Project("{FAE04EC0-301F-11D3-BF4B-00C04F79EFBC}") = "Nethereum.AppChain.MainChain.Indexer", "Nethereum.AppChain.MainChain.Indexer\Nethereum.AppChain.MainChain.Indexer.csproj", "{8998E9E3-1613-429C-9E86-B257721CD195}"
EndProject
Project("{FAE04EC0-301F-11D3-BF4B-00C04F79EFBC}") = "Nethereum.AppChain.MainChain.Explorer", "Nethereum.AppChain.MainChain.Explorer\Nethereum.AppChain.MainChain.Explorer.csproj", "{9C4151F1-3CB4-468C-B105-DC08465D87B1}"
EndProject
Project("{FAE04EC0-301F-11D3-BF4B-00C04F79EFBC}") = "Nethereum.Mud.Repositories.Postgres", "..\..\src\Nethereum.Mud.Repositories.Postgres\Nethereum.Mud.Repositories.Postgres.csproj", "{E9754E07-A51F-45CD-893B-9A06D10ED3C2}"
EndProject
Project("{FAE04EC0-301F-11D3-BF4B-00C04F79EFBC}") = "Nethereum.AppChain.LoadGenerator", "Nethereum.AppChain.LoadGenerator\Nethereum.AppChain.LoadGenerator.csproj", "{F999AC4E-2DDA-4F23-9A29-1E541566823A}"
EndProject
Project("{FAE04EC0-301F-11D3-BF4B-00C04F79EFBC}") = "Nethereum.AppChain.AnchorService", "Nethereum.AppChain.AnchorService\Nethereum.AppChain.AnchorService.csproj", "{1CBF1ABB-B44D-4CC6-B638-C5870724D761}"
EndProject
Global
	GlobalSection(SolutionConfigurationPlatforms) = preSolution
		Debug|Any CPU = Debug|Any CPU
		Debug|x64 = Debug|x64
		Debug|x86 = Debug|x86
		Release|Any CPU = Release|Any CPU
		Release|x64 = Release|x64
		Release|x86 = Release|x86
	EndGlobalSection
	GlobalSection(ProjectConfigurationPlatforms) = postSolution
		{C30BAA6E-618A-445B-9276-45B1C783765D}.Debug|Any CPU.ActiveCfg = Debug|Any CPU
		{C30BAA6E-618A-445B-9276-45B1C783765D}.Debug|Any CPU.Build.0 = Debug|Any CPU
		{C30BAA6E-618A-445B-9276-45B1C783765D}.Debug|x64.ActiveCfg = Debug|Any CPU
		{C30BAA6E-618A-445B-9276-45B1C783765D}.Debug|x64.Build.0 = Debug|Any CPU
		{C30BAA6E-618A-445B-9276-45B1C783765D}.Debug|x86.ActiveCfg = Debug|Any CPU
		{C30BAA6E-618A-445B-9276-45B1C783765D}.Debug|x86.Build.0 = Debug|Any CPU
		{C30BAA6E-618A-445B-9276-45B1C783765D}.Release|Any CPU.ActiveCfg = Release|Any CPU
		{C30BAA6E-618A-445B-9276-45B1C783765D}.Release|Any CPU.Build.0 = Release|Any CPU
		{C30BAA6E-618A-445B-9276-45B1C783765D}.Release|x64.ActiveCfg = Release|Any CPU
		{C30BAA6E-618A-445B-9276-45B1C783765D}.Release|x64.Build.0 = Release|Any CPU
		{C30BAA6E-618A-445B-9276-45B1C783765D}.Release|x86.ActiveCfg = Release|Any CPU
		{C30BAA6E-618A-445B-9276-45B1C783765D}.Release|x86.Build.0 = Release|Any CPU
		{5DD666B1-5279-40C2-B724-091CFA753108}.Debug|Any CPU.ActiveCfg = Debug|Any CPU
		{5DD666B1-5279-40C2-B724-091CFA753108}.Debug|Any CPU.Build.0 = Debug|Any CPU
		{5DD666B1-5279-40C2-B724-091CFA753108}.Debug|x64.ActiveCfg = Debug|Any CPU
		{5DD666B1-5279-40C2-B724-091CFA753108}.Debug|x64.Build.0 = Debug|Any CPU
		{5DD666B1-5279-40C2-B724-091CFA753108}.Debug|x86.ActiveCfg = Debug|Any CPU
		{5DD666B1-5279-40C2-B724-091CFA753108}.Debug|x86.Build.0 = Debug|Any CPU
		{5DD666B1-5279-40C2-B724-091CFA753108}.Release|Any CPU.ActiveCfg = Release|Any CPU
		{5DD666B1-5279-40C2-B724-091CFA753108}.Release|Any CPU.Build.0 = Release|Any CPU
		{5DD666B1-5279-40C2-B724-091CFA753108}.Release|x64.ActiveCfg = Release|Any CPU
		{5DD666B1-5279-40C2-B724-091CFA753108}.Release|x64.Build.0 = Release|Any CPU
		{5DD666B1-5279-40C2-B724-091CFA753108}.Release|x86.ActiveCfg = Release|Any CPU
		{5DD666B1-5279-40C2-B724-091CFA753108}.Release|x86.Build.0 = Release|Any CPU
		{1F5FFB6E-1598-474B-822E-E901B37903AA}.Debug|Any CPU.ActiveCfg = Debug|Any CPU
		{1F5FFB6E-1598-474B-822E-E901B37903AA}.Debug|Any CPU.Build.0 = Debug|Any CPU
		{1F5FFB6E-1598-474B-822E-E901B37903AA}.Debug|x64.ActiveCfg = Debug|Any CPU
		{1F5FFB6E-1598-474B-822E-E901B37903AA}.Debug|x64.Build.0 = Debug|Any CPU
		{1F5FFB6E-1598-474B-822E-E901B37903AA}.Debug|x86.ActiveCfg = Debug|Any CPU
		{1F5FFB6E-1598-474B-822E-E901B37903AA}.Debug|x86.Build.0 = Debug|Any CPU
		{1F5FFB6E-1598-474B-822E-E901B37903AA}.Release|Any CPU.ActiveCfg = Release|Any CPU
		{1F5FFB6E-1598-474B-822E-E901B37903AA}.Release|Any CPU.Build.0 = Release|Any CPU
		{1F5FFB6E-1598-474B-822E-E901B37903AA}.Release|x64.ActiveCfg = Release|Any CPU
		{1F5FFB6E-1598-474B-822E-E901B37903AA}.Release|x64.Build.0 = Release|Any CPU
		{1F5FFB6E-1598-474B-822E-E901B37903AA}.Release|x86.ActiveCfg = Release|Any CPU
		{1F5FFB6E-1598-474B-822E-E901B37903AA}.Release|x86.Build.0 = Release|Any CPU
		{231E6D98-8E1A-45E6-B26C-DFE05ACC6055}.Debug|Any CPU.ActiveCfg = Debug|Any CPU
		{231E6D98-8E1A-45E6-B26C-DFE05ACC6055}.Debug|Any CPU.Build.0 = Debug|Any CPU
		{231E6D98-8E1A-45E6-B26C-DFE05ACC6055}.Debug|x64.ActiveCfg = Debug|Any CPU
		{231E6D98-8E1A-45E6-B26C-DFE05ACC6055}.Debug|x64.Build.0 = Debug|Any CPU
		{231E6D98-8E1A-45E6-B26C-DFE05ACC6055}.Debug|x86.ActiveCfg = Debug|Any CPU
		{231E6D98-8E1A-45E6-B26C-DFE05ACC6055}.Debug|x86.Build.0 = Debug|Any CPU
		{231E6D98-8E1A-45E6-B26C-DFE05ACC6055}.Release|Any CPU.ActiveCfg = Release|Any CPU
		{231E6D98-8E1A-45E6-B26C-DFE05ACC6055}.Release|Any CPU.Build.0 = Release|Any CPU
		{231E6D98-8E1A-45E6-B26C-DFE05ACC6055}.Release|x64.ActiveCfg = Release|Any CPU
		{231E6D98-8E1A-45E6-B26C-DFE05ACC6055}.Release|x64.Build.0 = Release|Any CPU
		{231E6D98-8E1A-45E6-B26C-DFE05ACC6055}.Release|x86.ActiveCfg = Release|Any CPU
		{231E6D98-8E1A-45E6-B26C-DFE05ACC6055}.Release|x86.Build.0 = Release|Any CPU
		{5A0DCE1C-0BB7-423B-8912-297B7344F210}.Debug|Any CPU.ActiveCfg = Debug|Any CPU
		{5A0DCE1C-0BB7-423B-8912-297B7344F210}.Debug|Any CPU.Build.0 = Debug|Any CPU
		{5A0DCE1C-0BB7-423B-8912-297B7344F210}.Debug|x64.ActiveCfg = Debug|Any CPU
		{5A0DCE1C-0BB7-423B-8912-297B7344F210}.Debug|x64.Build.0 = Debug|Any CPU
		{5A0DCE1C-0BB7-423B-8912-297B7344F210}.Debug|x86.ActiveCfg = Debug|Any CPU
		{5A0DCE1C-0BB7-423B-8912-297B7344F210}.Debug|x86.Build.0 = Debug|Any CPU
		{5A0DCE1C-0BB7-423B-8912-297B7344F210}.Release|Any CPU.ActiveCfg = Release|Any CPU
		{5A0DCE1C-0BB7-423B-8912-297B7344F210}.Release|Any CPU.Build.0 = Release|Any CPU
		{5A0DCE1C-0BB7-423B-8912-297B7344F210}.Release|x64.ActiveCfg = Release|Any CPU
		{5A0DCE1C-0BB7-423B-8912-297B7344F210}.Release|x64.Build.0 = Release|Any CPU
		{5A0DCE1C-0BB7-423B-8912-297B7344F210}.Release|x86.ActiveCfg = Release|Any CPU
		{5A0DCE1C-0BB7-423B-8912-297B7344F210}.Release|x86.Build.0 = Release|Any CPU
		{52A63AC5-2520-4BA2-82D0-CCE734863E81}.Debug|Any CPU.ActiveCfg = Debug|Any CPU
		{52A63AC5-2520-4BA2-82D0-CCE734863E81}.Debug|Any CPU.Build.0 = Debug|Any CPU
		{52A63AC5-2520-4BA2-82D0-CCE734863E81}.Debug|x64.ActiveCfg = Debug|Any CPU
		{52A63AC5-2520-4BA2-82D0-CCE734863E81}.Debug|x64.Build.0 = Debug|Any CPU
		{52A63AC5-2520-4BA2-82D0-CCE734863E81}.Debug|x86.ActiveCfg = Debug|Any CPU
		{52A63AC5-2520-4BA2-82D0-CCE734863E81}.Debug|x86.Build.0 = Debug|Any CPU
		{52A63AC5-2520-4BA2-82D0-CCE734863E81}.Release|Any CPU.ActiveCfg = Release|Any CPU
		{52A63AC5-2520-4BA2-82D0-CCE734863E81}.Release|Any CPU.Build.0 = Release|Any CPU
		{52A63AC5-2520-4BA2-82D0-CCE734863E81}.Release|x64.ActiveCfg = Release|Any CPU
		{52A63AC5-2520-4BA2-82D0-CCE734863E81}.Release|x64.Build.0 = Release|Any CPU
		{52A63AC5-2520-4BA2-82D0-CCE734863E81}.Release|x86.ActiveCfg = Release|Any CPU
		{52A63AC5-2520-4BA2-82D0-CCE734863E81}.Release|x86.Build.0 = Release|Any CPU
		{FA5FC9C0-8079-4664-82AF-2EE17D9ADF4C}.Debug|Any CPU.ActiveCfg = Debug|Any CPU
		{FA5FC9C0-8079-4664-82AF-2EE17D9ADF4C}.Debug|Any CPU.Build.0 = Debug|Any CPU
		{FA5FC9C0-8079-4664-82AF-2EE17D9ADF4C}.Debug|x64.ActiveCfg = Debug|Any CPU
		{FA5FC9C0-8079-4664-82AF-2EE17D9ADF4C}.Debug|x64.Build.0 = Debug|Any CPU
		{FA5FC9C0-8079-4664-82AF-2EE17D9ADF4C}.Debug|x86.ActiveCfg = Debug|Any CPU
		{FA5FC9C0-8079-4664-82AF-2EE17D9ADF4C}.Debug|x86.Build.0 = Debug|Any CPU
		{FA5FC9C0-8079-4664-82AF-2EE17D9ADF4C}.Release|Any CPU.ActiveCfg = Release|Any CPU
		{FA5FC9C0-8079-4664-82AF-2EE17D9ADF4C}.Release|Any CPU.Build.0 = Release|Any CPU
		{FA5FC9C0-8079-4664-82AF-2EE17D9ADF4C}.Release|x64.ActiveCfg = Release|Any CPU
		{FA5FC9C0-8079-4664-82AF-2EE17D9ADF4C}.Release|x64.Build.0 = Release|Any CPU
		{FA5FC9C0-8079-4664-82AF-2EE17D9ADF4C}.Release|x86.ActiveCfg = Release|Any CPU
		{FA5FC9C0-8079-4664-82AF-2EE17D9ADF4C}.Release|x86.Build.0 = Release|Any CPU
		{05CF2E7C-E362-488E-9270-C93E236B781E}.Debug|Any CPU.ActiveCfg = Debug|Any CPU
		{05CF2E7C-E362-488E-9270-C93E236B781E}.Debug|Any CPU.Build.0 = Debug|Any CPU
		{05CF2E7C-E362-488E-9270-C93E236B781E}.Debug|x64.ActiveCfg = Debug|Any CPU
		{05CF2E7C-E362-488E-9270-C93E236B781E}.Debug|x64.Build.0 = Debug|Any CPU
		{05CF2E7C-E362-488E-9270-C93E236B781E}.Debug|x86.ActiveCfg = Debug|Any CPU
		{05CF2E7C-E362-488E-9270-C93E236B781E}.Debug|x86.Build.0 = Debug|Any CPU
		{05CF2E7C-E362-488E-9270-C93E236B781E}.Release|Any CPU.ActiveCfg = Release|Any CPU
		{05CF2E7C-E362-488E-9270-C93E236B781E}.Release|Any CPU.Build.0 = Release|Any CPU
		{05CF2E7C-E362-488E-9270-C93E236B781E}.Release|x64.ActiveCfg = Release|Any CPU
		{05CF2E7C-E362-488E-9270-C93E236B781E}.Release|x64.Build.0 = Release|Any CPU
		{05CF2E7C-E362-488E-9270-C93E236B781E}.Release|x86.ActiveCfg = Release|Any CPU
		{05CF2E7C-E362-488E-9270-C93E236B781E}.Release|x86.Build.0 = Release|Any CPU
		{2DBEC82B-D4B8-4DD1-AFD9-86E7ED8F58D9}.Debug|Any CPU.ActiveCfg = Debug|Any CPU
		{2DBEC82B-D4B8-4DD1-AFD9-86E7ED8F58D9}.Debug|Any CPU.Build.0 = Debug|Any CPU
		{2DBEC82B-D4B8-4DD1-AFD9-86E7ED8F58D9}.Debug|x64.ActiveCfg = Debug|Any CPU
		{2DBEC82B-D4B8-4DD1-AFD9-86E7ED8F58D9}.Debug|x64.Build.0 = Debug|Any CPU
		{2DBEC82B-D4B8-4DD1-AFD9-86E7ED8F58D9}.Debug|x86.ActiveCfg = Debug|Any CPU
		{2DBEC82B-D4B8-4DD1-AFD9-86E7ED8F58D9}.Debug|x86.Build.0 = Debug|Any CPU
		{2DBEC82B-D4B8-4DD1-AFD9-86E7ED8F58D9}.Release|Any CPU.ActiveCfg = Release|Any CPU
		{2DBEC82B-D4B8-4DD1-AFD9-86E7ED8F58D9}.Release|Any CPU.Build.0 = Release|Any CPU
		{2DBEC82B-D4B8-4DD1-AFD9-86E7ED8F58D9}.Release|x64.ActiveCfg = Release|Any CPU
		{2DBEC82B-D4B8-4DD1-AFD9-86E7ED8F58D9}.Release|x64.Build.0 = Release|Any CPU
		{2DBEC82B-D4B8-4DD1-AFD9-86E7ED8F58D9}.Release|x86.ActiveCfg = Release|Any CPU
		{2DBEC82B-D4B8-4DD1-AFD9-86E7ED8F58D9}.Release|x86.Build.0 = Release|Any CPU
		{0F2361B1-0FB8-4EC5-B8E1-D91421E203C4}.Debug|Any CPU.ActiveCfg = Debug|Any CPU
		{0F2361B1-0FB8-4EC5-B8E1-D91421E203C4}.Debug|Any CPU.Build.0 = Debug|Any CPU
		{0F2361B1-0FB8-4EC5-B8E1-D91421E203C4}.Debug|x64.ActiveCfg = Debug|Any CPU
		{0F2361B1-0FB8-4EC5-B8E1-D91421E203C4}.Debug|x64.Build.0 = Debug|Any CPU
		{0F2361B1-0FB8-4EC5-B8E1-D91421E203C4}.Debug|x86.ActiveCfg = Debug|Any CPU
		{0F2361B1-0FB8-4EC5-B8E1-D91421E203C4}.Debug|x86.Build.0 = Debug|Any CPU
		{0F2361B1-0FB8-4EC5-B8E1-D91421E203C4}.Release|Any CPU.ActiveCfg = Release|Any CPU
		{0F2361B1-0FB8-4EC5-B8E1-D91421E203C4}.Release|Any CPU.Build.0 = Release|Any CPU
		{0F2361B1-0FB8-4EC5-B8E1-D91421E203C4}.Release|x64.ActiveCfg = Release|Any CPU
		{0F2361B1-0FB8-4EC5-B8E1-D91421E203C4}.Release|x64.Build.0 = Release|Any CPU
		{0F2361B1-0FB8-4EC5-B8E1-D91421E203C4}.Release|x86.ActiveCfg = Release|Any CPU
		{0F2361B1-0FB8-4EC5-B8E1-D91421E203C4}.Release|x86.Build.0 = Release|Any CPU
		{9299917B-2A38-48C5-953F-FF9A9FCE3778}.Debug|Any CPU.ActiveCfg = Debug|Any CPU
		{9299917B-2A38-48C5-953F-FF9A9FCE3778}.Debug|Any CPU.Build.0 = Debug|Any CPU
		{9299917B-2A38-48C5-953F-FF9A9FCE3778}.Debug|x64.ActiveCfg = Debug|Any CPU
		{9299917B-2A38-48C5-953F-FF9A9FCE3778}.Debug|x64.Build.0 = Debug|Any CPU
		{9299917B-2A38-48C5-953F-FF9A9FCE3778}.Debug|x86.ActiveCfg = Debug|Any CPU
		{9299917B-2A38-48C5-953F-FF9A9FCE3778}.Debug|x86.Build.0 = Debug|Any CPU
		{9299917B-2A38-48C5-953F-FF9A9FCE3778}.Release|Any CPU.ActiveCfg = Release|Any CPU
		{9299917B-2A38-48C5-953F-FF9A9FCE3778}.Release|Any CPU.Build.0 = Release|Any CPU
		{9299917B-2A38-48C5-953F-FF9A9FCE3778}.Release|x64.ActiveCfg = Release|Any CPU
		{9299917B-2A38-48C5-953F-FF9A9FCE3778}.Release|x64.Build.0 = Release|Any CPU
		{9299917B-2A38-48C5-953F-FF9A9FCE3778}.Release|x86.ActiveCfg = Release|Any CPU
		{9299917B-2A38-48C5-953F-FF9A9FCE3778}.Release|x86.Build.0 = Release|Any CPU
		{E5119BD6-BC3A-49CD-92EF-B3606ADFC260}.Debug|Any CPU.ActiveCfg = Debug|Any CPU
		{E5119BD6-BC3A-49CD-92EF-B3606ADFC260}.Debug|Any CPU.Build.0 = Debug|Any CPU
		{E5119BD6-BC3A-49CD-92EF-B3606ADFC260}.Debug|x64.ActiveCfg = Debug|Any CPU
		{E5119BD6-BC3A-49CD-92EF-B3606ADFC260}.Debug|x64.Build.0 = Debug|Any CPU
		{E5119BD6-BC3A-49CD-92EF-B3606ADFC260}.Debug|x86.ActiveCfg = Debug|Any CPU
		{E5119BD6-BC3A-49CD-92EF-B3606ADFC260}.Debug|x86.Build.0 = Debug|Any CPU
		{E5119BD6-BC3A-49CD-92EF-B3606ADFC260}.Release|Any CPU.ActiveCfg = Release|Any CPU
		{E5119BD6-BC3A-49CD-92EF-B3606ADFC260}.Release|Any CPU.Build.0 = Release|Any CPU
		{E5119BD6-BC3A-49CD-92EF-B3606ADFC260}.Release|x64.ActiveCfg = Release|Any CPU
		{E5119BD6-BC3A-49CD-92EF-B3606ADFC260}.Release|x64.Build.0 = Release|Any CPU
		{E5119BD6-BC3A-49CD-92EF-B3606ADFC260}.Release|x86.ActiveCfg = Release|Any CPU
		{E5119BD6-BC3A-49CD-92EF-B3606ADFC260}.Release|x86.Build.0 = Release|Any CPU
		{B69C7E9D-B5CF-4960-BF20-91E0F06B56AE}.Debug|Any CPU.ActiveCfg = Debug|Any CPU
		{B69C7E9D-B5CF-4960-BF20-91E0F06B56AE}.Debug|Any CPU.Build.0 = Debug|Any CPU
		{B69C7E9D-B5CF-4960-BF20-91E0F06B56AE}.Debug|x64.ActiveCfg = Debug|Any CPU
		{B69C7E9D-B5CF-4960-BF20-91E0F06B56AE}.Debug|x64.Build.0 = Debug|Any CPU
		{B69C7E9D-B5CF-4960-BF20-91E0F06B56AE}.Debug|x86.ActiveCfg = Debug|Any CPU
		{B69C7E9D-B5CF-4960-BF20-91E0F06B56AE}.Debug|x86.Build.0 = Debug|Any CPU
		{B69C7E9D-B5CF-4960-BF20-91E0F06B56AE}.Release|Any CPU.ActiveCfg = Release|Any CPU
		{B69C7E9D-B5CF-4960-BF20-91E0F06B56AE}.Release|Any CPU.Build.0 = Release|Any CPU
		{B69C7E9D-B5CF-4960-BF20-91E0F06B56AE}.Release|x64.ActiveCfg = Release|Any CPU
		{B69C7E9D-B5CF-4960-BF20-91E0F06B56AE}.Release|x64.Build.0 = Release|Any CPU
		{B69C7E9D-B5CF-4960-BF20-91E0F06B56AE}.Release|x86.ActiveCfg = Release|Any CPU
		{B69C7E9D-B5CF-4960-BF20-91E0F06B56AE}.Release|x86.Build.0 = Release|Any CPU
		{85E45EE0-32AB-4B78-A634-540CCFFF8E72}.Debug|Any CPU.ActiveCfg = Debug|Any CPU
		{85E45EE0-32AB-4B78-A634-540CCFFF8E72}.Debug|Any CPU.Build.0 = Debug|Any CPU
		{85E45EE0-32AB-4B78-A634-540CCFFF8E72}.Debug|x64.ActiveCfg = Debug|Any CPU
		{85E45EE0-32AB-4B78-A634-540CCFFF8E72}.Debug|x64.Build.0 = Debug|Any CPU
		{85E45EE0-32AB-4B78-A634-540CCFFF8E72}.Debug|x86.ActiveCfg = Debug|Any CPU
		{85E45EE0-32AB-4B78-A634-540CCFFF8E72}.Debug|x86.Build.0 = Debug|Any CPU
		{85E45EE0-32AB-4B78-A634-540CCFFF8E72}.Release|Any CPU.ActiveCfg = Release|Any CPU
		{85E45EE0-32AB-4B78-A634-540CCFFF8E72}.Release|Any CPU.Build.0 = Release|Any CPU
		{85E45EE0-32AB-4B78-A634-540CCFFF8E72}.Release|x64.ActiveCfg = Release|Any CPU
		{85E45EE0-32AB-4B78-A634-540CCFFF8E72}.Release|x64.Build.0 = Release|Any CPU
		{85E45EE0-32AB-4B78-A634-540CCFFF8E72}.Release|x86.ActiveCfg = Release|Any CPU
		{85E45EE0-32AB-4B78-A634-540CCFFF8E72}.Release|x86.Build.0 = Release|Any CPU
		{A9FB26EC-CB54-4817-AB0C-045605C0849A}.Debug|Any CPU.ActiveCfg = Debug|Any CPU
		{A9FB26EC-CB54-4817-AB0C-045605C0849A}.Debug|Any CPU.Build.0 = Debug|Any CPU
		{A9FB26EC-CB54-4817-AB0C-045605C0849A}.Debug|x64.ActiveCfg = Debug|Any CPU
		{A9FB26EC-CB54-4817-AB0C-045605C0849A}.Debug|x64.Build.0 = Debug|Any CPU
		{A9FB26EC-CB54-4817-AB0C-045605C0849A}.Debug|x86.ActiveCfg = Debug|Any CPU
		{A9FB26EC-CB54-4817-AB0C-045605C0849A}.Debug|x86.Build.0 = Debug|Any CPU
		{A9FB26EC-CB54-4817-AB0C-045605C0849A}.Release|Any CPU.ActiveCfg = Release|Any CPU
		{A9FB26EC-CB54-4817-AB0C-045605C0849A}.Release|Any CPU.Build.0 = Release|Any CPU
		{A9FB26EC-CB54-4817-AB0C-045605C0849A}.Release|x64.ActiveCfg = Release|Any CPU
		{A9FB26EC-CB54-4817-AB0C-045605C0849A}.Release|x64.Build.0 = Release|Any CPU
		{A9FB26EC-CB54-4817-AB0C-045605C0849A}.Release|x86.ActiveCfg = Release|Any CPU
		{A9FB26EC-CB54-4817-AB0C-045605C0849A}.Release|x86.Build.0 = Release|Any CPU
		{E22282C0-0C45-4EE2-9F84-FFE6DAFE7546}.Debug|Any CPU.ActiveCfg = Debug|Any CPU
		{E22282C0-0C45-4EE2-9F84-FFE6DAFE7546}.Debug|Any CPU.Build.0 = Debug|Any CPU
		{E22282C0-0C45-4EE2-9F84-FFE6DAFE7546}.Debug|x64.ActiveCfg = Debug|Any CPU
		{E22282C0-0C45-4EE2-9F84-FFE6DAFE7546}.Debug|x64.Build.0 = Debug|Any CPU
		{E22282C0-0C45-4EE2-9F84-FFE6DAFE7546}.Debug|x86.ActiveCfg = Debug|Any CPU
		{E22282C0-0C45-4EE2-9F84-FFE6DAFE7546}.Debug|x86.Build.0 = Debug|Any CPU
		{E22282C0-0C45-4EE2-9F84-FFE6DAFE7546}.Release|Any CPU.ActiveCfg = Release|Any CPU
		{E22282C0-0C45-4EE2-9F84-FFE6DAFE7546}.Release|Any CPU.Build.0 = Release|Any CPU
		{E22282C0-0C45-4EE2-9F84-FFE6DAFE7546}.Release|x64.ActiveCfg = Release|Any CPU
		{E22282C0-0C45-4EE2-9F84-FFE6DAFE7546}.Release|x64.Build.0 = Release|Any CPU
		{E22282C0-0C45-4EE2-9F84-FFE6DAFE7546}.Release|x86.ActiveCfg = Release|Any CPU
		{E22282C0-0C45-4EE2-9F84-FFE6DAFE7546}.Release|x86.Build.0 = Release|Any CPU
		{B8E3240E-775B-401E-8955-DCAFAA60E4A9}.Debug|Any CPU.ActiveCfg = Debug|Any CPU
		{B8E3240E-775B-401E-8955-DCAFAA60E4A9}.Debug|Any CPU.Build.0 = Debug|Any CPU
		{B8E3240E-775B-401E-8955-DCAFAA60E4A9}.Debug|x64.ActiveCfg = Debug|Any CPU
		{B8E3240E-775B-401E-8955-DCAFAA60E4A9}.Debug|x64.Build.0 = Debug|Any CPU
		{B8E3240E-775B-401E-8955-DCAFAA60E4A9}.Debug|x86.ActiveCfg = Debug|Any CPU
		{B8E3240E-775B-401E-8955-DCAFAA60E4A9}.Debug|x86.Build.0 = Debug|Any CPU
		{B8E3240E-775B-401E-8955-DCAFAA60E4A9}.Release|Any CPU.ActiveCfg = Release|Any CPU
		{B8E3240E-775B-401E-8955-DCAFAA60E4A9}.Release|Any CPU.Build.0 = Release|Any CPU
		{B8E3240E-775B-401E-8955-DCAFAA60E4A9}.Release|x64.ActiveCfg = Release|Any CPU
		{B8E3240E-775B-401E-8955-DCAFAA60E4A9}.Release|x64.Build.0 = Release|Any CPU
		{B8E3240E-775B-401E-8955-DCAFAA60E4A9}.Release|x86.ActiveCfg = Release|Any CPU
		{B8E3240E-775B-401E-8955-DCAFAA60E4A9}.Release|x86.Build.0 = Release|Any CPU
		{3769E431-CDF4-4450-B84E-F2515CE965C0}.Debug|Any CPU.ActiveCfg = Debug|Any CPU
		{3769E431-CDF4-4450-B84E-F2515CE965C0}.Debug|Any CPU.Build.0 = Debug|Any CPU
		{3769E431-CDF4-4450-B84E-F2515CE965C0}.Debug|x64.ActiveCfg = Debug|Any CPU
		{3769E431-CDF4-4450-B84E-F2515CE965C0}.Debug|x64.Build.0 = Debug|Any CPU
		{3769E431-CDF4-4450-B84E-F2515CE965C0}.Debug|x86.ActiveCfg = Debug|Any CPU
		{3769E431-CDF4-4450-B84E-F2515CE965C0}.Debug|x86.Build.0 = Debug|Any CPU
		{3769E431-CDF4-4450-B84E-F2515CE965C0}.Release|Any CPU.ActiveCfg = Release|Any CPU
		{3769E431-CDF4-4450-B84E-F2515CE965C0}.Release|Any CPU.Build.0 = Release|Any CPU
		{3769E431-CDF4-4450-B84E-F2515CE965C0}.Release|x64.ActiveCfg = Release|Any CPU
		{3769E431-CDF4-4450-B84E-F2515CE965C0}.Release|x64.Build.0 = Release|Any CPU
		{3769E431-CDF4-4450-B84E-F2515CE965C0}.Release|x86.ActiveCfg = Release|Any CPU
		{3769E431-CDF4-4450-B84E-F2515CE965C0}.Release|x86.Build.0 = Release|Any CPU
		{E5A4D1A3-2927-47A7-93A7-B6893D8A4514}.Debug|Any CPU.ActiveCfg = Debug|Any CPU
		{E5A4D1A3-2927-47A7-93A7-B6893D8A4514}.Debug|Any CPU.Build.0 = Debug|Any CPU
		{E5A4D1A3-2927-47A7-93A7-B6893D8A4514}.Debug|x64.ActiveCfg = Debug|Any CPU
		{E5A4D1A3-2927-47A7-93A7-B6893D8A4514}.Debug|x64.Build.0 = Debug|Any CPU
		{E5A4D1A3-2927-47A7-93A7-B6893D8A4514}.Debug|x86.ActiveCfg = Debug|Any CPU
		{E5A4D1A3-2927-47A7-93A7-B6893D8A4514}.Debug|x86.Build.0 = Debug|Any CPU
		{E5A4D1A3-2927-47A7-93A7-B6893D8A4514}.Release|Any CPU.ActiveCfg = Release|Any CPU
		{E5A4D1A3-2927-47A7-93A7-B6893D8A4514}.Release|Any CPU.Build.0 = Release|Any CPU
		{E5A4D1A3-2927-47A7-93A7-B6893D8A4514}.Release|x64.ActiveCfg = Release|Any CPU
		{E5A4D1A3-2927-47A7-93A7-B6893D8A4514}.Release|x64.Build.0 = Release|Any CPU
		{E5A4D1A3-2927-47A7-93A7-B6893D8A4514}.Release|x86.ActiveCfg = Release|Any CPU
		{E5A4D1A3-2927-47A7-93A7-B6893D8A4514}.Release|x86.Build.0 = Release|Any CPU
		{909AF34C-1691-487D-B0FB-E35F8A58E1CF}.Debug|Any CPU.ActiveCfg = Debug|Any CPU
		{909AF34C-1691-487D-B0FB-E35F8A58E1CF}.Debug|Any CPU.Build.0 = Debug|Any CPU
		{909AF34C-1691-487D-B0FB-E35F8A58E1CF}.Debug|x64.ActiveCfg = Debug|Any CPU
		{909AF34C-1691-487D-B0FB-E35F8A58E1CF}.Debug|x64.Build.0 = Debug|Any CPU
		{909AF34C-1691-487D-B0FB-E35F8A58E1CF}.Debug|x86.ActiveCfg = Debug|Any CPU
		{909AF34C-1691-487D-B0FB-E35F8A58E1CF}.Debug|x86.Build.0 = Debug|Any CPU
		{909AF34C-1691-487D-B0FB-E35F8A58E1CF}.Release|Any CPU.ActiveCfg = Release|Any CPU
		{909AF34C-1691-487D-B0FB-E35F8A58E1CF}.Release|Any CPU.Build.0 = Release|Any CPU
		{909AF34C-1691-487D-B0FB-E35F8A58E1CF}.Release|x64.ActiveCfg = Release|Any CPU
		{909AF34C-1691-487D-B0FB-E35F8A58E1CF}.Release|x64.Build.0 = Release|Any CPU
		{909AF34C-1691-487D-B0FB-E35F8A58E1CF}.Release|x86.ActiveCfg = Release|Any CPU
		{909AF34C-1691-487D-B0FB-E35F8A58E1CF}.Release|x86.Build.0 = Release|Any CPU
		{A63943B8-2871-484A-8146-E9314A603DB5}.Debug|Any CPU.ActiveCfg = Debug|Any CPU
		{A63943B8-2871-484A-8146-E9314A603DB5}.Debug|Any CPU.Build.0 = Debug|Any CPU
		{A63943B8-2871-484A-8146-E9314A603DB5}.Debug|x64.ActiveCfg = Debug|Any CPU
		{A63943B8-2871-484A-8146-E9314A603DB5}.Debug|x64.Build.0 = Debug|Any CPU
		{A63943B8-2871-484A-8146-E9314A603DB5}.Debug|x86.ActiveCfg = Debug|Any CPU
		{A63943B8-2871-484A-8146-E9314A603DB5}.Debug|x86.Build.0 = Debug|Any CPU
		{A63943B8-2871-484A-8146-E9314A603DB5}.Release|Any CPU.ActiveCfg = Release|Any CPU
		{A63943B8-2871-484A-8146-E9314A603DB5}.Release|Any CPU.Build.0 = Release|Any CPU
		{A63943B8-2871-484A-8146-E9314A603DB5}.Release|x64.ActiveCfg = Release|Any CPU
		{A63943B8-2871-484A-8146-E9314A603DB5}.Release|x64.Build.0 = Release|Any CPU
		{A63943B8-2871-484A-8146-E9314A603DB5}.Release|x86.ActiveCfg = Release|Any CPU
		{A63943B8-2871-484A-8146-E9314A603DB5}.Release|x86.Build.0 = Release|Any CPU
		{E5FAEB97-1BE7-4436-8BBA-30E5B0D8EF5A}.Debug|Any CPU.ActiveCfg = Debug|Any CPU
		{E5FAEB97-1BE7-4436-8BBA-30E5B0D8EF5A}.Debug|Any CPU.Build.0 = Debug|Any CPU
		{E5FAEB97-1BE7-4436-8BBA-30E5B0D8EF5A}.Debug|x64.ActiveCfg = Debug|Any CPU
		{E5FAEB97-1BE7-4436-8BBA-30E5B0D8EF5A}.Debug|x64.Build.0 = Debug|Any CPU
		{E5FAEB97-1BE7-4436-8BBA-30E5B0D8EF5A}.Debug|x86.ActiveCfg = Debug|Any CPU
		{E5FAEB97-1BE7-4436-8BBA-30E5B0D8EF5A}.Debug|x86.Build.0 = Debug|Any CPU
		{E5FAEB97-1BE7-4436-8BBA-30E5B0D8EF5A}.Release|Any CPU.ActiveCfg = Release|Any CPU
		{E5FAEB97-1BE7-4436-8BBA-30E5B0D8EF5A}.Release|Any CPU.Build.0 = Release|Any CPU
		{E5FAEB97-1BE7-4436-8BBA-30E5B0D8EF5A}.Release|x64.ActiveCfg = Release|Any CPU
		{E5FAEB97-1BE7-4436-8BBA-30E5B0D8EF5A}.Release|x64.Build.0 = Release|Any CPU
		{E5FAEB97-1BE7-4436-8BBA-30E5B0D8EF5A}.Release|x86.ActiveCfg = Release|Any CPU
		{E5FAEB97-1BE7-4436-8BBA-30E5B0D8EF5A}.Release|x86.Build.0 = Release|Any CPU
		{FAFC9F12-8F1C-4C69-8C7B-7877D4106AC9}.Debug|Any CPU.ActiveCfg = Debug|Any CPU
		{FAFC9F12-8F1C-4C69-8C7B-7877D4106AC9}.Debug|Any CPU.Build.0 = Debug|Any CPU
		{FAFC9F12-8F1C-4C69-8C7B-7877D4106AC9}.Debug|x64.ActiveCfg = Debug|Any CPU
		{FAFC9F12-8F1C-4C69-8C7B-7877D4106AC9}.Debug|x64.Build.0 = Debug|Any CPU
		{FAFC9F12-8F1C-4C69-8C7B-7877D4106AC9}.Debug|x86.ActiveCfg = Debug|Any CPU
		{FAFC9F12-8F1C-4C69-8C7B-7877D4106AC9}.Debug|x86.Build.0 = Debug|Any CPU
		{FAFC9F12-8F1C-4C69-8C7B-7877D4106AC9}.Release|Any CPU.ActiveCfg = Release|Any CPU
		{FAFC9F12-8F1C-4C69-8C7B-7877D4106AC9}.Release|Any CPU.Build.0 = Release|Any CPU
		{FAFC9F12-8F1C-4C69-8C7B-7877D4106AC9}.Release|x64.ActiveCfg = Release|Any CPU
		{FAFC9F12-8F1C-4C69-8C7B-7877D4106AC9}.Release|x64.Build.0 = Release|Any CPU
		{FAFC9F12-8F1C-4C69-8C7B-7877D4106AC9}.Release|x86.ActiveCfg = Release|Any CPU
		{FAFC9F12-8F1C-4C69-8C7B-7877D4106AC9}.Release|x86.Build.0 = Release|Any CPU
		{53BD1D01-5DF4-49B3-95C8-A05DB5B409CB}.Debug|Any CPU.ActiveCfg = Debug|Any CPU
		{53BD1D01-5DF4-49B3-95C8-A05DB5B409CB}.Debug|Any CPU.Build.0 = Debug|Any CPU
		{53BD1D01-5DF4-49B3-95C8-A05DB5B409CB}.Debug|x64.ActiveCfg = Debug|Any CPU
		{53BD1D01-5DF4-49B3-95C8-A05DB5B409CB}.Debug|x64.Build.0 = Debug|Any CPU
		{53BD1D01-5DF4-49B3-95C8-A05DB5B409CB}.Debug|x86.ActiveCfg = Debug|Any CPU
		{53BD1D01-5DF4-49B3-95C8-A05DB5B409CB}.Debug|x86.Build.0 = Debug|Any CPU
		{53BD1D01-5DF4-49B3-95C8-A05DB5B409CB}.Release|Any CPU.ActiveCfg = Release|Any CPU
		{53BD1D01-5DF4-49B3-95C8-A05DB5B409CB}.Release|Any CPU.Build.0 = Release|Any CPU
		{53BD1D01-5DF4-49B3-95C8-A05DB5B409CB}.Release|x64.ActiveCfg = Release|Any CPU
		{53BD1D01-5DF4-49B3-95C8-A05DB5B409CB}.Release|x64.Build.0 = Release|Any CPU
		{53BD1D01-5DF4-49B3-95C8-A05DB5B409CB}.Release|x86.ActiveCfg = Release|Any CPU
		{53BD1D01-5DF4-49B3-95C8-A05DB5B409CB}.Release|x86.Build.0 = Release|Any CPU
		{98A9E201-5A7D-470D-8869-D3BE8BD39A96}.Debug|Any CPU.ActiveCfg = Debug|Any CPU
		{98A9E201-5A7D-470D-8869-D3BE8BD39A96}.Debug|Any CPU.Build.0 = Debug|Any CPU
		{98A9E201-5A7D-470D-8869-D3BE8BD39A96}.Debug|x64.ActiveCfg = Debug|Any CPU
		{98A9E201-5A7D-470D-8869-D3BE8BD39A96}.Debug|x64.Build.0 = Debug|Any CPU
		{98A9E201-5A7D-470D-8869-D3BE8BD39A96}.Debug|x86.ActiveCfg = Debug|Any CPU
		{98A9E201-5A7D-470D-8869-D3BE8BD39A96}.Debug|x86.Build.0 = Debug|Any CPU
		{98A9E201-5A7D-470D-8869-D3BE8BD39A96}.Release|Any CPU.ActiveCfg = Release|Any CPU
		{98A9E201-5A7D-470D-8869-D3BE8BD39A96}.Release|Any CPU.Build.0 = Release|Any CPU
		{98A9E201-5A7D-470D-8869-D3BE8BD39A96}.Release|x64.ActiveCfg = Release|Any CPU
		{98A9E201-5A7D-470D-8869-D3BE8BD39A96}.Release|x64.Build.0 = Release|Any CPU
		{98A9E201-5A7D-470D-8869-D3BE8BD39A96}.Release|x86.ActiveCfg = Release|Any CPU
		{98A9E201-5A7D-470D-8869-D3BE8BD39A96}.Release|x86.Build.0 = Release|Any CPU
		{32FCEB7E-9CE7-4A05-B0D2-BC81F9E3E348}.Debug|Any CPU.ActiveCfg = Debug|Any CPU
		{32FCEB7E-9CE7-4A05-B0D2-BC81F9E3E348}.Debug|Any CPU.Build.0 = Debug|Any CPU
		{32FCEB7E-9CE7-4A05-B0D2-BC81F9E3E348}.Debug|x64.ActiveCfg = Debug|Any CPU
		{32FCEB7E-9CE7-4A05-B0D2-BC81F9E3E348}.Debug|x64.Build.0 = Debug|Any CPU
		{32FCEB7E-9CE7-4A05-B0D2-BC81F9E3E348}.Debug|x86.ActiveCfg = Debug|Any CPU
		{32FCEB7E-9CE7-4A05-B0D2-BC81F9E3E348}.Debug|x86.Build.0 = Debug|Any CPU
		{32FCEB7E-9CE7-4A05-B0D2-BC81F9E3E348}.Release|Any CPU.ActiveCfg = Release|Any CPU
		{32FCEB7E-9CE7-4A05-B0D2-BC81F9E3E348}.Release|Any CPU.Build.0 = Release|Any CPU
		{32FCEB7E-9CE7-4A05-B0D2-BC81F9E3E348}.Release|x64.ActiveCfg = Release|Any CPU
		{32FCEB7E-9CE7-4A05-B0D2-BC81F9E3E348}.Release|x64.Build.0 = Release|Any CPU
		{32FCEB7E-9CE7-4A05-B0D2-BC81F9E3E348}.Release|x86.ActiveCfg = Release|Any CPU
		{32FCEB7E-9CE7-4A05-B0D2-BC81F9E3E348}.Release|x86.Build.0 = Release|Any CPU
		{2B4F5A48-03E5-4591-84DD-295B55C52DC2}.Debug|Any CPU.ActiveCfg = Debug|Any CPU
		{2B4F5A48-03E5-4591-84DD-295B55C52DC2}.Debug|Any CPU.Build.0 = Debug|Any CPU
		{2B4F5A48-03E5-4591-84DD-295B55C52DC2}.Debug|x64.ActiveCfg = Debug|Any CPU
		{2B4F5A48-03E5-4591-84DD-295B55C52DC2}.Debug|x64.Build.0 = Debug|Any CPU
		{2B4F5A48-03E5-4591-84DD-295B55C52DC2}.Debug|x86.ActiveCfg = Debug|Any CPU
		{2B4F5A48-03E5-4591-84DD-295B55C52DC2}.Debug|x86.Build.0 = Debug|Any CPU
		{2B4F5A48-03E5-4591-84DD-295B55C52DC2}.Release|Any CPU.ActiveCfg = Release|Any CPU
		{2B4F5A48-03E5-4591-84DD-295B55C52DC2}.Release|Any CPU.Build.0 = Release|Any CPU
		{2B4F5A48-03E5-4591-84DD-295B55C52DC2}.Release|x64.ActiveCfg = Release|Any CPU
		{2B4F5A48-03E5-4591-84DD-295B55C52DC2}.Release|x64.Build.0 = Release|Any CPU
		{2B4F5A48-03E5-4591-84DD-295B55C52DC2}.Release|x86.ActiveCfg = Release|Any CPU
		{2B4F5A48-03E5-4591-84DD-295B55C52DC2}.Release|x86.Build.0 = Release|Any CPU
		{2B87F7BA-F884-4864-9DAB-F0B85FA46BBC}.Debug|Any CPU.ActiveCfg = Debug|Any CPU
		{2B87F7BA-F884-4864-9DAB-F0B85FA46BBC}.Debug|Any CPU.Build.0 = Debug|Any CPU
		{2B87F7BA-F884-4864-9DAB-F0B85FA46BBC}.Debug|x64.ActiveCfg = Debug|Any CPU
		{2B87F7BA-F884-4864-9DAB-F0B85FA46BBC}.Debug|x64.Build.0 = Debug|Any CPU
		{2B87F7BA-F884-4864-9DAB-F0B85FA46BBC}.Debug|x86.ActiveCfg = Debug|Any CPU
		{2B87F7BA-F884-4864-9DAB-F0B85FA46BBC}.Debug|x86.Build.0 = Debug|Any CPU
		{2B87F7BA-F884-4864-9DAB-F0B85FA46BBC}.Release|Any CPU.ActiveCfg = Release|Any CPU
		{2B87F7BA-F884-4864-9DAB-F0B85FA46BBC}.Release|Any CPU.Build.0 = Release|Any CPU
		{2B87F7BA-F884-4864-9DAB-F0B85FA46BBC}.Release|x64.ActiveCfg = Release|Any CPU
		{2B87F7BA-F884-4864-9DAB-F0B85FA46BBC}.Release|x64.Build.0 = Release|Any CPU
		{2B87F7BA-F884-4864-9DAB-F0B85FA46BBC}.Release|x86.ActiveCfg = Release|Any CPU
		{2B87F7BA-F884-4864-9DAB-F0B85FA46BBC}.Release|x86.Build.0 = Release|Any CPU
		{EC61E73E-8727-41B5-A358-8A2D03D32476}.Debug|Any CPU.ActiveCfg = Debug|Any CPU
		{EC61E73E-8727-41B5-A358-8A2D03D32476}.Debug|Any CPU.Build.0 = Debug|Any CPU
		{EC61E73E-8727-41B5-A358-8A2D03D32476}.Debug|x64.ActiveCfg = Debug|Any CPU
		{EC61E73E-8727-41B5-A358-8A2D03D32476}.Debug|x64.Build.0 = Debug|Any CPU
		{EC61E73E-8727-41B5-A358-8A2D03D32476}.Debug|x86.ActiveCfg = Debug|Any CPU
		{EC61E73E-8727-41B5-A358-8A2D03D32476}.Debug|x86.Build.0 = Debug|Any CPU
		{EC61E73E-8727-41B5-A358-8A2D03D32476}.Release|Any CPU.ActiveCfg = Release|Any CPU
		{EC61E73E-8727-41B5-A358-8A2D03D32476}.Release|Any CPU.Build.0 = Release|Any CPU
		{EC61E73E-8727-41B5-A358-8A2D03D32476}.Release|x64.ActiveCfg = Release|Any CPU
		{EC61E73E-8727-41B5-A358-8A2D03D32476}.Release|x64.Build.0 = Release|Any CPU
		{EC61E73E-8727-41B5-A358-8A2D03D32476}.Release|x86.ActiveCfg = Release|Any CPU
		{EC61E73E-8727-41B5-A358-8A2D03D32476}.Release|x86.Build.0 = Release|Any CPU
		{2AB66817-61D1-4426-A8C3-6E0F6C290D1C}.Debug|Any CPU.ActiveCfg = Debug|Any CPU
		{2AB66817-61D1-4426-A8C3-6E0F6C290D1C}.Debug|Any CPU.Build.0 = Debug|Any CPU
		{2AB66817-61D1-4426-A8C3-6E0F6C290D1C}.Debug|x64.ActiveCfg = Debug|Any CPU
		{2AB66817-61D1-4426-A8C3-6E0F6C290D1C}.Debug|x64.Build.0 = Debug|Any CPU
		{2AB66817-61D1-4426-A8C3-6E0F6C290D1C}.Debug|x86.ActiveCfg = Debug|Any CPU
		{2AB66817-61D1-4426-A8C3-6E0F6C290D1C}.Debug|x86.Build.0 = Debug|Any CPU
		{2AB66817-61D1-4426-A8C3-6E0F6C290D1C}.Release|Any CPU.ActiveCfg = Release|Any CPU
		{2AB66817-61D1-4426-A8C3-6E0F6C290D1C}.Release|Any CPU.Build.0 = Release|Any CPU
		{2AB66817-61D1-4426-A8C3-6E0F6C290D1C}.Release|x64.ActiveCfg = Release|Any CPU
		{2AB66817-61D1-4426-A8C3-6E0F6C290D1C}.Release|x64.Build.0 = Release|Any CPU
		{2AB66817-61D1-4426-A8C3-6E0F6C290D1C}.Release|x86.ActiveCfg = Release|Any CPU
		{2AB66817-61D1-4426-A8C3-6E0F6C290D1C}.Release|x86.Build.0 = Release|Any CPU
		{6C588B14-E818-4495-A7CC-0DC207B53C1D}.Debug|Any CPU.ActiveCfg = Debug|Any CPU
		{6C588B14-E818-4495-A7CC-0DC207B53C1D}.Debug|Any CPU.Build.0 = Debug|Any CPU
		{6C588B14-E818-4495-A7CC-0DC207B53C1D}.Debug|x64.ActiveCfg = Debug|Any CPU
		{6C588B14-E818-4495-A7CC-0DC207B53C1D}.Debug|x64.Build.0 = Debug|Any CPU
		{6C588B14-E818-4495-A7CC-0DC207B53C1D}.Debug|x86.ActiveCfg = Debug|Any CPU
		{6C588B14-E818-4495-A7CC-0DC207B53C1D}.Debug|x86.Build.0 = Debug|Any CPU
		{6C588B14-E818-4495-A7CC-0DC207B53C1D}.Release|Any CPU.ActiveCfg = Release|Any CPU
		{6C588B14-E818-4495-A7CC-0DC207B53C1D}.Release|Any CPU.Build.0 = Release|Any CPU
		{6C588B14-E818-4495-A7CC-0DC207B53C1D}.Release|x64.ActiveCfg = Release|Any CPU
		{6C588B14-E818-4495-A7CC-0DC207B53C1D}.Release|x64.Build.0 = Release|Any CPU
		{6C588B14-E818-4495-A7CC-0DC207B53C1D}.Release|x86.ActiveCfg = Release|Any CPU
		{6C588B14-E818-4495-A7CC-0DC207B53C1D}.Release|x86.Build.0 = Release|Any CPU
		{3B6C1C0A-B4D7-4F5F-BA3B-2B8BADD670C5}.Debug|Any CPU.ActiveCfg = Debug|Any CPU
		{3B6C1C0A-B4D7-4F5F-BA3B-2B8BADD670C5}.Debug|Any CPU.Build.0 = Debug|Any CPU
		{3B6C1C0A-B4D7-4F5F-BA3B-2B8BADD670C5}.Debug|x64.ActiveCfg = Debug|Any CPU
		{3B6C1C0A-B4D7-4F5F-BA3B-2B8BADD670C5}.Debug|x64.Build.0 = Debug|Any CPU
		{3B6C1C0A-B4D7-4F5F-BA3B-2B8BADD670C5}.Debug|x86.ActiveCfg = Debug|Any CPU
		{3B6C1C0A-B4D7-4F5F-BA3B-2B8BADD670C5}.Debug|x86.Build.0 = Debug|Any CPU
		{3B6C1C0A-B4D7-4F5F-BA3B-2B8BADD670C5}.Release|Any CPU.ActiveCfg = Release|Any CPU
		{3B6C1C0A-B4D7-4F5F-BA3B-2B8BADD670C5}.Release|Any CPU.Build.0 = Release|Any CPU
		{3B6C1C0A-B4D7-4F5F-BA3B-2B8BADD670C5}.Release|x64.ActiveCfg = Release|Any CPU
		{3B6C1C0A-B4D7-4F5F-BA3B-2B8BADD670C5}.Release|x64.Build.0 = Release|Any CPU
		{3B6C1C0A-B4D7-4F5F-BA3B-2B8BADD670C5}.Release|x86.ActiveCfg = Release|Any CPU
		{3B6C1C0A-B4D7-4F5F-BA3B-2B8BADD670C5}.Release|x86.Build.0 = Release|Any CPU
		{FF3AFB3A-0833-4661-AC2E-0735A6758EB7}.Debug|Any CPU.ActiveCfg = Debug|Any CPU
		{FF3AFB3A-0833-4661-AC2E-0735A6758EB7}.Debug|Any CPU.Build.0 = Debug|Any CPU
		{FF3AFB3A-0833-4661-AC2E-0735A6758EB7}.Debug|x64.ActiveCfg = Debug|Any CPU
		{FF3AFB3A-0833-4661-AC2E-0735A6758EB7}.Debug|x64.Build.0 = Debug|Any CPU
		{FF3AFB3A-0833-4661-AC2E-0735A6758EB7}.Debug|x86.ActiveCfg = Debug|Any CPU
		{FF3AFB3A-0833-4661-AC2E-0735A6758EB7}.Debug|x86.Build.0 = Debug|Any CPU
		{FF3AFB3A-0833-4661-AC2E-0735A6758EB7}.Release|Any CPU.ActiveCfg = Release|Any CPU
		{FF3AFB3A-0833-4661-AC2E-0735A6758EB7}.Release|Any CPU.Build.0 = Release|Any CPU
		{FF3AFB3A-0833-4661-AC2E-0735A6758EB7}.Release|x64.ActiveCfg = Release|Any CPU
		{FF3AFB3A-0833-4661-AC2E-0735A6758EB7}.Release|x64.Build.0 = Release|Any CPU
		{FF3AFB3A-0833-4661-AC2E-0735A6758EB7}.Release|x86.ActiveCfg = Release|Any CPU
		{FF3AFB3A-0833-4661-AC2E-0735A6758EB7}.Release|x86.Build.0 = Release|Any CPU
		{C5E0296A-11BD-445A-9578-C4B7315B6292}.Debug|Any CPU.ActiveCfg = Debug|Any CPU
		{C5E0296A-11BD-445A-9578-C4B7315B6292}.Debug|Any CPU.Build.0 = Debug|Any CPU
		{C5E0296A-11BD-445A-9578-C4B7315B6292}.Debug|x64.ActiveCfg = Debug|Any CPU
		{C5E0296A-11BD-445A-9578-C4B7315B6292}.Debug|x64.Build.0 = Debug|Any CPU
		{C5E0296A-11BD-445A-9578-C4B7315B6292}.Debug|x86.ActiveCfg = Debug|Any CPU
		{C5E0296A-11BD-445A-9578-C4B7315B6292}.Debug|x86.Build.0 = Debug|Any CPU
		{C5E0296A-11BD-445A-9578-C4B7315B6292}.Release|Any CPU.ActiveCfg = Release|Any CPU
		{C5E0296A-11BD-445A-9578-C4B7315B6292}.Release|Any CPU.Build.0 = Release|Any CPU
		{C5E0296A-11BD-445A-9578-C4B7315B6292}.Release|x64.ActiveCfg = Release|Any CPU
		{C5E0296A-11BD-445A-9578-C4B7315B6292}.Release|x64.Build.0 = Release|Any CPU
		{C5E0296A-11BD-445A-9578-C4B7315B6292}.Release|x86.ActiveCfg = Release|Any CPU
		{C5E0296A-11BD-445A-9578-C4B7315B6292}.Release|x86.Build.0 = Release|Any CPU
		{8700BD64-BC49-48BB-9A36-B83DC6AE496B}.Debug|Any CPU.ActiveCfg = Debug|Any CPU
		{8700BD64-BC49-48BB-9A36-B83DC6AE496B}.Debug|Any CPU.Build.0 = Debug|Any CPU
		{8700BD64-BC49-48BB-9A36-B83DC6AE496B}.Debug|x64.ActiveCfg = Debug|Any CPU
		{8700BD64-BC49-48BB-9A36-B83DC6AE496B}.Debug|x64.Build.0 = Debug|Any CPU
		{8700BD64-BC49-48BB-9A36-B83DC6AE496B}.Debug|x86.ActiveCfg = Debug|Any CPU
		{8700BD64-BC49-48BB-9A36-B83DC6AE496B}.Debug|x86.Build.0 = Debug|Any CPU
		{8700BD64-BC49-48BB-9A36-B83DC6AE496B}.Release|Any CPU.ActiveCfg = Release|Any CPU
		{8700BD64-BC49-48BB-9A36-B83DC6AE496B}.Release|Any CPU.Build.0 = Release|Any CPU
		{8700BD64-BC49-48BB-9A36-B83DC6AE496B}.Release|x64.ActiveCfg = Release|Any CPU
		{8700BD64-BC49-48BB-9A36-B83DC6AE496B}.Release|x64.Build.0 = Release|Any CPU
		{8700BD64-BC49-48BB-9A36-B83DC6AE496B}.Release|x86.ActiveCfg = Release|Any CPU
		{8700BD64-BC49-48BB-9A36-B83DC6AE496B}.Release|x86.Build.0 = Release|Any CPU
		{3BFBF056-A619-4F13-9BD9-BC3D63F920E8}.Debug|Any CPU.ActiveCfg = Debug|Any CPU
		{3BFBF056-A619-4F13-9BD9-BC3D63F920E8}.Debug|Any CPU.Build.0 = Debug|Any CPU
		{3BFBF056-A619-4F13-9BD9-BC3D63F920E8}.Debug|x64.ActiveCfg = Debug|Any CPU
		{3BFBF056-A619-4F13-9BD9-BC3D63F920E8}.Debug|x64.Build.0 = Debug|Any CPU
		{3BFBF056-A619-4F13-9BD9-BC3D63F920E8}.Debug|x86.ActiveCfg = Debug|Any CPU
		{3BFBF056-A619-4F13-9BD9-BC3D63F920E8}.Debug|x86.Build.0 = Debug|Any CPU
		{3BFBF056-A619-4F13-9BD9-BC3D63F920E8}.Release|Any CPU.ActiveCfg = Release|Any CPU
		{3BFBF056-A619-4F13-9BD9-BC3D63F920E8}.Release|Any CPU.Build.0 = Release|Any CPU
		{3BFBF056-A619-4F13-9BD9-BC3D63F920E8}.Release|x64.ActiveCfg = Release|Any CPU
		{3BFBF056-A619-4F13-9BD9-BC3D63F920E8}.Release|x64.Build.0 = Release|Any CPU
		{3BFBF056-A619-4F13-9BD9-BC3D63F920E8}.Release|x86.ActiveCfg = Release|Any CPU
		{3BFBF056-A619-4F13-9BD9-BC3D63F920E8}.Release|x86.Build.0 = Release|Any CPU
		{774DD9F1-6974-44B0-8022-BCB6FAB02C15}.Debug|Any CPU.ActiveCfg = Debug|Any CPU
		{774DD9F1-6974-44B0-8022-BCB6FAB02C15}.Debug|Any CPU.Build.0 = Debug|Any CPU
		{774DD9F1-6974-44B0-8022-BCB6FAB02C15}.Debug|x64.ActiveCfg = Debug|Any CPU
		{774DD9F1-6974-44B0-8022-BCB6FAB02C15}.Debug|x64.Build.0 = Debug|Any CPU
		{774DD9F1-6974-44B0-8022-BCB6FAB02C15}.Debug|x86.ActiveCfg = Debug|Any CPU
		{774DD9F1-6974-44B0-8022-BCB6FAB02C15}.Debug|x86.Build.0 = Debug|Any CPU
		{774DD9F1-6974-44B0-8022-BCB6FAB02C15}.Release|Any CPU.ActiveCfg = Release|Any CPU
		{774DD9F1-6974-44B0-8022-BCB6FAB02C15}.Release|Any CPU.Build.0 = Release|Any CPU
		{774DD9F1-6974-44B0-8022-BCB6FAB02C15}.Release|x64.ActiveCfg = Release|Any CPU
		{774DD9F1-6974-44B0-8022-BCB6FAB02C15}.Release|x64.Build.0 = Release|Any CPU
		{774DD9F1-6974-44B0-8022-BCB6FAB02C15}.Release|x86.ActiveCfg = Release|Any CPU
		{774DD9F1-6974-44B0-8022-BCB6FAB02C15}.Release|x86.Build.0 = Release|Any CPU
		{88083BAF-6421-4679-AE91-A56DC85744EE}.Debug|Any CPU.ActiveCfg = Debug|Any CPU
		{88083BAF-6421-4679-AE91-A56DC85744EE}.Debug|Any CPU.Build.0 = Debug|Any CPU
		{88083BAF-6421-4679-AE91-A56DC85744EE}.Debug|x64.ActiveCfg = Debug|Any CPU
		{88083BAF-6421-4679-AE91-A56DC85744EE}.Debug|x64.Build.0 = Debug|Any CPU
		{88083BAF-6421-4679-AE91-A56DC85744EE}.Debug|x86.ActiveCfg = Debug|Any CPU
		{88083BAF-6421-4679-AE91-A56DC85744EE}.Debug|x86.Build.0 = Debug|Any CPU
		{88083BAF-6421-4679-AE91-A56DC85744EE}.Release|Any CPU.ActiveCfg = Release|Any CPU
		{88083BAF-6421-4679-AE91-A56DC85744EE}.Release|Any CPU.Build.0 = Release|Any CPU
		{88083BAF-6421-4679-AE91-A56DC85744EE}.Release|x64.ActiveCfg = Release|Any CPU
		{88083BAF-6421-4679-AE91-A56DC85744EE}.Release|x64.Build.0 = Release|Any CPU
		{88083BAF-6421-4679-AE91-A56DC85744EE}.Release|x86.ActiveCfg = Release|Any CPU
		{88083BAF-6421-4679-AE91-A56DC85744EE}.Release|x86.Build.0 = Release|Any CPU
		{84DB2CB6-2AD5-4CF3-AE06-DA8C948CCAAA}.Debug|Any CPU.ActiveCfg = Debug|Any CPU
		{84DB2CB6-2AD5-4CF3-AE06-DA8C948CCAAA}.Debug|Any CPU.Build.0 = Debug|Any CPU
		{84DB2CB6-2AD5-4CF3-AE06-DA8C948CCAAA}.Debug|x64.ActiveCfg = Debug|Any CPU
		{84DB2CB6-2AD5-4CF3-AE06-DA8C948CCAAA}.Debug|x64.Build.0 = Debug|Any CPU
		{84DB2CB6-2AD5-4CF3-AE06-DA8C948CCAAA}.Debug|x86.ActiveCfg = Debug|Any CPU
		{84DB2CB6-2AD5-4CF3-AE06-DA8C948CCAAA}.Debug|x86.Build.0 = Debug|Any CPU
		{84DB2CB6-2AD5-4CF3-AE06-DA8C948CCAAA}.Release|Any CPU.ActiveCfg = Release|Any CPU
		{84DB2CB6-2AD5-4CF3-AE06-DA8C948CCAAA}.Release|Any CPU.Build.0 = Release|Any CPU
		{84DB2CB6-2AD5-4CF3-AE06-DA8C948CCAAA}.Release|x64.ActiveCfg = Release|Any CPU
		{84DB2CB6-2AD5-4CF3-AE06-DA8C948CCAAA}.Release|x64.Build.0 = Release|Any CPU
		{84DB2CB6-2AD5-4CF3-AE06-DA8C948CCAAA}.Release|x86.ActiveCfg = Release|Any CPU
		{84DB2CB6-2AD5-4CF3-AE06-DA8C948CCAAA}.Release|x86.Build.0 = Release|Any CPU
		{F8D3D9BE-27F7-4CB4-97DA-BB9949DCEDA7}.Debug|Any CPU.ActiveCfg = Debug|Any CPU
		{F8D3D9BE-27F7-4CB4-97DA-BB9949DCEDA7}.Debug|Any CPU.Build.0 = Debug|Any CPU
		{F8D3D9BE-27F7-4CB4-97DA-BB9949DCEDA7}.Debug|x64.ActiveCfg = Debug|Any CPU
		{F8D3D9BE-27F7-4CB4-97DA-BB9949DCEDA7}.Debug|x64.Build.0 = Debug|Any CPU
		{F8D3D9BE-27F7-4CB4-97DA-BB9949DCEDA7}.Debug|x86.ActiveCfg = Debug|Any CPU
		{F8D3D9BE-27F7-4CB4-97DA-BB9949DCEDA7}.Debug|x86.Build.0 = Debug|Any CPU
		{F8D3D9BE-27F7-4CB4-97DA-BB9949DCEDA7}.Release|Any CPU.ActiveCfg = Release|Any CPU
		{F8D3D9BE-27F7-4CB4-97DA-BB9949DCEDA7}.Release|Any CPU.Build.0 = Release|Any CPU
		{F8D3D9BE-27F7-4CB4-97DA-BB9949DCEDA7}.Release|x64.ActiveCfg = Release|Any CPU
		{F8D3D9BE-27F7-4CB4-97DA-BB9949DCEDA7}.Release|x64.Build.0 = Release|Any CPU
		{F8D3D9BE-27F7-4CB4-97DA-BB9949DCEDA7}.Release|x86.ActiveCfg = Release|Any CPU
		{F8D3D9BE-27F7-4CB4-97DA-BB9949DCEDA7}.Release|x86.Build.0 = Release|Any CPU
		{5EB06AE2-390C-407D-A417-2BC20BAB1340}.Debug|Any CPU.ActiveCfg = Debug|Any CPU
		{5EB06AE2-390C-407D-A417-2BC20BAB1340}.Debug|Any CPU.Build.0 = Debug|Any CPU
		{5EB06AE2-390C-407D-A417-2BC20BAB1340}.Debug|x64.ActiveCfg = Debug|Any CPU
		{5EB06AE2-390C-407D-A417-2BC20BAB1340}.Debug|x64.Build.0 = Debug|Any CPU
		{5EB06AE2-390C-407D-A417-2BC20BAB1340}.Debug|x86.ActiveCfg = Debug|Any CPU
		{5EB06AE2-390C-407D-A417-2BC20BAB1340}.Debug|x86.Build.0 = Debug|Any CPU
		{5EB06AE2-390C-407D-A417-2BC20BAB1340}.Release|Any CPU.ActiveCfg = Release|Any CPU
		{5EB06AE2-390C-407D-A417-2BC20BAB1340}.Release|Any CPU.Build.0 = Release|Any CPU
		{5EB06AE2-390C-407D-A417-2BC20BAB1340}.Release|x64.ActiveCfg = Release|Any CPU
		{5EB06AE2-390C-407D-A417-2BC20BAB1340}.Release|x64.Build.0 = Release|Any CPU
		{5EB06AE2-390C-407D-A417-2BC20BAB1340}.Release|x86.ActiveCfg = Release|Any CPU
		{5EB06AE2-390C-407D-A417-2BC20BAB1340}.Release|x86.Build.0 = Release|Any CPU
		{84C328D9-6317-46FE-9FFB-B93228D5E092}.Debug|Any CPU.ActiveCfg = Debug|Any CPU
		{84C328D9-6317-46FE-9FFB-B93228D5E092}.Debug|Any CPU.Build.0 = Debug|Any CPU
		{84C328D9-6317-46FE-9FFB-B93228D5E092}.Debug|x64.ActiveCfg = Debug|Any CPU
		{84C328D9-6317-46FE-9FFB-B93228D5E092}.Debug|x64.Build.0 = Debug|Any CPU
		{84C328D9-6317-46FE-9FFB-B93228D5E092}.Debug|x86.ActiveCfg = Debug|Any CPU
		{84C328D9-6317-46FE-9FFB-B93228D5E092}.Debug|x86.Build.0 = Debug|Any CPU
		{84C328D9-6317-46FE-9FFB-B93228D5E092}.Release|Any CPU.ActiveCfg = Release|Any CPU
		{84C328D9-6317-46FE-9FFB-B93228D5E092}.Release|Any CPU.Build.0 = Release|Any CPU
		{84C328D9-6317-46FE-9FFB-B93228D5E092}.Release|x64.ActiveCfg = Release|Any CPU
		{84C328D9-6317-46FE-9FFB-B93228D5E092}.Release|x64.Build.0 = Release|Any CPU
		{84C328D9-6317-46FE-9FFB-B93228D5E092}.Release|x86.ActiveCfg = Release|Any CPU
		{84C328D9-6317-46FE-9FFB-B93228D5E092}.Release|x86.Build.0 = Release|Any CPU
		{368F44C2-F641-47E0-A1F3-3756CB01D30A}.Debug|Any CPU.ActiveCfg = Debug|Any CPU
		{368F44C2-F641-47E0-A1F3-3756CB01D30A}.Debug|Any CPU.Build.0 = Debug|Any CPU
		{368F44C2-F641-47E0-A1F3-3756CB01D30A}.Debug|x64.ActiveCfg = Debug|Any CPU
		{368F44C2-F641-47E0-A1F3-3756CB01D30A}.Debug|x64.Build.0 = Debug|Any CPU
		{368F44C2-F641-47E0-A1F3-3756CB01D30A}.Debug|x86.ActiveCfg = Debug|Any CPU
		{368F44C2-F641-47E0-A1F3-3756CB01D30A}.Debug|x86.Build.0 = Debug|Any CPU
		{368F44C2-F641-47E0-A1F3-3756CB01D30A}.Release|Any CPU.ActiveCfg = Release|Any CPU
		{368F44C2-F641-47E0-A1F3-3756CB01D30A}.Release|Any CPU.Build.0 = Release|Any CPU
		{368F44C2-F641-47E0-A1F3-3756CB01D30A}.Release|x64.ActiveCfg = Release|Any CPU
		{368F44C2-F641-47E0-A1F3-3756CB01D30A}.Release|x64.Build.0 = Release|Any CPU
		{368F44C2-F641-47E0-A1F3-3756CB01D30A}.Release|x86.ActiveCfg = Release|Any CPU
		{368F44C2-F641-47E0-A1F3-3756CB01D30A}.Release|x86.Build.0 = Release|Any CPU
		{31EB1046-1127-439B-BF2D-6FD5EBFF981D}.Debug|Any CPU.ActiveCfg = Debug|Any CPU
		{31EB1046-1127-439B-BF2D-6FD5EBFF981D}.Debug|Any CPU.Build.0 = Debug|Any CPU
		{31EB1046-1127-439B-BF2D-6FD5EBFF981D}.Debug|x64.ActiveCfg = Debug|Any CPU
		{31EB1046-1127-439B-BF2D-6FD5EBFF981D}.Debug|x64.Build.0 = Debug|Any CPU
		{31EB1046-1127-439B-BF2D-6FD5EBFF981D}.Debug|x86.ActiveCfg = Debug|Any CPU
		{31EB1046-1127-439B-BF2D-6FD5EBFF981D}.Debug|x86.Build.0 = Debug|Any CPU
		{31EB1046-1127-439B-BF2D-6FD5EBFF981D}.Release|Any CPU.ActiveCfg = Release|Any CPU
		{31EB1046-1127-439B-BF2D-6FD5EBFF981D}.Release|Any CPU.Build.0 = Release|Any CPU
		{31EB1046-1127-439B-BF2D-6FD5EBFF981D}.Release|x64.ActiveCfg = Release|Any CPU
		{31EB1046-1127-439B-BF2D-6FD5EBFF981D}.Release|x64.Build.0 = Release|Any CPU
		{31EB1046-1127-439B-BF2D-6FD5EBFF981D}.Release|x86.ActiveCfg = Release|Any CPU
		{31EB1046-1127-439B-BF2D-6FD5EBFF981D}.Release|x86.Build.0 = Release|Any CPU
		{8772C958-AE9B-4346-8FC6-0458637914AE}.Debug|Any CPU.ActiveCfg = Debug|Any CPU
		{8772C958-AE9B-4346-8FC6-0458637914AE}.Debug|Any CPU.Build.0 = Debug|Any CPU
		{8772C958-AE9B-4346-8FC6-0458637914AE}.Debug|x64.ActiveCfg = Debug|Any CPU
		{8772C958-AE9B-4346-8FC6-0458637914AE}.Debug|x64.Build.0 = Debug|Any CPU
		{8772C958-AE9B-4346-8FC6-0458637914AE}.Debug|x86.ActiveCfg = Debug|Any CPU
		{8772C958-AE9B-4346-8FC6-0458637914AE}.Debug|x86.Build.0 = Debug|Any CPU
		{8772C958-AE9B-4346-8FC6-0458637914AE}.Release|Any CPU.ActiveCfg = Release|Any CPU
		{8772C958-AE9B-4346-8FC6-0458637914AE}.Release|Any CPU.Build.0 = Release|Any CPU
		{8772C958-AE9B-4346-8FC6-0458637914AE}.Release|x64.ActiveCfg = Release|Any CPU
		{8772C958-AE9B-4346-8FC6-0458637914AE}.Release|x64.Build.0 = Release|Any CPU
		{8772C958-AE9B-4346-8FC6-0458637914AE}.Release|x86.ActiveCfg = Release|Any CPU
		{8772C958-AE9B-4346-8FC6-0458637914AE}.Release|x86.Build.0 = Release|Any CPU
		{1EDF483C-0044-4036-BC03-EB345A4CC209}.Debug|Any CPU.ActiveCfg = Debug|Any CPU
		{1EDF483C-0044-4036-BC03-EB345A4CC209}.Debug|Any CPU.Build.0 = Debug|Any CPU
		{1EDF483C-0044-4036-BC03-EB345A4CC209}.Debug|x64.ActiveCfg = Debug|Any CPU
		{1EDF483C-0044-4036-BC03-EB345A4CC209}.Debug|x64.Build.0 = Debug|Any CPU
		{1EDF483C-0044-4036-BC03-EB345A4CC209}.Debug|x86.ActiveCfg = Debug|Any CPU
		{1EDF483C-0044-4036-BC03-EB345A4CC209}.Debug|x86.Build.0 = Debug|Any CPU
		{1EDF483C-0044-4036-BC03-EB345A4CC209}.Release|Any CPU.ActiveCfg = Release|Any CPU
		{1EDF483C-0044-4036-BC03-EB345A4CC209}.Release|Any CPU.Build.0 = Release|Any CPU
		{1EDF483C-0044-4036-BC03-EB345A4CC209}.Release|x64.ActiveCfg = Release|Any CPU
		{1EDF483C-0044-4036-BC03-EB345A4CC209}.Release|x64.Build.0 = Release|Any CPU
		{1EDF483C-0044-4036-BC03-EB345A4CC209}.Release|x86.ActiveCfg = Release|Any CPU
		{1EDF483C-0044-4036-BC03-EB345A4CC209}.Release|x86.Build.0 = Release|Any CPU
		{C344EAC7-6170-462E-AD87-F479010035C1}.Debug|Any CPU.ActiveCfg = Debug|Any CPU
		{C344EAC7-6170-462E-AD87-F479010035C1}.Debug|Any CPU.Build.0 = Debug|Any CPU
		{C344EAC7-6170-462E-AD87-F479010035C1}.Debug|x64.ActiveCfg = Debug|Any CPU
		{C344EAC7-6170-462E-AD87-F479010035C1}.Debug|x64.Build.0 = Debug|Any CPU
		{C344EAC7-6170-462E-AD87-F479010035C1}.Debug|x86.ActiveCfg = Debug|Any CPU
		{C344EAC7-6170-462E-AD87-F479010035C1}.Debug|x86.Build.0 = Debug|Any CPU
		{C344EAC7-6170-462E-AD87-F479010035C1}.Release|Any CPU.ActiveCfg = Release|Any CPU
		{C344EAC7-6170-462E-AD87-F479010035C1}.Release|Any CPU.Build.0 = Release|Any CPU
		{C344EAC7-6170-462E-AD87-F479010035C1}.Release|x64.ActiveCfg = Release|Any CPU
		{C344EAC7-6170-462E-AD87-F479010035C1}.Release|x64.Build.0 = Release|Any CPU
		{C344EAC7-6170-462E-AD87-F479010035C1}.Release|x86.ActiveCfg = Release|Any CPU
		{C344EAC7-6170-462E-AD87-F479010035C1}.Release|x86.Build.0 = Release|Any CPU
		{4D8EA0EE-F5EC-426B-A0A6-A1263124F164}.Debug|Any CPU.ActiveCfg = Debug|Any CPU
		{4D8EA0EE-F5EC-426B-A0A6-A1263124F164}.Debug|Any CPU.Build.0 = Debug|Any CPU
		{4D8EA0EE-F5EC-426B-A0A6-A1263124F164}.Debug|x64.ActiveCfg = Debug|Any CPU
		{4D8EA0EE-F5EC-426B-A0A6-A1263124F164}.Debug|x64.Build.0 = Debug|Any CPU
		{4D8EA0EE-F5EC-426B-A0A6-A1263124F164}.Debug|x86.ActiveCfg = Debug|Any CPU
		{4D8EA0EE-F5EC-426B-A0A6-A1263124F164}.Debug|x86.Build.0 = Debug|Any CPU
		{4D8EA0EE-F5EC-426B-A0A6-A1263124F164}.Release|Any CPU.ActiveCfg = Release|Any CPU
		{4D8EA0EE-F5EC-426B-A0A6-A1263124F164}.Release|Any CPU.Build.0 = Release|Any CPU
		{4D8EA0EE-F5EC-426B-A0A6-A1263124F164}.Release|x64.ActiveCfg = Release|Any CPU
		{4D8EA0EE-F5EC-426B-A0A6-A1263124F164}.Release|x64.Build.0 = Release|Any CPU
		{4D8EA0EE-F5EC-426B-A0A6-A1263124F164}.Release|x86.ActiveCfg = Release|Any CPU
		{4D8EA0EE-F5EC-426B-A0A6-A1263124F164}.Release|x86.Build.0 = Release|Any CPU
		{D0748F93-C589-48A3-A2B6-E8D74F59979E}.Debug|Any CPU.ActiveCfg = Debug|Any CPU
		{D0748F93-C589-48A3-A2B6-E8D74F59979E}.Debug|Any CPU.Build.0 = Debug|Any CPU
		{D0748F93-C589-48A3-A2B6-E8D74F59979E}.Debug|x64.ActiveCfg = Debug|Any CPU
		{D0748F93-C589-48A3-A2B6-E8D74F59979E}.Debug|x64.Build.0 = Debug|Any CPU
		{D0748F93-C589-48A3-A2B6-E8D74F59979E}.Debug|x86.ActiveCfg = Debug|Any CPU
		{D0748F93-C589-48A3-A2B6-E8D74F59979E}.Debug|x86.Build.0 = Debug|Any CPU
		{D0748F93-C589-48A3-A2B6-E8D74F59979E}.Release|Any CPU.ActiveCfg = Release|Any CPU
		{D0748F93-C589-48A3-A2B6-E8D74F59979E}.Release|Any CPU.Build.0 = Release|Any CPU
		{D0748F93-C589-48A3-A2B6-E8D74F59979E}.Release|x64.ActiveCfg = Release|Any CPU
		{D0748F93-C589-48A3-A2B6-E8D74F59979E}.Release|x64.Build.0 = Release|Any CPU
		{D0748F93-C589-48A3-A2B6-E8D74F59979E}.Release|x86.ActiveCfg = Release|Any CPU
		{D0748F93-C589-48A3-A2B6-E8D74F59979E}.Release|x86.Build.0 = Release|Any CPU
		{8998E9E3-1613-429C-9E86-B257721CD195}.Debug|Any CPU.ActiveCfg = Debug|Any CPU
		{8998E9E3-1613-429C-9E86-B257721CD195}.Debug|Any CPU.Build.0 = Debug|Any CPU
		{8998E9E3-1613-429C-9E86-B257721CD195}.Debug|x64.ActiveCfg = Debug|Any CPU
		{8998E9E3-1613-429C-9E86-B257721CD195}.Debug|x64.Build.0 = Debug|Any CPU
		{8998E9E3-1613-429C-9E86-B257721CD195}.Debug|x86.ActiveCfg = Debug|Any CPU
		{8998E9E3-1613-429C-9E86-B257721CD195}.Debug|x86.Build.0 = Debug|Any CPU
		{8998E9E3-1613-429C-9E86-B257721CD195}.Release|Any CPU.ActiveCfg = Release|Any CPU
		{8998E9E3-1613-429C-9E86-B257721CD195}.Release|Any CPU.Build.0 = Release|Any CPU
		{8998E9E3-1613-429C-9E86-B257721CD195}.Release|x64.ActiveCfg = Release|Any CPU
		{8998E9E3-1613-429C-9E86-B257721CD195}.Release|x64.Build.0 = Release|Any CPU
		{8998E9E3-1613-429C-9E86-B257721CD195}.Release|x86.ActiveCfg = Release|Any CPU
		{8998E9E3-1613-429C-9E86-B257721CD195}.Release|x86.Build.0 = Release|Any CPU
		{9C4151F1-3CB4-468C-B105-DC08465D87B1}.Debug|Any CPU.ActiveCfg = Debug|Any CPU
		{9C4151F1-3CB4-468C-B105-DC08465D87B1}.Debug|Any CPU.Build.0 = Debug|Any CPU
		{9C4151F1-3CB4-468C-B105-DC08465D87B1}.Debug|x64.ActiveCfg = Debug|Any CPU
		{9C4151F1-3CB4-468C-B105-DC08465D87B1}.Debug|x64.Build.0 = Debug|Any CPU
		{9C4151F1-3CB4-468C-B105-DC08465D87B1}.Debug|x86.ActiveCfg = Debug|Any CPU
		{9C4151F1-3CB4-468C-B105-DC08465D87B1}.Debug|x86.Build.0 = Debug|Any CPU
		{9C4151F1-3CB4-468C-B105-DC08465D87B1}.Release|Any CPU.ActiveCfg = Release|Any CPU
		{9C4151F1-3CB4-468C-B105-DC08465D87B1}.Release|Any CPU.Build.0 = Release|Any CPU
		{9C4151F1-3CB4-468C-B105-DC08465D87B1}.Release|x64.ActiveCfg = Release|Any CPU
		{9C4151F1-3CB4-468C-B105-DC08465D87B1}.Release|x64.Build.0 = Release|Any CPU
		{9C4151F1-3CB4-468C-B105-DC08465D87B1}.Release|x86.ActiveCfg = Release|Any CPU
		{9C4151F1-3CB4-468C-B105-DC08465D87B1}.Release|x86.Build.0 = Release|Any CPU
		{E9754E07-A51F-45CD-893B-9A06D10ED3C2}.Debug|Any CPU.ActiveCfg = Debug|Any CPU
		{E9754E07-A51F-45CD-893B-9A06D10ED3C2}.Debug|Any CPU.Build.0 = Debug|Any CPU
		{E9754E07-A51F-45CD-893B-9A06D10ED3C2}.Debug|x64.ActiveCfg = Debug|Any CPU
		{E9754E07-A51F-45CD-893B-9A06D10ED3C2}.Debug|x64.Build.0 = Debug|Any CPU
		{E9754E07-A51F-45CD-893B-9A06D10ED3C2}.Debug|x86.ActiveCfg = Debug|Any CPU
		{E9754E07-A51F-45CD-893B-9A06D10ED3C2}.Debug|x86.Build.0 = Debug|Any CPU
		{E9754E07-A51F-45CD-893B-9A06D10ED3C2}.Release|Any CPU.ActiveCfg = Release|Any CPU
		{E9754E07-A51F-45CD-893B-9A06D10ED3C2}.Release|Any CPU.Build.0 = Release|Any CPU
		{E9754E07-A51F-45CD-893B-9A06D10ED3C2}.Release|x64.ActiveCfg = Release|Any CPU
		{E9754E07-A51F-45CD-893B-9A06D10ED3C2}.Release|x64.Build.0 = Release|Any CPU
		{E9754E07-A51F-45CD-893B-9A06D10ED3C2}.Release|x86.ActiveCfg = Release|Any CPU
		{E9754E07-A51F-45CD-893B-9A06D10ED3C2}.Release|x86.Build.0 = Release|Any CPU
		{F999AC4E-2DDA-4F23-9A29-1E541566823A}.Debug|Any CPU.ActiveCfg = Debug|Any CPU
		{F999AC4E-2DDA-4F23-9A29-1E541566823A}.Debug|Any CPU.Build.0 = Debug|Any CPU
		{F999AC4E-2DDA-4F23-9A29-1E541566823A}.Debug|x64.ActiveCfg = Debug|Any CPU
		{F999AC4E-2DDA-4F23-9A29-1E541566823A}.Debug|x64.Build.0 = Debug|Any CPU
		{F999AC4E-2DDA-4F23-9A29-1E541566823A}.Debug|x86.ActiveCfg = Debug|Any CPU
		{F999AC4E-2DDA-4F23-9A29-1E541566823A}.Debug|x86.Build.0 = Debug|Any CPU
		{F999AC4E-2DDA-4F23-9A29-1E541566823A}.Release|Any CPU.ActiveCfg = Release|Any CPU
		{F999AC4E-2DDA-4F23-9A29-1E541566823A}.Release|Any CPU.Build.0 = Release|Any CPU
		{F999AC4E-2DDA-4F23-9A29-1E541566823A}.Release|x64.ActiveCfg = Release|Any CPU
		{F999AC4E-2DDA-4F23-9A29-1E541566823A}.Release|x64.Build.0 = Release|Any CPU
		{F999AC4E-2DDA-4F23-9A29-1E541566823A}.Release|x86.ActiveCfg = Release|Any CPU
		{F999AC4E-2DDA-4F23-9A29-1E541566823A}.Release|x86.Build.0 = Release|Any CPU
		{1CBF1ABB-B44D-4CC6-B638-C5870724D761}.Debug|Any CPU.ActiveCfg = Debug|Any CPU
		{1CBF1ABB-B44D-4CC6-B638-C5870724D761}.Debug|Any CPU.Build.0 = Debug|Any CPU
		{1CBF1ABB-B44D-4CC6-B638-C5870724D761}.Debug|x64.ActiveCfg = Debug|Any CPU
		{1CBF1ABB-B44D-4CC6-B638-C5870724D761}.Debug|x64.Build.0 = Debug|Any CPU
		{1CBF1ABB-B44D-4CC6-B638-C5870724D761}.Debug|x86.ActiveCfg = Debug|Any CPU
		{1CBF1ABB-B44D-4CC6-B638-C5870724D761}.Debug|x86.Build.0 = Debug|Any CPU
		{1CBF1ABB-B44D-4CC6-B638-C5870724D761}.Release|Any CPU.ActiveCfg = Release|Any CPU
		{1CBF1ABB-B44D-4CC6-B638-C5870724D761}.Release|Any CPU.Build.0 = Release|Any CPU
		{1CBF1ABB-B44D-4CC6-B638-C5870724D761}.Release|x64.ActiveCfg = Release|Any CPU
		{1CBF1ABB-B44D-4CC6-B638-C5870724D761}.Release|x64.Build.0 = Release|Any CPU
		{1CBF1ABB-B44D-4CC6-B638-C5870724D761}.Release|x86.ActiveCfg = Release|Any CPU
		{1CBF1ABB-B44D-4CC6-B638-C5870724D761}.Release|x86.Build.0 = Release|Any CPU
	EndGlobalSection
	GlobalSection(SolutionProperties) = preSolution
		HideSolutionNode = FALSE
	EndGlobalSection
EndGlobal
