
Microsoft Visual Studio Solution File, Format Version 12.00
# Visual Studio Version 17
VisualStudioVersion = 17.5.002.0
MinimumVisualStudioVersion = 10.0.40219.1
Project("{9A19103F-16F7-4668-BE54-9A1E7A4F7556}") = "Nethereum.Mud.Contracts", "Nethereum.Mud.Contracts.csproj", "{3E57A4D7-5025-42DA-A7DB-DD6EA23F93DC}"
EndProject
Global
	GlobalSection(SolutionConfigurationPlatforms) = preSolution
		Debug|Any CPU = Debug|Any CPU
		Release|Any CPU = Release|Any CPU
	EndGlobalSection
	GlobalSection(ProjectConfigurationPlatforms) = postSolution
		{3E57A4D7-5025-42DA-A7DB-DD6EA23F93DC}.Debug|Any CPU.ActiveCfg = Debug|Any CPU
		{3E57A4D7-5025-42DA-A7DB-DD6EA23F93DC}.Debug|Any CPU.Build.0 = Debug|Any CPU
		{3E57A4D7-5025-42DA-A7DB-DD6EA23F93DC}.Release|Any CPU.ActiveCfg = Release|Any CPU
		{3E57A4D7-5025-42DA-A7DB-DD6EA23F93DC}.Release|Any CPU.Build.0 = Release|Any CPU
	EndGlobalSection
	GlobalSection(SolutionProperties) = preSolution
		HideSolutionNode = FALSE
	EndGlobalSection
	GlobalSection(ExtensibilityGlobals) = postSolution
		SolutionGuid = {443FAB0E-189F-470F-98B5-7E843FB4491A}
	EndGlobalSection
EndGlobal
