
Microsoft Visual Studio Solution File, Format Version 12.00
# Visual Studio 15
VisualStudioVersion = 15.0.26228.4
MinimumVisualStudioVersion = 10.0.40219.1
Project("{FAE04EC0-301F-11D3-BF4B-00C04F79EFBC}") = "Nethereum.Tutorials", "Nethereum.Tutorials\Nethereum.Tutorials.csproj", "{CD9A88FC-1BFE-4B6C-A052-D66A47293EAC}"
EndProject
Project("{9A19103F-16F7-4668-BE54-9A1E7A4F7556}") = "Nethereum.Tutorials.Core", "Nethereum.Tutorials.Core\Nethereum.Tutorials.Core.csproj", "{167CA342-4628-4CA4-BC44-947D321A05BB}"
EndProject
Project("{FAE04EC0-301F-11D3-BF4B-00C04F79EFBC}") = "Nethereum.Tutorials.Account", "Nethereum.Tutorials.Account\Nethereum.Tutorials.Account.csproj", "{A38E4B3D-B2AF-4F85-9844-F8CA47EC9AAD}"
EndProject
Global
	GlobalSection(SolutionConfigurationPlatforms) = preSolution
		Debug|Any CPU = Debug|Any CPU
		Release|Any CPU = Release|Any CPU
	EndGlobalSection
	GlobalSection(ProjectConfigurationPlatforms) = postSolution
		{CD9A88FC-1BFE-4B6C-A052-D66A47293EAC}.Debug|Any CPU.ActiveCfg = Debug|Any CPU
		{CD9A88FC-1BFE-4B6C-A052-D66A47293EAC}.Debug|Any CPU.Build.0 = Debug|Any CPU
		{CD9A88FC-1BFE-4B6C-A052-D66A47293EAC}.Release|Any CPU.ActiveCfg = Release|Any CPU
		{CD9A88FC-1BFE-4B6C-A052-D66A47293EAC}.Release|Any CPU.Build.0 = Release|Any CPU
		{167CA342-4628-4CA4-BC44-947D321A05BB}.Debug|Any CPU.ActiveCfg = Debug|Any CPU
		{167CA342-4628-4CA4-BC44-947D321A05BB}.Debug|Any CPU.Build.0 = Debug|Any CPU
		{167CA342-4628-4CA4-BC44-947D321A05BB}.Release|Any CPU.ActiveCfg = Release|Any CPU
		{167CA342-4628-4CA4-BC44-947D321A05BB}.Release|Any CPU.Build.0 = Release|Any CPU
		{A38E4B3D-B2AF-4F85-9844-F8CA47EC9AAD}.Debug|Any CPU.ActiveCfg = Debug|Any CPU
		{A38E4B3D-B2AF-4F85-9844-F8CA47EC9AAD}.Debug|Any CPU.Build.0 = Debug|Any CPU
		{A38E4B3D-B2AF-4F85-9844-F8CA47EC9AAD}.Release|Any CPU.ActiveCfg = Release|Any CPU
		{A38E4B3D-B2AF-4F85-9844-F8CA47EC9AAD}.Release|Any CPU.Build.0 = Release|Any CPU
	EndGlobalSection
	GlobalSection(SolutionProperties) = preSolution
		HideSolutionNode = FALSE
	EndGlobalSection
EndGlobal
