{
  "name": "nethereum-codegen",
  "version": "2.0.5",
  "lockfileVersion": 3,
  "requires": true,
  "packages": {
    "": {
      "name": "nethereum-codegen",
      "version": "2.0.5",
      "license": "MIT",
      "dependencies": {
        "fs-extra": "^5.0.0"
      },
      "devDependencies": {
        "@types/fs-extra": "^5.0.1",
        "@types/node": "^9.6.2"
      }
    },
    "node_modules/@types/fs-extra": {
      "version": "5.1.0",
      "dev": true,
      "license": "MIT",
      "dependencies": {
        "@types/node": "*"
      }
    },
    "node_modules/@types/node": {
      "version": "9.6.61",
      "dev": true,
      "license": "MIT"
    },
    "node_modules/fs-extra": {
      "version": "5.0.0",
      "license": "MIT",
      "dependencies": {
        "graceful-fs": "^4.1.2",
        "jsonfile": "^4.0.0",
        "universalify": "^0.1.0"
      }
    },
    "node_modules/graceful-fs": {
      "version": "4.1.11",
      "license": "ISC",
      "engines": {
        "node": ">=0.4.0"
      }
    },
    "node_modules/jsonfile": {
      "version": "4.0.0",
      "license": "MIT",
      "optionalDependencies": {
        "graceful-fs": "^4.1.6"
      }
    },
    "node_modules/universalify": {
      "version": "0.1.1",
      "license": "MIT"
    }
  }
}
